// !$*UTF8*$!
{
	archiveVersion = 1;
	classes = {
	};
	objectVersion = 46;
	objects = {

/* Begin PBXBuildFile section */
		A1028AAF1AF920D900315DE5 /* tchAttInputV.m in Sources */ = {isa = PBXBuildFile; fileRef = A1028AAE1AF920D900315DE5 /* tchAttInputV.m */; };
		A1028AB21AF94A6800315DE5 /* AttendanceRecord+tchAttExt.m in Sources */ = {isa = PBXBuildFile; fileRef = A1028AB11AF94A6800315DE5 /* AttendanceRecord+tchAttExt.m */; };
		A106AF931AE80449001323E5 /* tchClassTableDS.m in Sources */ = {isa = PBXBuildFile; fileRef = A106AF921AE80449001323E5 /* tchClassTableDS.m */; };
		A1113EDA1B0A4E300095CD14 /* tchStudentsTableView.m in Sources */ = {isa = PBXBuildFile; fileRef = A1113ED91B0A4E2F0095CD14 /* tchStudentsTableView.m */; };
		A1113EDD1B0A59C30095CD14 /* tchStudentsTableDataSource.m in Sources */ = {isa = PBXBuildFile; fileRef = A1113EDC1B0A59C30095CD14 /* tchStudentsTableDataSource.m */; };
		A1113EE01B0A59FC0095CD14 /* tchStudentsTableDelegate.m in Sources */ = {isa = PBXBuildFile; fileRef = A1113EDF1B0A59FC0095CD14 /* tchStudentsTableDelegate.m */; };
		A1113EE41B0A6A160095CD14 /* tchAStudentCell.m in Sources */ = {isa = PBXBuildFile; fileRef = A1113EE31B0A6A160095CD14 /* tchAStudentCell.m */; };
		A1113EE71B0A74760095CD14 /* tchColumnsCollection.m in Sources */ = {isa = PBXBuildFile; fileRef = A1113EE61B0A74760095CD14 /* tchColumnsCollection.m */; };
		A1113EEB1B0A7F1F0095CD14 /* tchGradesColumnsDS.m in Sources */ = {isa = PBXBuildFile; fileRef = A1113EEA1B0A7F1F0095CD14 /* tchGradesColumnsDS.m */; };
		A1113EEE1B0A876F0095CD14 /* tchColumnCollectionDataSource.m in Sources */ = {isa = PBXBuildFile; fileRef = A1113EED1B0A876F0095CD14 /* tchColumnCollectionDataSource.m */; };
		A1113EF21B0A93A90095CD14 /* tchInputView.m in Sources */ = {isa = PBXBuildFile; fileRef = A1113EF11B0A93A90095CD14 /* tchInputView.m */; };
		A1113EF51B0AB2890095CD14 /* tchAttendanceColumnsDS.m in Sources */ = {isa = PBXBuildFile; fileRef = A1113EF41B0AB2890095CD14 /* tchAttendanceColumnsDS.m */; };
		A14CBABE1AF27A2F009F140E /* AClass+tchAClassExt.m in Sources */ = {isa = PBXBuildFile; fileRef = A14CBABD1AF27A2F009F140E /* AClass+tchAClassExt.m */; };
		A14CBAC81AF41074009F140E /* tchAttendanceColumnVC.m in Sources */ = {isa = PBXBuildFile; fileRef = A14CBAC71AF41074009F140E /* tchAttendanceColumnVC.m */; };
		A14CBACD1AF41679009F140E /* Student+tchStudentsExt.m in Sources */ = {isa = PBXBuildFile; fileRef = A14CBACC1AF41679009F140E /* Student+tchStudentsExt.m */; };
		A14E13021AE5470700A1CB95 /* main.m in Sources */ = {isa = PBXBuildFile; fileRef = A14E13011AE5470700A1CB95 /* main.m */; };
		A14E13051AE5470700A1CB95 /* AppDelegate.m in Sources */ = {isa = PBXBuildFile; fileRef = A14E13041AE5470700A1CB95 /* AppDelegate.m */; };
		A14E130B1AE5470700A1CB95 /* MasterViewController.m in Sources */ = {isa = PBXBuildFile; fileRef = A14E130A1AE5470700A1CB95 /* MasterViewController.m */; };
		A14E130E1AE5470700A1CB95 /* DetailViewController.m in Sources */ = {isa = PBXBuildFile; fileRef = A14E130D1AE5470700A1CB95 /* DetailViewController.m */; };
		A14E13111AE5470700A1CB95 /* Main.storyboard in Resources */ = {isa = PBXBuildFile; fileRef = A14E130F1AE5470700A1CB95 /* Main.storyboard */; };
		A14E13131AE5470700A1CB95 /* Images.xcassets in Resources */ = {isa = PBXBuildFile; fileRef = A14E13121AE5470700A1CB95 /* Images.xcassets */; };
		A14E13161AE5470700A1CB95 /* LaunchScreen.xib in Resources */ = {isa = PBXBuildFile; fileRef = A14E13141AE5470700A1CB95 /* LaunchScreen.xib */; };
		A14E13221AE5470700A1CB95 /* Teechers_AppTests.m in Sources */ = {isa = PBXBuildFile; fileRef = A14E13211AE5470700A1CB95 /* Teechers_AppTests.m */; };
		A14E132E1AE554AD00A1CB95 /* tchMainMenuVC.m in Sources */ = {isa = PBXBuildFile; fileRef = A14E132D1AE554AD00A1CB95 /* tchMainMenuVC.m */; };
		A14E13361AE5609400A1CB95 /* ClassesData.xcdatamodeld in Sources */ = {isa = PBXBuildFile; fileRef = A14E13341AE5609400A1CB95 /* ClassesData.xcdatamodeld */; };
		A14E133D1AE5A4F000A1CB95 /* tchImport1VC.m in Sources */ = {isa = PBXBuildFile; fileRef = A14E133C1AE5A4F000A1CB95 /* tchImport1VC.m */; };
		A15D3C871AE87CC6004A6DF1 /* tchClassTabBarVC.m in Sources */ = {isa = PBXBuildFile; fileRef = A15D3C861AE87CC6004A6DF1 /* tchClassTabBarVC.m */; };
		A15D3C8A1AE961C7004A6DF1 /* tchOneClassTVC.m in Sources */ = {isa = PBXBuildFile; fileRef = A15D3C891AE961C7004A6DF1 /* tchOneClassTVC.m */; };
		A15D3C8E1AE96EEB004A6DF1 /* tchStudentsVC.m in Sources */ = {isa = PBXBuildFile; fileRef = A15D3C8D1AE96EEB004A6DF1 /* tchStudentsVC.m */; };
		A15D3C911AE9799D004A6DF1 /* tchStudentsTableDS.m in Sources */ = {isa = PBXBuildFile; fileRef = A15D3C901AE9799D004A6DF1 /* tchStudentsTableDS.m */; };
		A15D3C941AE98659004A6DF1 /* tchStudentDeployableTVC.m in Sources */ = {isa = PBXBuildFile; fileRef = A15D3C931AE98659004A6DF1 /* tchStudentDeployableTVC.m */; };
		A15D3C971AE9B7DC004A6DF1 /* tchStudentsHeader.m in Sources */ = {isa = PBXBuildFile; fileRef = A15D3C961AE9B7DC004A6DF1 /* tchStudentsHeader.m */; };
		A1A876CB1B0B7E20001C4D52 /* tchAttDayBandColDel.m in Sources */ = {isa = PBXBuildFile; fileRef = A1A876C61B0B7E20001C4D52 /* tchAttDayBandColDel.m */; };
		A1A876CC1B0B7E20001C4D52 /* tchAttDayBandColDS.m in Sources */ = {isa = PBXBuildFile; fileRef = A1A876C81B0B7E20001C4D52 /* tchAttDayBandColDS.m */; };
		A1A876CD1B0B7E20001C4D52 /* tchAttendanceMenu.m in Sources */ = {isa = PBXBuildFile; fileRef = A1A876CA1B0B7E20001C4D52 /* tchAttendanceMenu.m */; };
		A1A876D01B0B8323001C4D52 /* tchEditDayVC.m in Sources */ = {isa = PBXBuildFile; fileRef = A1A876CF1B0B8323001C4D52 /* tchEditDayVC.m */; };
		A1A876D71B0B8398001C4D52 /* tchAttDayCVC.m in Sources */ = {isa = PBXBuildFile; fileRef = A1A876D21B0B8398001C4D52 /* tchAttDayCVC.m */; };
		A1A876D81B0B8398001C4D52 /* tchAttendanceHeader.m in Sources */ = {isa = PBXBuildFile; fileRef = A1A876D41B0B8398001C4D52 /* tchAttendanceHeader.m */; };
		A1A876D91B0B8398001C4D52 /* tchAttHeadDaysColDS.m in Sources */ = {isa = PBXBuildFile; fileRef = A1A876D61B0B8398001C4D52 /* tchAttHeadDaysColDS.m */; };
		A1A876DE1B0B83DE001C4D52 /* tchDatePickerField.m in Sources */ = {isa = PBXBuildFile; fileRef = A1A876DB1B0B83DE001C4D52 /* tchDatePickerField.m */; };
		A1A876DF1B0B83DE001C4D52 /* tchStoreCoordinator.m in Sources */ = {isa = PBXBuildFile; fileRef = A1A876DD1B0B83DE001C4D52 /* tchStoreCoordinator.m */; };
		A1A876E31B0B8645001C4D52 /* tchHeaderView.m in Sources */ = {isa = PBXBuildFile; fileRef = A1A876E21B0B8645001C4D52 /* tchHeaderView.m */; };
		A1A876E61B0B8EF7001C4D52 /* tchGradesHeader.m in Sources */ = {isa = PBXBuildFile; fileRef = A1A876E51B0B8EF7001C4D52 /* tchGradesHeader.m */; };
		A1A876E91B0BB154001C4D52 /* tchHeaderColumnCollection.m in Sources */ = {isa = PBXBuildFile; fileRef = A1A876E81B0BB154001C4D52 /* tchHeaderColumnCollection.m */; };
		A1A876EC1B0BB42B001C4D52 /* tchGradesHeaderDataSource.m in Sources */ = {isa = PBXBuildFile; fileRef = A1A876EB1B0BB42B001C4D52 /* tchGradesHeaderDataSource.m */; };
		A1A876EF1B0BB6B1001C4D52 /* tchHeaderColumnCollDataSource.m in Sources */ = {isa = PBXBuildFile; fileRef = A1A876EE1B0BB6B1001C4D52 /* tchHeaderColumnCollDataSource.m */; };
		A1A876F21B0BBBA5001C4D52 /* tchAttHeader.m in Sources */ = {isa = PBXBuildFile; fileRef = A1A876F11B0BBBA5001C4D52 /* tchAttHeader.m */; };
		A1A876F51B0BBDA6001C4D52 /* tchAttHeaderDataSource.m in Sources */ = {isa = PBXBuildFile; fileRef = A1A876F41B0BBDA6001C4D52 /* tchAttHeaderDataSource.m */; };
		A1AA54671AEA7E7900318744 /* tchAttendanceVC.m in Sources */ = {isa = PBXBuildFile; fileRef = A1AA54661AEA7E7900318744 /* tchAttendanceVC.m */; };
		A1B713831AFAD13600A8B094 /* tchCollectionIndexed.m in Sources */ = {isa = PBXBuildFile; fileRef = A1B713821AFAD13600A8B094 /* tchCollectionIndexed.m */; };
		A1BDCC141AE6AA08000B0328 /* tchImport2VC.m in Sources */ = {isa = PBXBuildFile; fileRef = A1BDCC131AE6AA08000B0328 /* tchImport2VC.m */; };
		A1BDCC171AE7161D000B0328 /* tchImportConfVC.m in Sources */ = {isa = PBXBuildFile; fileRef = A1BDCC161AE7161D000B0328 /* tchImportConfVC.m */; };
		A1BDCC1A1AE716BF000B0328 /* tchClassImporter.m in Sources */ = {isa = PBXBuildFile; fileRef = A1BDCC191AE716BF000B0328 /* tchClassImporter.m */; };
		A1BDCC351AE71F0B000B0328 /* AttendanceRecord.m in Sources */ = {isa = PBXBuildFile; fileRef = A1BDCC341AE71F0B000B0328 /* AttendanceRecord.m */; };
		A1BDCC381AE71F10000B0328 /* GradeRecord.m in Sources */ = {isa = PBXBuildFile; fileRef = A1BDCC371AE71F10000B0328 /* GradeRecord.m */; };
		A1BDCC3B1AE71F10000B0328 /* Student.m in Sources */ = {isa = PBXBuildFile; fileRef = A1BDCC3A1AE71F10000B0328 /* Student.m */; };
		A1BDCC3E1AE71F10000B0328 /* StudentSummary.m in Sources */ = {isa = PBXBuildFile; fileRef = A1BDCC3D1AE71F10000B0328 /* StudentSummary.m */; };
		A1BDCC411AE71F10000B0328 /* StudentPicture.m in Sources */ = {isa = PBXBuildFile; fileRef = A1BDCC401AE71F10000B0328 /* StudentPicture.m */; };
		A1BDCC441AE71F11000B0328 /* AClass.m in Sources */ = {isa = PBXBuildFile; fileRef = A1BDCC431AE71F11000B0328 /* AClass.m */; };
		A1BDCC471AE71F11000B0328 /* ClassDay.m in Sources */ = {isa = PBXBuildFile; fileRef = A1BDCC461AE71F11000B0328 /* ClassDay.m */; };
		A1BDCC4A1AE71F12000B0328 /* Evaluation.m in Sources */ = {isa = PBXBuildFile; fileRef = A1BDCC491AE71F12000B0328 /* Evaluation.m */; };
		A1D1A58F1B0A2E0E009245EB /* UIColor+appColorPresets.m in Sources */ = {isa = PBXBuildFile; fileRef = A1D1A58E1B0A2E0E009245EB /* UIColor+appColorPresets.m */; };
		A1D1A5931B0A3831009245EB /* tchGradesVC.m in Sources */ = {isa = PBXBuildFile; fileRef = A1D1A5921B0A3831009245EB /* tchGradesVC.m */; };
/* End PBXBuildFile section */

/* Begin PBXContainerItemProxy section */
		A14E131C1AE5470700A1CB95 /* PBXContainerItemProxy */ = {
			isa = PBXContainerItemProxy;
			containerPortal = A14E12F41AE5470600A1CB95 /* Project object */;
			proxyType = 1;
			remoteGlobalIDString = A14E12FB1AE5470700A1CB95;
			remoteInfo = "Teechers App";
		};
/* End PBXContainerItemProxy section */

/* Begin PBXFileReference section */
		A1028AAD1AF920D900315DE5 /* tchAttInputV.h */ = {isa = PBXFileReference; fileEncoding = 4; lastKnownFileType = sourcecode.c.h; name = tchAttInputV.h; path = Attendance/tchAttInputV.h; sourceTree = "<group>"; };
		A1028AAE1AF920D900315DE5 /* tchAttInputV.m */ = {isa = PBXFileReference; fileEncoding = 4; lastKnownFileType = sourcecode.c.objc; name = tchAttInputV.m; path = Attendance/tchAttInputV.m; sourceTree = "<group>"; };
		A1028AB01AF94A6800315DE5 /* AttendanceRecord+tchAttExt.h */ = {isa = PBXFileReference; fileEncoding = 4; lastKnownFileType = sourcecode.c.h; name = "AttendanceRecord+tchAttExt.h"; path = "Data/AttendanceRecord+tchAttExt.h"; sourceTree = "<group>"; };
		A1028AB11AF94A6800315DE5 /* AttendanceRecord+tchAttExt.m */ = {isa = PBXFileReference; fileEncoding = 4; lastKnownFileType = sourcecode.c.objc; name = "AttendanceRecord+tchAttExt.m"; path = "Data/AttendanceRecord+tchAttExt.m"; sourceTree = "<group>"; };
		A106AF911AE80449001323E5 /* tchClassTableDS.h */ = {isa = PBXFileReference; fileEncoding = 4; lastKnownFileType = sourcecode.c.h; name = tchClassTableDS.h; path = MainMenu/tchClassTableDS.h; sourceTree = "<group>"; };
		A106AF921AE80449001323E5 /* tchClassTableDS.m */ = {isa = PBXFileReference; fileEncoding = 4; lastKnownFileType = sourcecode.c.objc; name = tchClassTableDS.m; path = MainMenu/tchClassTableDS.m; sourceTree = "<group>"; };
		A1113ED81B0A4E2F0095CD14 /* tchStudentsTableView.h */ = {isa = PBXFileReference; fileEncoding = 4; lastKnownFileType = sourcecode.c.h; name = tchStudentsTableView.h; path = "Students Table/tchStudentsTableView.h"; sourceTree = "<group>"; };
		A1113ED91B0A4E2F0095CD14 /* tchStudentsTableView.m */ = {isa = PBXFileReference; fileEncoding = 4; lastKnownFileType = sourcecode.c.objc; name = tchStudentsTableView.m; path = "Students Table/tchStudentsTableView.m"; sourceTree = "<group>"; };
		A1113EDB1B0A59C30095CD14 /* tchStudentsTableDataSource.h */ = {isa = PBXFileReference; fileEncoding = 4; lastKnownFileType = sourcecode.c.h; name = tchStudentsTableDataSource.h; path = "Students Table/tchStudentsTableDataSource.h"; sourceTree = "<group>"; };
		A1113EDC1B0A59C30095CD14 /* tchStudentsTableDataSource.m */ = {isa = PBXFileReference; fileEncoding = 4; lastKnownFileType = sourcecode.c.objc; name = tchStudentsTableDataSource.m; path = "Students Table/tchStudentsTableDataSource.m"; sourceTree = "<group>"; };
		A1113EDE1B0A59FC0095CD14 /* tchStudentsTableDelegate.h */ = {isa = PBXFileReference; fileEncoding = 4; lastKnownFileType = sourcecode.c.h; name = tchStudentsTableDelegate.h; path = "Students Table/tchStudentsTableDelegate.h"; sourceTree = "<group>"; };
		A1113EDF1B0A59FC0095CD14 /* tchStudentsTableDelegate.m */ = {isa = PBXFileReference; fileEncoding = 4; lastKnownFileType = sourcecode.c.objc; name = tchStudentsTableDelegate.m; path = "Students Table/tchStudentsTableDelegate.m"; sourceTree = "<group>"; };
		A1113EE21B0A6A160095CD14 /* tchAStudentCell.h */ = {isa = PBXFileReference; fileEncoding = 4; lastKnownFileType = sourcecode.c.h; name = tchAStudentCell.h; path = "Students Table/Student Cell/tchAStudentCell.h"; sourceTree = "<group>"; };
		A1113EE31B0A6A160095CD14 /* tchAStudentCell.m */ = {isa = PBXFileReference; fileEncoding = 4; lastKnownFileType = sourcecode.c.objc; name = tchAStudentCell.m; path = "Students Table/Student Cell/tchAStudentCell.m"; sourceTree = "<group>"; };
		A1113EE51B0A74760095CD14 /* tchColumnsCollection.h */ = {isa = PBXFileReference; fileEncoding = 4; lastKnownFileType = sourcecode.c.h; name = tchColumnsCollection.h; path = "Students Table/Columns Collection/tchColumnsCollection.h"; sourceTree = "<group>"; };
		A1113EE61B0A74760095CD14 /* tchColumnsCollection.m */ = {isa = PBXFileReference; fileEncoding = 4; lastKnownFileType = sourcecode.c.objc; name = tchColumnsCollection.m; path = "Students Table/Columns Collection/tchColumnsCollection.m"; sourceTree = "<group>"; };
		A1113EE91B0A7F1F0095CD14 /* tchGradesColumnsDS.h */ = {isa = PBXFileReference; fileEncoding = 4; lastKnownFileType = sourcecode.c.h; name = tchGradesColumnsDS.h; path = Grades/tchGradesColumnsDS.h; sourceTree = "<group>"; };
		A1113EEA1B0A7F1F0095CD14 /* tchGradesColumnsDS.m */ = {isa = PBXFileReference; fileEncoding = 4; lastKnownFileType = sourcecode.c.objc; name = tchGradesColumnsDS.m; path = Grades/tchGradesColumnsDS.m; sourceTree = "<group>"; };
		A1113EEC1B0A876E0095CD14 /* tchColumnCollectionDataSource.h */ = {isa = PBXFileReference; fileEncoding = 4; lastKnownFileType = sourcecode.c.h; name = tchColumnCollectionDataSource.h; path = "Students Table/Columns Collection/tchColumnCollectionDataSource.h"; sourceTree = "<group>"; };
		A1113EED1B0A876F0095CD14 /* tchColumnCollectionDataSource.m */ = {isa = PBXFileReference; fileEncoding = 4; lastKnownFileType = sourcecode.c.objc; name = tchColumnCollectionDataSource.m; path = "Students Table/Columns Collection/tchColumnCollectionDataSource.m"; sourceTree = "<group>"; };
		A1113EF01B0A93A90095CD14 /* tchInputView.h */ = {isa = PBXFileReference; fileEncoding = 4; lastKnownFileType = sourcecode.c.h; name = tchInputView.h; path = "Students Table/Input Collection/tchInputView.h"; sourceTree = "<group>"; };
		A1113EF11B0A93A90095CD14 /* tchInputView.m */ = {isa = PBXFileReference; fileEncoding = 4; lastKnownFileType = sourcecode.c.objc; name = tchInputView.m; path = "Students Table/Input Collection/tchInputView.m"; sourceTree = "<group>"; };
		A1113EF31B0AB2890095CD14 /* tchAttendanceColumnsDS.h */ = {isa = PBXFileReference; fileEncoding = 4; lastKnownFileType = sourcecode.c.h; name = tchAttendanceColumnsDS.h; path = Attendance/tchAttendanceColumnsDS.h; sourceTree = "<group>"; };
		A1113EF41B0AB2890095CD14 /* tchAttendanceColumnsDS.m */ = {isa = PBXFileReference; fileEncoding = 4; lastKnownFileType = sourcecode.c.objc; name = tchAttendanceColumnsDS.m; path = Attendance/tchAttendanceColumnsDS.m; sourceTree = "<group>"; };
		A14CBABC1AF27A2F009F140E /* AClass+tchAClassExt.h */ = {isa = PBXFileReference; fileEncoding = 4; lastKnownFileType = sourcecode.c.h; name = "AClass+tchAClassExt.h"; path = "Data/AClass+tchAClassExt.h"; sourceTree = "<group>"; };
		A14CBABD1AF27A2F009F140E /* AClass+tchAClassExt.m */ = {isa = PBXFileReference; fileEncoding = 4; lastKnownFileType = sourcecode.c.objc; name = "AClass+tchAClassExt.m"; path = "Data/AClass+tchAClassExt.m"; sourceTree = "<group>"; };
		A14CBAC61AF41074009F140E /* tchAttendanceColumnVC.h */ = {isa = PBXFileReference; fileEncoding = 4; lastKnownFileType = sourcecode.c.h; name = tchAttendanceColumnVC.h; path = Attendance/tchAttendanceColumnVC.h; sourceTree = "<group>"; };
		A14CBAC71AF41074009F140E /* tchAttendanceColumnVC.m */ = {isa = PBXFileReference; fileEncoding = 4; lastKnownFileType = sourcecode.c.objc; name = tchAttendanceColumnVC.m; path = Attendance/tchAttendanceColumnVC.m; sourceTree = "<group>"; };
		A14CBACB1AF41679009F140E /* Student+tchStudentsExt.h */ = {isa = PBXFileReference; fileEncoding = 4; lastKnownFileType = sourcecode.c.h; name = "Student+tchStudentsExt.h"; path = "Data/Student+tchStudentsExt.h"; sourceTree = "<group>"; };
		A14CBACC1AF41679009F140E /* Student+tchStudentsExt.m */ = {isa = PBXFileReference; fileEncoding = 4; lastKnownFileType = sourcecode.c.objc; name = "Student+tchStudentsExt.m"; path = "Data/Student+tchStudentsExt.m"; sourceTree = "<group>"; };
		A14E12FC1AE5470700A1CB95 /* Teechers App.app */ = {isa = PBXFileReference; explicitFileType = wrapper.application; includeInIndex = 0; path = "Teechers App.app"; sourceTree = BUILT_PRODUCTS_DIR; };
		A14E13001AE5470700A1CB95 /* Info.plist */ = {isa = PBXFileReference; lastKnownFileType = text.plist.xml; path = Info.plist; sourceTree = "<group>"; };
		A14E13011AE5470700A1CB95 /* main.m */ = {isa = PBXFileReference; lastKnownFileType = sourcecode.c.objc; path = main.m; sourceTree = "<group>"; };
		A14E13031AE5470700A1CB95 /* AppDelegate.h */ = {isa = PBXFileReference; lastKnownFileType = sourcecode.c.h; path = AppDelegate.h; sourceTree = "<group>"; };
		A14E13041AE5470700A1CB95 /* AppDelegate.m */ = {isa = PBXFileReference; lastKnownFileType = sourcecode.c.objc; path = AppDelegate.m; sourceTree = "<group>"; };
		A14E13091AE5470700A1CB95 /* MasterViewController.h */ = {isa = PBXFileReference; lastKnownFileType = sourcecode.c.h; path = MasterViewController.h; sourceTree = "<group>"; };
		A14E130A1AE5470700A1CB95 /* MasterViewController.m */ = {isa = PBXFileReference; lastKnownFileType = sourcecode.c.objc; path = MasterViewController.m; sourceTree = "<group>"; };
		A14E130C1AE5470700A1CB95 /* DetailViewController.h */ = {isa = PBXFileReference; lastKnownFileType = sourcecode.c.h; path = DetailViewController.h; sourceTree = "<group>"; };
		A14E130D1AE5470700A1CB95 /* DetailViewController.m */ = {isa = PBXFileReference; lastKnownFileType = sourcecode.c.objc; path = DetailViewController.m; sourceTree = "<group>"; };
		A14E13101AE5470700A1CB95 /* Base */ = {isa = PBXFileReference; lastKnownFileType = file.storyboard; name = Base; path = Base.lproj/Main.storyboard; sourceTree = "<group>"; };
		A14E13121AE5470700A1CB95 /* Images.xcassets */ = {isa = PBXFileReference; lastKnownFileType = folder.assetcatalog; path = Images.xcassets; sourceTree = "<group>"; };
		A14E13151AE5470700A1CB95 /* Base */ = {isa = PBXFileReference; lastKnownFileType = file.xib; name = Base; path = Base.lproj/LaunchScreen.xib; sourceTree = "<group>"; };
		A14E131B1AE5470700A1CB95 /* Teechers AppTests.xctest */ = {isa = PBXFileReference; explicitFileType = wrapper.cfbundle; includeInIndex = 0; path = "Teechers AppTests.xctest"; sourceTree = BUILT_PRODUCTS_DIR; };
		A14E13201AE5470700A1CB95 /* Info.plist */ = {isa = PBXFileReference; lastKnownFileType = text.plist.xml; path = Info.plist; sourceTree = "<group>"; };
		A14E13211AE5470700A1CB95 /* Teechers_AppTests.m */ = {isa = PBXFileReference; lastKnownFileType = sourcecode.c.objc; path = Teechers_AppTests.m; sourceTree = "<group>"; };
		A14E132C1AE554AD00A1CB95 /* tchMainMenuVC.h */ = {isa = PBXFileReference; fileEncoding = 4; lastKnownFileType = sourcecode.c.h; name = tchMainMenuVC.h; path = MainMenu/tchMainMenuVC.h; sourceTree = "<group>"; };
		A14E132D1AE554AD00A1CB95 /* tchMainMenuVC.m */ = {isa = PBXFileReference; fileEncoding = 4; lastKnownFileType = sourcecode.c.objc; name = tchMainMenuVC.m; path = MainMenu/tchMainMenuVC.m; sourceTree = "<group>"; };
		A14E13351AE5609400A1CB95 /* ClassesData.xcdatamodel */ = {isa = PBXFileReference; lastKnownFileType = wrapper.xcdatamodel; path = ClassesData.xcdatamodel; sourceTree = "<group>"; };
		A14E133B1AE5A4F000A1CB95 /* tchImport1VC.h */ = {isa = PBXFileReference; fileEncoding = 4; lastKnownFileType = sourcecode.c.h; name = tchImport1VC.h; path = ImportSequence/tchImport1VC.h; sourceTree = "<group>"; };
		A14E133C1AE5A4F000A1CB95 /* tchImport1VC.m */ = {isa = PBXFileReference; fileEncoding = 4; lastKnownFileType = sourcecode.c.objc; name = tchImport1VC.m; path = ImportSequence/tchImport1VC.m; sourceTree = "<group>"; };
		A15D3C851AE87CC6004A6DF1 /* tchClassTabBarVC.h */ = {isa = PBXFileReference; fileEncoding = 4; lastKnownFileType = sourcecode.c.h; name = tchClassTabBarVC.h; path = ClassTabs/tchClassTabBarVC.h; sourceTree = "<group>"; };
		A15D3C861AE87CC6004A6DF1 /* tchClassTabBarVC.m */ = {isa = PBXFileReference; fileEncoding = 4; lastKnownFileType = sourcecode.c.objc; name = tchClassTabBarVC.m; path = ClassTabs/tchClassTabBarVC.m; sourceTree = "<group>"; };
		A15D3C881AE961C7004A6DF1 /* tchOneClassTVC.h */ = {isa = PBXFileReference; fileEncoding = 4; lastKnownFileType = sourcecode.c.h; name = tchOneClassTVC.h; path = MainMenu/tchOneClassTVC.h; sourceTree = "<group>"; };
		A15D3C891AE961C7004A6DF1 /* tchOneClassTVC.m */ = {isa = PBXFileReference; fileEncoding = 4; lastKnownFileType = sourcecode.c.objc; name = tchOneClassTVC.m; path = MainMenu/tchOneClassTVC.m; sourceTree = "<group>"; };
		A15D3C8C1AE96EEB004A6DF1 /* tchStudentsVC.h */ = {isa = PBXFileReference; fileEncoding = 4; lastKnownFileType = sourcecode.c.h; name = tchStudentsVC.h; path = Students/tchStudentsVC.h; sourceTree = "<group>"; };
		A15D3C8D1AE96EEB004A6DF1 /* tchStudentsVC.m */ = {isa = PBXFileReference; fileEncoding = 4; lastKnownFileType = sourcecode.c.objc; name = tchStudentsVC.m; path = Students/tchStudentsVC.m; sourceTree = "<group>"; };
		A15D3C8F1AE9799D004A6DF1 /* tchStudentsTableDS.h */ = {isa = PBXFileReference; fileEncoding = 4; lastKnownFileType = sourcecode.c.h; name = tchStudentsTableDS.h; path = Students/tchStudentsTableDS.h; sourceTree = "<group>"; };
		A15D3C901AE9799D004A6DF1 /* tchStudentsTableDS.m */ = {isa = PBXFileReference; fileEncoding = 4; lastKnownFileType = sourcecode.c.objc; name = tchStudentsTableDS.m; path = Students/tchStudentsTableDS.m; sourceTree = "<group>"; };
		A15D3C921AE98659004A6DF1 /* tchStudentDeployableTVC.h */ = {isa = PBXFileReference; fileEncoding = 4; lastKnownFileType = sourcecode.c.h; name = tchStudentDeployableTVC.h; path = Students/tchStudentDeployableTVC.h; sourceTree = "<group>"; };
		A15D3C931AE98659004A6DF1 /* tchStudentDeployableTVC.m */ = {isa = PBXFileReference; fileEncoding = 4; lastKnownFileType = sourcecode.c.objc; name = tchStudentDeployableTVC.m; path = Students/tchStudentDeployableTVC.m; sourceTree = "<group>"; };
		A15D3C951AE9B7DC004A6DF1 /* tchStudentsHeader.h */ = {isa = PBXFileReference; fileEncoding = 4; lastKnownFileType = sourcecode.c.h; name = tchStudentsHeader.h; path = Students/tchStudentsHeader.h; sourceTree = "<group>"; };
		A15D3C961AE9B7DC004A6DF1 /* tchStudentsHeader.m */ = {isa = PBXFileReference; fileEncoding = 4; lastKnownFileType = sourcecode.c.objc; name = tchStudentsHeader.m; path = Students/tchStudentsHeader.m; sourceTree = "<group>"; };
		A1A876C51B0B7E20001C4D52 /* tchAttDayBandColDel.h */ = {isa = PBXFileReference; fileEncoding = 4; lastKnownFileType = sourcecode.c.h; name = tchAttDayBandColDel.h; path = Attendance/Menu/tchAttDayBandColDel.h; sourceTree = "<group>"; };
		A1A876C61B0B7E20001C4D52 /* tchAttDayBandColDel.m */ = {isa = PBXFileReference; fileEncoding = 4; lastKnownFileType = sourcecode.c.objc; name = tchAttDayBandColDel.m; path = Attendance/Menu/tchAttDayBandColDel.m; sourceTree = "<group>"; };
		A1A876C71B0B7E20001C4D52 /* tchAttDayBandColDS.h */ = {isa = PBXFileReference; fileEncoding = 4; lastKnownFileType = sourcecode.c.h; name = tchAttDayBandColDS.h; path = Attendance/Menu/tchAttDayBandColDS.h; sourceTree = "<group>"; };
		A1A876C81B0B7E20001C4D52 /* tchAttDayBandColDS.m */ = {isa = PBXFileReference; fileEncoding = 4; lastKnownFileType = sourcecode.c.objc; name = tchAttDayBandColDS.m; path = Attendance/Menu/tchAttDayBandColDS.m; sourceTree = "<group>"; };
		A1A876C91B0B7E20001C4D52 /* tchAttendanceMenu.h */ = {isa = PBXFileReference; fileEncoding = 4; lastKnownFileType = sourcecode.c.h; name = tchAttendanceMenu.h; path = Attendance/Menu/tchAttendanceMenu.h; sourceTree = "<group>"; };
		A1A876CA1B0B7E20001C4D52 /* tchAttendanceMenu.m */ = {isa = PBXFileReference; fileEncoding = 4; lastKnownFileType = sourcecode.c.objc; name = tchAttendanceMenu.m; path = Attendance/Menu/tchAttendanceMenu.m; sourceTree = "<group>"; };
		A1A876CE1B0B8322001C4D52 /* tchEditDayVC.h */ = {isa = PBXFileReference; fileEncoding = 4; lastKnownFileType = sourcecode.c.h; name = tchEditDayVC.h; path = "Attendance/Menu/Edit Day/tchEditDayVC.h"; sourceTree = "<group>"; };
		A1A876CF1B0B8323001C4D52 /* tchEditDayVC.m */ = {isa = PBXFileReference; fileEncoding = 4; lastKnownFileType = sourcecode.c.objc; name = tchEditDayVC.m; path = "Attendance/Menu/Edit Day/tchEditDayVC.m"; sourceTree = "<group>"; };
		A1A876D11B0B8398001C4D52 /* tchAttDayCVC.h */ = {isa = PBXFileReference; fileEncoding = 4; lastKnownFileType = sourcecode.c.h; name = tchAttDayCVC.h; path = Attendance/Header/tchAttDayCVC.h; sourceTree = "<group>"; };
		A1A876D21B0B8398001C4D52 /* tchAttDayCVC.m */ = {isa = PBXFileReference; fileEncoding = 4; lastKnownFileType = sourcecode.c.objc; name = tchAttDayCVC.m; path = Attendance/Header/tchAttDayCVC.m; sourceTree = "<group>"; };
		A1A876D31B0B8398001C4D52 /* tchAttendanceHeader.h */ = {isa = PBXFileReference; fileEncoding = 4; lastKnownFileType = sourcecode.c.h; name = tchAttendanceHeader.h; path = Attendance/Header/tchAttendanceHeader.h; sourceTree = "<group>"; };
		A1A876D41B0B8398001C4D52 /* tchAttendanceHeader.m */ = {isa = PBXFileReference; fileEncoding = 4; lastKnownFileType = sourcecode.c.objc; name = tchAttendanceHeader.m; path = Attendance/Header/tchAttendanceHeader.m; sourceTree = "<group>"; };
		A1A876D51B0B8398001C4D52 /* tchAttHeadDaysColDS.h */ = {isa = PBXFileReference; fileEncoding = 4; lastKnownFileType = sourcecode.c.h; name = tchAttHeadDaysColDS.h; path = Attendance/Header/tchAttHeadDaysColDS.h; sourceTree = "<group>"; };
		A1A876D61B0B8398001C4D52 /* tchAttHeadDaysColDS.m */ = {isa = PBXFileReference; fileEncoding = 4; lastKnownFileType = sourcecode.c.objc; name = tchAttHeadDaysColDS.m; path = Attendance/Header/tchAttHeadDaysColDS.m; sourceTree = "<group>"; };
		A1A876DA1B0B83DE001C4D52 /* tchDatePickerField.h */ = {isa = PBXFileReference; fileEncoding = 4; lastKnownFileType = sourcecode.c.h; name = tchDatePickerField.h; path = "Custom Controls/tchDatePickerField.h"; sourceTree = "<group>"; };
		A1A876DB1B0B83DE001C4D52 /* tchDatePickerField.m */ = {isa = PBXFileReference; fileEncoding = 4; lastKnownFileType = sourcecode.c.objc; name = tchDatePickerField.m; path = "Custom Controls/tchDatePickerField.m"; sourceTree = "<group>"; };
		A1A876DC1B0B83DE001C4D52 /* tchStoreCoordinator.h */ = {isa = PBXFileReference; fileEncoding = 4; lastKnownFileType = sourcecode.c.h; name = tchStoreCoordinator.h; path = "Custom Controls/tchStoreCoordinator.h"; sourceTree = "<group>"; };
		A1A876DD1B0B83DE001C4D52 /* tchStoreCoordinator.m */ = {isa = PBXFileReference; fileEncoding = 4; lastKnownFileType = sourcecode.c.objc; name = tchStoreCoordinator.m; path = "Custom Controls/tchStoreCoordinator.m"; sourceTree = "<group>"; };
		A1A876E11B0B8645001C4D52 /* tchHeaderView.h */ = {isa = PBXFileReference; fileEncoding = 4; lastKnownFileType = sourcecode.c.h; name = tchHeaderView.h; path = Header/tchHeaderView.h; sourceTree = "<group>"; };
		A1A876E21B0B8645001C4D52 /* tchHeaderView.m */ = {isa = PBXFileReference; fileEncoding = 4; lastKnownFileType = sourcecode.c.objc; name = tchHeaderView.m; path = Header/tchHeaderView.m; sourceTree = "<group>"; };
		A1A876E41B0B8EF7001C4D52 /* tchGradesHeader.h */ = {isa = PBXFileReference; fileEncoding = 4; lastKnownFileType = sourcecode.c.h; name = tchGradesHeader.h; path = Grades/tchGradesHeader.h; sourceTree = "<group>"; };
		A1A876E51B0B8EF7001C4D52 /* tchGradesHeader.m */ = {isa = PBXFileReference; fileEncoding = 4; lastKnownFileType = sourcecode.c.objc; name = tchGradesHeader.m; path = Grades/tchGradesHeader.m; sourceTree = "<group>"; };
		A1A876E71B0BB154001C4D52 /* tchHeaderColumnCollection.h */ = {isa = PBXFileReference; fileEncoding = 4; lastKnownFileType = sourcecode.c.h; name = tchHeaderColumnCollection.h; path = Header/tchHeaderColumnCollection.h; sourceTree = "<group>"; };
		A1A876E81B0BB154001C4D52 /* tchHeaderColumnCollection.m */ = {isa = PBXFileReference; fileEncoding = 4; lastKnownFileType = sourcecode.c.objc; name = tchHeaderColumnCollection.m; path = Header/tchHeaderColumnCollection.m; sourceTree = "<group>"; };
		A1A876EA1B0BB42B001C4D52 /* tchGradesHeaderDataSource.h */ = {isa = PBXFileReference; fileEncoding = 4; lastKnownFileType = sourcecode.c.h; name = tchGradesHeaderDataSource.h; path = Grades/tchGradesHeaderDataSource.h; sourceTree = "<group>"; };
		A1A876EB1B0BB42B001C4D52 /* tchGradesHeaderDataSource.m */ = {isa = PBXFileReference; fileEncoding = 4; lastKnownFileType = sourcecode.c.objc; name = tchGradesHeaderDataSource.m; path = Grades/tchGradesHeaderDataSource.m; sourceTree = "<group>"; };
		A1A876ED1B0BB6B1001C4D52 /* tchHeaderColumnCollDataSource.h */ = {isa = PBXFileReference; fileEncoding = 4; lastKnownFileType = sourcecode.c.h; name = tchHeaderColumnCollDataSource.h; path = Header/tchHeaderColumnCollDataSource.h; sourceTree = "<group>"; };
		A1A876EE1B0BB6B1001C4D52 /* tchHeaderColumnCollDataSource.m */ = {isa = PBXFileReference; fileEncoding = 4; lastKnownFileType = sourcecode.c.objc; name = tchHeaderColumnCollDataSource.m; path = Header/tchHeaderColumnCollDataSource.m; sourceTree = "<group>"; };
		A1A876F01B0BBBA5001C4D52 /* tchAttHeader.h */ = {isa = PBXFileReference; fileEncoding = 4; lastKnownFileType = sourcecode.c.h; name = tchAttHeader.h; path = Attendance/tchAttHeader.h; sourceTree = "<group>"; };
		A1A876F11B0BBBA5001C4D52 /* tchAttHeader.m */ = {isa = PBXFileReference; fileEncoding = 4; lastKnownFileType = sourcecode.c.objc; name = tchAttHeader.m; path = Attendance/tchAttHeader.m; sourceTree = "<group>"; };
		A1A876F31B0BBDA6001C4D52 /* tchAttHeaderDataSource.h */ = {isa = PBXFileReference; fileEncoding = 4; lastKnownFileType = sourcecode.c.h; name = tchAttHeaderDataSource.h; path = Attendance/tchAttHeaderDataSource.h; sourceTree = "<group>"; };
		A1A876F41B0BBDA6001C4D52 /* tchAttHeaderDataSource.m */ = {isa = PBXFileReference; fileEncoding = 4; lastKnownFileType = sourcecode.c.objc; name = tchAttHeaderDataSource.m; path = Attendance/tchAttHeaderDataSource.m; sourceTree = "<group>"; };
		A1AA54651AEA7E7900318744 /* tchAttendanceVC.h */ = {isa = PBXFileReference; fileEncoding = 4; lastKnownFileType = sourcecode.c.h; name = tchAttendanceVC.h; path = Attendance/tchAttendanceVC.h; sourceTree = "<group>"; };
		A1AA54661AEA7E7900318744 /* tchAttendanceVC.m */ = {isa = PBXFileReference; fileEncoding = 4; lastKnownFileType = sourcecode.c.objc; name = tchAttendanceVC.m; path = Attendance/tchAttendanceVC.m; sourceTree = "<group>"; };
		A1B713811AFAD13600A8B094 /* tchCollectionIndexed.h */ = {isa = PBXFileReference; fileEncoding = 4; lastKnownFileType = sourcecode.c.h; name = tchCollectionIndexed.h; path = "Custom Controls/tchCollectionIndexed.h"; sourceTree = "<group>"; };
		A1B713821AFAD13600A8B094 /* tchCollectionIndexed.m */ = {isa = PBXFileReference; fileEncoding = 4; lastKnownFileType = sourcecode.c.objc; name = tchCollectionIndexed.m; path = "Custom Controls/tchCollectionIndexed.m"; sourceTree = "<group>"; };
		A1BDCC121AE6AA08000B0328 /* tchImport2VC.h */ = {isa = PBXFileReference; fileEncoding = 4; lastKnownFileType = sourcecode.c.h; name = tchImport2VC.h; path = ImportSequence/tchImport2VC.h; sourceTree = "<group>"; };
		A1BDCC131AE6AA08000B0328 /* tchImport2VC.m */ = {isa = PBXFileReference; fileEncoding = 4; lastKnownFileType = sourcecode.c.objc; name = tchImport2VC.m; path = ImportSequence/tchImport2VC.m; sourceTree = "<group>"; };
		A1BDCC151AE7161D000B0328 /* tchImportConfVC.h */ = {isa = PBXFileReference; fileEncoding = 4; lastKnownFileType = sourcecode.c.h; name = tchImportConfVC.h; path = ImportSequence/tchImportConfVC.h; sourceTree = "<group>"; };
		A1BDCC161AE7161D000B0328 /* tchImportConfVC.m */ = {isa = PBXFileReference; fileEncoding = 4; lastKnownFileType = sourcecode.c.objc; name = tchImportConfVC.m; path = ImportSequence/tchImportConfVC.m; sourceTree = "<group>"; };
		A1BDCC181AE716BF000B0328 /* tchClassImporter.h */ = {isa = PBXFileReference; fileEncoding = 4; lastKnownFileType = sourcecode.c.h; name = tchClassImporter.h; path = ImportSequence/tchClassImporter.h; sourceTree = "<group>"; };
		A1BDCC191AE716BF000B0328 /* tchClassImporter.m */ = {isa = PBXFileReference; fileEncoding = 4; lastKnownFileType = sourcecode.c.objc; name = tchClassImporter.m; path = ImportSequence/tchClassImporter.m; sourceTree = "<group>"; };
		A1BDCC331AE71F0B000B0328 /* AttendanceRecord.h */ = {isa = PBXFileReference; fileEncoding = 4; lastKnownFileType = sourcecode.c.h; name = AttendanceRecord.h; path = Data/AttendanceRecord.h; sourceTree = "<group>"; };
		A1BDCC341AE71F0B000B0328 /* AttendanceRecord.m */ = {isa = PBXFileReference; fileEncoding = 4; lastKnownFileType = sourcecode.c.objc; name = AttendanceRecord.m; path = Data/AttendanceRecord.m; sourceTree = "<group>"; };
		A1BDCC361AE71F10000B0328 /* GradeRecord.h */ = {isa = PBXFileReference; fileEncoding = 4; lastKnownFileType = sourcecode.c.h; name = GradeRecord.h; path = Data/GradeRecord.h; sourceTree = "<group>"; };
		A1BDCC371AE71F10000B0328 /* GradeRecord.m */ = {isa = PBXFileReference; fileEncoding = 4; lastKnownFileType = sourcecode.c.objc; name = GradeRecord.m; path = Data/GradeRecord.m; sourceTree = "<group>"; };
		A1BDCC391AE71F10000B0328 /* Student.h */ = {isa = PBXFileReference; fileEncoding = 4; lastKnownFileType = sourcecode.c.h; name = Student.h; path = Data/Student.h; sourceTree = "<group>"; };
		A1BDCC3A1AE71F10000B0328 /* Student.m */ = {isa = PBXFileReference; fileEncoding = 4; lastKnownFileType = sourcecode.c.objc; name = Student.m; path = Data/Student.m; sourceTree = "<group>"; };
		A1BDCC3C1AE71F10000B0328 /* StudentSummary.h */ = {isa = PBXFileReference; fileEncoding = 4; lastKnownFileType = sourcecode.c.h; name = StudentSummary.h; path = Data/StudentSummary.h; sourceTree = "<group>"; };
		A1BDCC3D1AE71F10000B0328 /* StudentSummary.m */ = {isa = PBXFileReference; fileEncoding = 4; lastKnownFileType = sourcecode.c.objc; name = StudentSummary.m; path = Data/StudentSummary.m; sourceTree = "<group>"; };
		A1BDCC3F1AE71F10000B0328 /* StudentPicture.h */ = {isa = PBXFileReference; fileEncoding = 4; lastKnownFileType = sourcecode.c.h; name = StudentPicture.h; path = Data/StudentPicture.h; sourceTree = "<group>"; };
		A1BDCC401AE71F10000B0328 /* StudentPicture.m */ = {isa = PBXFileReference; fileEncoding = 4; lastKnownFileType = sourcecode.c.objc; name = StudentPicture.m; path = Data/StudentPicture.m; sourceTree = "<group>"; };
		A1BDCC421AE71F11000B0328 /* AClass.h */ = {isa = PBXFileReference; fileEncoding = 4; lastKnownFileType = sourcecode.c.h; name = AClass.h; path = Data/AClass.h; sourceTree = "<group>"; };
		A1BDCC431AE71F11000B0328 /* AClass.m */ = {isa = PBXFileReference; fileEncoding = 4; lastKnownFileType = sourcecode.c.objc; name = AClass.m; path = Data/AClass.m; sourceTree = "<group>"; };
		A1BDCC451AE71F11000B0328 /* ClassDay.h */ = {isa = PBXFileReference; fileEncoding = 4; lastKnownFileType = sourcecode.c.h; name = ClassDay.h; path = Data/ClassDay.h; sourceTree = "<group>"; };
		A1BDCC461AE71F11000B0328 /* ClassDay.m */ = {isa = PBXFileReference; fileEncoding = 4; lastKnownFileType = sourcecode.c.objc; name = ClassDay.m; path = Data/ClassDay.m; sourceTree = "<group>"; };
		A1BDCC481AE71F11000B0328 /* Evaluation.h */ = {isa = PBXFileReference; fileEncoding = 4; lastKnownFileType = sourcecode.c.h; name = Evaluation.h; path = Data/Evaluation.h; sourceTree = "<group>"; };
		A1BDCC491AE71F12000B0328 /* Evaluation.m */ = {isa = PBXFileReference; fileEncoding = 4; lastKnownFileType = sourcecode.c.objc; name = Evaluation.m; path = Data/Evaluation.m; sourceTree = "<group>"; };
		A1D1A58D1B0A2E0E009245EB /* UIColor+appColorPresets.h */ = {isa = PBXFileReference; fileEncoding = 4; lastKnownFileType = sourcecode.c.h; name = "UIColor+appColorPresets.h"; path = "Custom Controls/UIColor+appColorPresets.h"; sourceTree = "<group>"; };
		A1D1A58E1B0A2E0E009245EB /* UIColor+appColorPresets.m */ = {isa = PBXFileReference; fileEncoding = 4; lastKnownFileType = sourcecode.c.objc; name = "UIColor+appColorPresets.m"; path = "Custom Controls/UIColor+appColorPresets.m"; sourceTree = "<group>"; };
		A1D1A5911B0A3831009245EB /* tchGradesVC.h */ = {isa = PBXFileReference; fileEncoding = 4; lastKnownFileType = sourcecode.c.h; name = tchGradesVC.h; path = Grades/tchGradesVC.h; sourceTree = "<group>"; };
		A1D1A5921B0A3831009245EB /* tchGradesVC.m */ = {isa = PBXFileReference; fileEncoding = 4; lastKnownFileType = sourcecode.c.objc; name = tchGradesVC.m; path = Grades/tchGradesVC.m; sourceTree = "<group>"; };
/* End PBXFileReference section */

/* Begin PBXFrameworksBuildPhase section */
		A14E12F91AE5470700A1CB95 /* Frameworks */ = {
			isa = PBXFrameworksBuildPhase;
			buildActionMask = 2147483647;
			files = (
			);
			runOnlyForDeploymentPostprocessing = 0;
		};
		A14E13181AE5470700A1CB95 /* Frameworks */ = {
			isa = PBXFrameworksBuildPhase;
			buildActionMask = 2147483647;
			files = (
			);
			runOnlyForDeploymentPostprocessing = 0;
		};
/* End PBXFrameworksBuildPhase section */

/* Begin PBXGroup section */
		A1113ED71B0A4DDC0095CD14 /* Students Table */ = {
			isa = PBXGroup;
			children = (
				A1113EE11B0A67FE0095CD14 /* Student Cell */,
				A1113EE81B0A747F0095CD14 /* Columns Collection */,
				A1113EEF1B0A91F00095CD14 /* Input Collection */,
				A1113ED81B0A4E2F0095CD14 /* tchStudentsTableView.h */,
				A1113ED91B0A4E2F0095CD14 /* tchStudentsTableView.m */,
				A1113EDB1B0A59C30095CD14 /* tchStudentsTableDataSource.h */,
				A1113EDC1B0A59C30095CD14 /* tchStudentsTableDataSource.m */,
				A1113EDE1B0A59FC0095CD14 /* tchStudentsTableDelegate.h */,
				A1113EDF1B0A59FC0095CD14 /* tchStudentsTableDelegate.m */,
			);
			name = "Students Table";
			sourceTree = "<group>";
		};
		A1113EE11B0A67FE0095CD14 /* Student Cell */ = {
			isa = PBXGroup;
			children = (
				A1113EE21B0A6A160095CD14 /* tchAStudentCell.h */,
				A1113EE31B0A6A160095CD14 /* tchAStudentCell.m */,
			);
			name = "Student Cell";
			sourceTree = "<group>";
		};
		A1113EE81B0A747F0095CD14 /* Columns Collection */ = {
			isa = PBXGroup;
			children = (
				A1113EE51B0A74760095CD14 /* tchColumnsCollection.h */,
				A1113EE61B0A74760095CD14 /* tchColumnsCollection.m */,
				A1113EEC1B0A876E0095CD14 /* tchColumnCollectionDataSource.h */,
				A1113EED1B0A876F0095CD14 /* tchColumnCollectionDataSource.m */,
			);
			name = "Columns Collection";
			sourceTree = "<group>";
		};
		A1113EEF1B0A91F00095CD14 /* Input Collection */ = {
			isa = PBXGroup;
			children = (
				A1113EF01B0A93A90095CD14 /* tchInputView.h */,
				A1113EF11B0A93A90095CD14 /* tchInputView.m */,
			);
			name = "Input Collection";
			sourceTree = "<group>";
		};
		A14E12F31AE5470600A1CB95 = {
			isa = PBXGroup;
			children = (
				A14E12FE1AE5470700A1CB95 /* Teechers App */,
				A14E131E1AE5470700A1CB95 /* Teechers AppTests */,
				A14E12FD1AE5470700A1CB95 /* Products */,
			);
			sourceTree = "<group>";
		};
		A14E12FD1AE5470700A1CB95 /* Products */ = {
			isa = PBXGroup;
			children = (
				A14E12FC1AE5470700A1CB95 /* Teechers App.app */,
				A14E131B1AE5470700A1CB95 /* Teechers AppTests.xctest */,
			);
			name = Products;
			sourceTree = "<group>";
		};
		A14E12FE1AE5470700A1CB95 /* Teechers App */ = {
			isa = PBXGroup;
			children = (
				A1B713801AFAD10000A8B094 /* Custom Controls */,
				A14E13301AE556C200A1CB95 /* assets_images */,
				A14E13311AE556F100A1CB95 /* data */,
				A14E132B1AE5543900A1CB95 /* MainMenu */,
				A15D3C841AE87C58004A6DF1 /* ClassTabs */,
				A15D3C8B1AE96E1F004A6DF1 /* Students */,
				A1AA54641AEA7E3100318744 /* Attendance */,
				A1D1A5901B0A37EE009245EB /* Grades */,
				A1A876E01B0B8545001C4D52 /* Header */,
				A1113ED71B0A4DDC0095CD14 /* Students Table */,
				A14E133A1AE5A49F00A1CB95 /* ImportSequence */,
				A14E13031AE5470700A1CB95 /* AppDelegate.h */,
				A14E13041AE5470700A1CB95 /* AppDelegate.m */,
				A14E130F1AE5470700A1CB95 /* Main.storyboard */,
				A14E13141AE5470700A1CB95 /* LaunchScreen.xib */,
				A14E132F1AE556B300A1CB95 /* _trash */,
				A14E12FF1AE5470700A1CB95 /* Supporting Files */,
			);
			path = "Teechers App";
			sourceTree = "<group>";
		};
		A14E12FF1AE5470700A1CB95 /* Supporting Files */ = {
			isa = PBXGroup;
			children = (
				A14E13001AE5470700A1CB95 /* Info.plist */,
				A14E13011AE5470700A1CB95 /* main.m */,
			);
			name = "Supporting Files";
			sourceTree = "<group>";
		};
		A14E131E1AE5470700A1CB95 /* Teechers AppTests */ = {
			isa = PBXGroup;
			children = (
				A14E13211AE5470700A1CB95 /* Teechers_AppTests.m */,
				A14E131F1AE5470700A1CB95 /* Supporting Files */,
			);
			path = "Teechers AppTests";
			sourceTree = "<group>";
		};
		A14E131F1AE5470700A1CB95 /* Supporting Files */ = {
			isa = PBXGroup;
			children = (
				A14E13201AE5470700A1CB95 /* Info.plist */,
			);
			name = "Supporting Files";
			sourceTree = "<group>";
		};
		A14E132B1AE5543900A1CB95 /* MainMenu */ = {
			isa = PBXGroup;
			children = (
				A14E132C1AE554AD00A1CB95 /* tchMainMenuVC.h */,
				A14E132D1AE554AD00A1CB95 /* tchMainMenuVC.m */,
				A106AF911AE80449001323E5 /* tchClassTableDS.h */,
				A106AF921AE80449001323E5 /* tchClassTableDS.m */,
				A15D3C881AE961C7004A6DF1 /* tchOneClassTVC.h */,
				A15D3C891AE961C7004A6DF1 /* tchOneClassTVC.m */,
			);
			name = MainMenu;
			sourceTree = "<group>";
		};
		A14E132F1AE556B300A1CB95 /* _trash */ = {
			isa = PBXGroup;
			children = (
				A14E13091AE5470700A1CB95 /* MasterViewController.h */,
				A14E130A1AE5470700A1CB95 /* MasterViewController.m */,
				A14E130C1AE5470700A1CB95 /* DetailViewController.h */,
				A14E130D1AE5470700A1CB95 /* DetailViewController.m */,
			);
			name = _trash;
			sourceTree = "<group>";
		};
		A14E13301AE556C200A1CB95 /* assets_images */ = {
			isa = PBXGroup;
			children = (
				A14E13121AE5470700A1CB95 /* Images.xcassets */,
			);
			name = assets_images;
			sourceTree = "<group>";
		};
		A14E13311AE556F100A1CB95 /* data */ = {
			isa = PBXGroup;
			children = (
				A14E13341AE5609400A1CB95 /* ClassesData.xcdatamodeld */,
				A1BDCC481AE71F11000B0328 /* Evaluation.h */,
				A1BDCC491AE71F12000B0328 /* Evaluation.m */,
				A1BDCC451AE71F11000B0328 /* ClassDay.h */,
				A1BDCC461AE71F11000B0328 /* ClassDay.m */,
				A1BDCC421AE71F11000B0328 /* AClass.h */,
				A1BDCC431AE71F11000B0328 /* AClass.m */,
				A14CBABC1AF27A2F009F140E /* AClass+tchAClassExt.h */,
				A14CBABD1AF27A2F009F140E /* AClass+tchAClassExt.m */,
				A14CBACB1AF41679009F140E /* Student+tchStudentsExt.h */,
				A14CBACC1AF41679009F140E /* Student+tchStudentsExt.m */,
				A1BDCC3F1AE71F10000B0328 /* StudentPicture.h */,
				A1BDCC401AE71F10000B0328 /* StudentPicture.m */,
				A1BDCC3C1AE71F10000B0328 /* StudentSummary.h */,
				A1BDCC3D1AE71F10000B0328 /* StudentSummary.m */,
				A1BDCC391AE71F10000B0328 /* Student.h */,
				A1BDCC3A1AE71F10000B0328 /* Student.m */,
				A1BDCC361AE71F10000B0328 /* GradeRecord.h */,
				A1BDCC371AE71F10000B0328 /* GradeRecord.m */,
				A1BDCC331AE71F0B000B0328 /* AttendanceRecord.h */,
				A1BDCC341AE71F0B000B0328 /* AttendanceRecord.m */,
				A1028AB01AF94A6800315DE5 /* AttendanceRecord+tchAttExt.h */,
				A1028AB11AF94A6800315DE5 /* AttendanceRecord+tchAttExt.m */,
			);
			name = data;
			sourceTree = "<group>";
		};
		A14E133A1AE5A49F00A1CB95 /* ImportSequence */ = {
			isa = PBXGroup;
			children = (
				A1BDCC181AE716BF000B0328 /* tchClassImporter.h */,
				A1BDCC191AE716BF000B0328 /* tchClassImporter.m */,
				A14E133B1AE5A4F000A1CB95 /* tchImport1VC.h */,
				A14E133C1AE5A4F000A1CB95 /* tchImport1VC.m */,
				A1BDCC121AE6AA08000B0328 /* tchImport2VC.h */,
				A1BDCC131AE6AA08000B0328 /* tchImport2VC.m */,
				A1BDCC151AE7161D000B0328 /* tchImportConfVC.h */,
				A1BDCC161AE7161D000B0328 /* tchImportConfVC.m */,
			);
			name = ImportSequence;
			sourceTree = "<group>";
		};
		A15D3C841AE87C58004A6DF1 /* ClassTabs */ = {
			isa = PBXGroup;
			children = (
				A15D3C851AE87CC6004A6DF1 /* tchClassTabBarVC.h */,
				A15D3C861AE87CC6004A6DF1 /* tchClassTabBarVC.m */,
			);
			name = ClassTabs;
			sourceTree = "<group>";
		};
		A15D3C8B1AE96E1F004A6DF1 /* Students */ = {
			isa = PBXGroup;
			children = (
				A15D3C8C1AE96EEB004A6DF1 /* tchStudentsVC.h */,
				A15D3C8D1AE96EEB004A6DF1 /* tchStudentsVC.m */,
				A15D3C8F1AE9799D004A6DF1 /* tchStudentsTableDS.h */,
				A15D3C901AE9799D004A6DF1 /* tchStudentsTableDS.m */,
				A15D3C921AE98659004A6DF1 /* tchStudentDeployableTVC.h */,
				A15D3C931AE98659004A6DF1 /* tchStudentDeployableTVC.m */,
				A15D3C951AE9B7DC004A6DF1 /* tchStudentsHeader.h */,
				A15D3C961AE9B7DC004A6DF1 /* tchStudentsHeader.m */,
			);
			name = Students;
			sourceTree = "<group>";
		};
		A1A876E01B0B8545001C4D52 /* Header */ = {
			isa = PBXGroup;
			children = (
				A1A876E11B0B8645001C4D52 /* tchHeaderView.h */,
				A1A876E21B0B8645001C4D52 /* tchHeaderView.m */,
				A1A876E71B0BB154001C4D52 /* tchHeaderColumnCollection.h */,
				A1A876E81B0BB154001C4D52 /* tchHeaderColumnCollection.m */,
				A1A876ED1B0BB6B1001C4D52 /* tchHeaderColumnCollDataSource.h */,
				A1A876EE1B0BB6B1001C4D52 /* tchHeaderColumnCollDataSource.m */,
			);
			name = Header;
			sourceTree = "<group>";
		};
		A1AA54641AEA7E3100318744 /* Attendance */ = {
			isa = PBXGroup;
			children = (
				A1AA54651AEA7E7900318744 /* tchAttendanceVC.h */,
				A1AA54661AEA7E7900318744 /* tchAttendanceVC.m */,
				A1113EF31B0AB2890095CD14 /* tchAttendanceColumnsDS.h */,
				A1113EF41B0AB2890095CD14 /* tchAttendanceColumnsDS.m */,
				A14CBAC61AF41074009F140E /* tchAttendanceColumnVC.h */,
				A14CBAC71AF41074009F140E /* tchAttendanceColumnVC.m */,
				A1A876F01B0BBBA5001C4D52 /* tchAttHeader.h */,
				A1A876F11B0BBBA5001C4D52 /* tchAttHeader.m */,
				A1A876F31B0BBDA6001C4D52 /* tchAttHeaderDataSource.h */,
				A1A876F41B0BBDA6001C4D52 /* tchAttHeaderDataSource.m */,
				A1028AAD1AF920D900315DE5 /* tchAttInputV.h */,
				A1028AAE1AF920D900315DE5 /* tchAttInputV.m */,
				A1B349AE1AEF0019008B5671 /* Header */,
				A1B349B21AEF01C4008B5671 /* Menu */,
			);
			name = Attendance;
			sourceTree = "<group>";
		};
		A1B349AE1AEF0019008B5671 /* Header */ = {
			isa = PBXGroup;
			children = (
				A1A876D31B0B8398001C4D52 /* tchAttendanceHeader.h */,
				A1A876D41B0B8398001C4D52 /* tchAttendanceHeader.m */,
				A1A876D11B0B8398001C4D52 /* tchAttDayCVC.h */,
				A1A876D21B0B8398001C4D52 /* tchAttDayCVC.m */,
				A1A876D51B0B8398001C4D52 /* tchAttHeadDaysColDS.h */,
				A1A876D61B0B8398001C4D52 /* tchAttHeadDaysColDS.m */,
			);
			name = Header;
			sourceTree = "<group>";
		};
		A1B349B21AEF01C4008B5671 /* Menu */ = {
			isa = PBXGroup;
			children = (
				A1A876C51B0B7E20001C4D52 /* tchAttDayBandColDel.h */,
				A1A876C61B0B7E20001C4D52 /* tchAttDayBandColDel.m */,
				A1A876C71B0B7E20001C4D52 /* tchAttDayBandColDS.h */,
				A1A876C81B0B7E20001C4D52 /* tchAttDayBandColDS.m */,
				A1A876C91B0B7E20001C4D52 /* tchAttendanceMenu.h */,
				A1A876CA1B0B7E20001C4D52 /* tchAttendanceMenu.m */,
				A1B349B61AEFEA0B008B5671 /* Edit Day */,
			);
			name = Menu;
			sourceTree = "<group>";
		};
		A1B349B61AEFEA0B008B5671 /* Edit Day */ = {
			isa = PBXGroup;
			children = (
				A1A876CE1B0B8322001C4D52 /* tchEditDayVC.h */,
				A1A876CF1B0B8323001C4D52 /* tchEditDayVC.m */,
			);
			name = "Edit Day";
			sourceTree = "<group>";
		};
		A1B713801AFAD10000A8B094 /* Custom Controls */ = {
			isa = PBXGroup;
			children = (
				A1D1A58D1B0A2E0E009245EB /* UIColor+appColorPresets.h */,
				A1D1A58E1B0A2E0E009245EB /* UIColor+appColorPresets.m */,
				A1B713811AFAD13600A8B094 /* tchCollectionIndexed.h */,
				A1B713821AFAD13600A8B094 /* tchCollectionIndexed.m */,
				A1A876DA1B0B83DE001C4D52 /* tchDatePickerField.h */,
				A1A876DB1B0B83DE001C4D52 /* tchDatePickerField.m */,
				A1A876DC1B0B83DE001C4D52 /* tchStoreCoordinator.h */,
				A1A876DD1B0B83DE001C4D52 /* tchStoreCoordinator.m */,
			);
			name = "Custom Controls";
			sourceTree = "<group>";
		};
		A1D1A5901B0A37EE009245EB /* Grades */ = {
			isa = PBXGroup;
			children = (
				A1D1A5911B0A3831009245EB /* tchGradesVC.h */,
				A1D1A5921B0A3831009245EB /* tchGradesVC.m */,
				A1113EE91B0A7F1F0095CD14 /* tchGradesColumnsDS.h */,
				A1113EEA1B0A7F1F0095CD14 /* tchGradesColumnsDS.m */,
				A1A876E41B0B8EF7001C4D52 /* tchGradesHeader.h */,
				A1A876E51B0B8EF7001C4D52 /* tchGradesHeader.m */,
				A1A876EA1B0BB42B001C4D52 /* tchGradesHeaderDataSource.h */,
				A1A876EB1B0BB42B001C4D52 /* tchGradesHeaderDataSource.m */,
			);
			name = Grades;
			sourceTree = "<group>";
		};
/* End PBXGroup section */

/* Begin PBXNativeTarget section */
		A14E12FB1AE5470700A1CB95 /* Teechers App */ = {
			isa = PBXNativeTarget;
			buildConfigurationList = A14E13251AE5470700A1CB95 /* Build configuration list for PBXNativeTarget "Teechers App" */;
			buildPhases = (
				A14E12F81AE5470700A1CB95 /* Sources */,
				A14E12F91AE5470700A1CB95 /* Frameworks */,
				A14E12FA1AE5470700A1CB95 /* Resources */,
			);
			buildRules = (
			);
			dependencies = (
			);
			name = "Teechers App";
			productName = "Teechers App";
			productReference = A14E12FC1AE5470700A1CB95 /* Teechers App.app */;
			productType = "com.apple.product-type.application";
		};
		A14E131A1AE5470700A1CB95 /* Teechers AppTests */ = {
			isa = PBXNativeTarget;
			buildConfigurationList = A14E13281AE5470700A1CB95 /* Build configuration list for PBXNativeTarget "Teechers AppTests" */;
			buildPhases = (
				A14E13171AE5470700A1CB95 /* Sources */,
				A14E13181AE5470700A1CB95 /* Frameworks */,
				A14E13191AE5470700A1CB95 /* Resources */,
			);
			buildRules = (
			);
			dependencies = (
				A14E131D1AE5470700A1CB95 /* PBXTargetDependency */,
			);
			name = "Teechers AppTests";
			productName = "Teechers AppTests";
			productReference = A14E131B1AE5470700A1CB95 /* Teechers AppTests.xctest */;
			productType = "com.apple.product-type.bundle.unit-test";
		};
/* End PBXNativeTarget section */

/* Begin PBXProject section */
		A14E12F41AE5470600A1CB95 /* Project object */ = {
			isa = PBXProject;
			attributes = {
				LastUpgradeCheck = 0630;
				ORGANIZATIONNAME = nmr;
				TargetAttributes = {
					A14E12FB1AE5470700A1CB95 = {
						CreatedOnToolsVersion = 6.3;
					};
					A14E131A1AE5470700A1CB95 = {
						CreatedOnToolsVersion = 6.3;
						TestTargetID = A14E12FB1AE5470700A1CB95;
					};
				};
			};
			buildConfigurationList = A14E12F71AE5470700A1CB95 /* Build configuration list for PBXProject "Teechers App" */;
			compatibilityVersion = "Xcode 3.2";
			developmentRegion = English;
			hasScannedForEncodings = 0;
			knownRegions = (
				en,
				Base,
			);
			mainGroup = A14E12F31AE5470600A1CB95;
			productRefGroup = A14E12FD1AE5470700A1CB95 /* Products */;
			projectDirPath = "";
			projectRoot = "";
			targets = (
				A14E12FB1AE5470700A1CB95 /* Teechers App */,
				A14E131A1AE5470700A1CB95 /* Teechers AppTests */,
			);
		};
/* End PBXProject section */

/* Begin PBXResourcesBuildPhase section */
		A14E12FA1AE5470700A1CB95 /* Resources */ = {
			isa = PBXResourcesBuildPhase;
			buildActionMask = 2147483647;
			files = (
				A14E13111AE5470700A1CB95 /* Main.storyboard in Resources */,
				A14E13161AE5470700A1CB95 /* LaunchScreen.xib in Resources */,
				A14E13131AE5470700A1CB95 /* Images.xcassets in Resources */,
			);
			runOnlyForDeploymentPostprocessing = 0;
		};
		A14E13191AE5470700A1CB95 /* Resources */ = {
			isa = PBXResourcesBuildPhase;
			buildActionMask = 2147483647;
			files = (
			);
			runOnlyForDeploymentPostprocessing = 0;
		};
/* End PBXResourcesBuildPhase section */

/* Begin PBXSourcesBuildPhase section */
		A14E12F81AE5470700A1CB95 /* Sources */ = {
			isa = PBXSourcesBuildPhase;
			buildActionMask = 2147483647;
			files = (
				A14CBACD1AF41679009F140E /* Student+tchStudentsExt.m in Sources */,
				A14CBABE1AF27A2F009F140E /* AClass+tchAClassExt.m in Sources */,
				A14E13361AE5609400A1CB95 /* ClassesData.xcdatamodeld in Sources */,
				A14E132E1AE554AD00A1CB95 /* tchMainMenuVC.m in Sources */,
				A1A876D81B0B8398001C4D52 /* tchAttendanceHeader.m in Sources */,
				A15D3C8E1AE96EEB004A6DF1 /* tchStudentsVC.m in Sources */,
				A1BDCC3E1AE71F10000B0328 /* StudentSummary.m in Sources */,
				A15D3C871AE87CC6004A6DF1 /* tchClassTabBarVC.m in Sources */,
				A1BDCC411AE71F10000B0328 /* StudentPicture.m in Sources */,
				A1BDCC3B1AE71F10000B0328 /* Student.m in Sources */,
				A1BDCC471AE71F11000B0328 /* ClassDay.m in Sources */,
				A1A876D91B0B8398001C4D52 /* tchAttHeadDaysColDS.m in Sources */,
				A1A876DF1B0B83DE001C4D52 /* tchStoreCoordinator.m in Sources */,
				A14E130E1AE5470700A1CB95 /* DetailViewController.m in Sources */,
				A14E130B1AE5470700A1CB95 /* MasterViewController.m in Sources */,
				A1A876EC1B0BB42B001C4D52 /* tchGradesHeaderDataSource.m in Sources */,
				A1A876DE1B0B83DE001C4D52 /* tchDatePickerField.m in Sources */,
				A1A876CC1B0B7E20001C4D52 /* tchAttDayBandColDS.m in Sources */,
				A1A876CB1B0B7E20001C4D52 /* tchAttDayBandColDel.m in Sources */,
				A14CBAC81AF41074009F140E /* tchAttendanceColumnVC.m in Sources */,
				A1A876EF1B0BB6B1001C4D52 /* tchHeaderColumnCollDataSource.m in Sources */,
				A1A876D01B0B8323001C4D52 /* tchEditDayVC.m in Sources */,
				A1113EF51B0AB2890095CD14 /* tchAttendanceColumnsDS.m in Sources */,
				A14E13051AE5470700A1CB95 /* AppDelegate.m in Sources */,
				A1A876E91B0BB154001C4D52 /* tchHeaderColumnCollection.m in Sources */,
				A1BDCC351AE71F0B000B0328 /* AttendanceRecord.m in Sources */,
				A1D1A5931B0A3831009245EB /* tchGradesVC.m in Sources */,
				A1113EE41B0A6A160095CD14 /* tchAStudentCell.m in Sources */,
				A1A876E31B0B8645001C4D52 /* tchHeaderView.m in Sources */,
				A1113EDA1B0A4E300095CD14 /* tchStudentsTableView.m in Sources */,
				A1BDCC171AE7161D000B0328 /* tchImportConfVC.m in Sources */,
				A1BDCC441AE71F11000B0328 /* AClass.m in Sources */,
				A1BDCC1A1AE716BF000B0328 /* tchClassImporter.m in Sources */,
				A1028AB21AF94A6800315DE5 /* AttendanceRecord+tchAttExt.m in Sources */,
				A1A876F21B0BBBA5001C4D52 /* tchAttHeader.m in Sources */,
				A1113EEE1B0A876F0095CD14 /* tchColumnCollectionDataSource.m in Sources */,
				A1113EF21B0A93A90095CD14 /* tchInputView.m in Sources */,
				A15D3C8A1AE961C7004A6DF1 /* tchOneClassTVC.m in Sources */,
				A1A876D71B0B8398001C4D52 /* tchAttDayCVC.m in Sources */,
				A1028AAF1AF920D900315DE5 /* tchAttInputV.m in Sources */,
				A1D1A58F1B0A2E0E009245EB /* UIColor+appColorPresets.m in Sources */,
				A1B713831AFAD13600A8B094 /* tchCollectionIndexed.m in Sources */,
				A15D3C941AE98659004A6DF1 /* tchStudentDeployableTVC.m in Sources */,
				A14E13021AE5470700A1CB95 /* main.m in Sources */,
				A1A876F51B0BBDA6001C4D52 /* tchAttHeaderDataSource.m in Sources */,
				A15D3C911AE9799D004A6DF1 /* tchStudentsTableDS.m in Sources */,
				A1113EDD1B0A59C30095CD14 /* tchStudentsTableDataSource.m in Sources */,
				A15D3C971AE9B7DC004A6DF1 /* tchStudentsHeader.m in Sources */,
				A1A876CD1B0B7E20001C4D52 /* tchAttendanceMenu.m in Sources */,
				A1113EEB1B0A7F1F0095CD14 /* tchGradesColumnsDS.m in Sources */,
				A1113EE01B0A59FC0095CD14 /* tchStudentsTableDelegate.m in Sources */,
				A1A876E61B0B8EF7001C4D52 /* tchGradesHeader.m in Sources */,
				A1BDCC141AE6AA08000B0328 /* tchImport2VC.m in Sources */,
				A106AF931AE80449001323E5 /* tchClassTableDS.m in Sources */,
				A1BDCC381AE71F10000B0328 /* GradeRecord.m in Sources */,
				A1113EE71B0A74760095CD14 /* tchColumnsCollection.m in Sources */,
				A1AA54671AEA7E7900318744 /* tchAttendanceVC.m in Sources */,
				A14E133D1AE5A4F000A1CB95 /* tchImport1VC.m in Sources */,
				A1BDCC4A1AE71F12000B0328 /* Evaluation.m in Sources */,
			);
			runOnlyForDeploymentPostprocessing = 0;
		};
		A14E13171AE5470700A1CB95 /* Sources */ = {
			isa = PBXSourcesBuildPhase;
			buildActionMask = 2147483647;
			files = (
				A14E13221AE5470700A1CB95 /* Teechers_AppTests.m in Sources */,
			);
			runOnlyForDeploymentPostprocessing = 0;
		};
/* End PBXSourcesBuildPhase section */

/* Begin PBXTargetDependency section */
		A14E131D1AE5470700A1CB95 /* PBXTargetDependency */ = {
			isa = PBXTargetDependency;
			target = A14E12FB1AE5470700A1CB95 /* Teechers App */;
			targetProxy = A14E131C1AE5470700A1CB95 /* PBXContainerItemProxy */;
		};
/* End PBXTargetDependency section */

/* Begin PBXVariantGroup section */
		A14E130F1AE5470700A1CB95 /* Main.storyboard */ = {
			isa = PBXVariantGroup;
			children = (
				A14E13101AE5470700A1CB95 /* Base */,
			);
			name = Main.storyboard;
			sourceTree = "<group>";
		};
		A14E13141AE5470700A1CB95 /* LaunchScreen.xib */ = {
			isa = PBXVariantGroup;
			children = (
				A14E13151AE5470700A1CB95 /* Base */,
			);
			name = LaunchScreen.xib;
			sourceTree = "<group>";
		};
/* End PBXVariantGroup section */

/* Begin XCBuildConfiguration section */
		A14E13231AE5470700A1CB95 /* Debug */ = {
			isa = XCBuildConfiguration;
			buildSettings = {
				ALWAYS_SEARCH_USER_PATHS = NO;
				CLANG_CXX_LANGUAGE_STANDARD = "gnu++0x";
				CLANG_CXX_LIBRARY = "libc++";
				CLANG_ENABLE_MODULES = YES;
				CLANG_ENABLE_OBJC_ARC = YES;
				CLANG_WARN_BOOL_CONVERSION = YES;
				CLANG_WARN_CONSTANT_CONVERSION = YES;
				CLANG_WARN_DIRECT_OBJC_ISA_USAGE = YES_ERROR;
				CLANG_WARN_EMPTY_BODY = YES;
				CLANG_WARN_ENUM_CONVERSION = YES;
				CLANG_WARN_INT_CONVERSION = YES;
				CLANG_WARN_OBJC_ROOT_CLASS = YES_ERROR;
				CLANG_WARN_UNREACHABLE_CODE = YES;
				CLANG_WARN__DUPLICATE_METHOD_MATCH = YES;
				"CODE_SIGN_IDENTITY[sdk=iphoneos*]" = "iPhone Developer";
				COPY_PHASE_STRIP = NO;
				DEBUG_INFORMATION_FORMAT = "dwarf-with-dsym";
				ENABLE_STRICT_OBJC_MSGSEND = YES;
				GCC_C_LANGUAGE_STANDARD = gnu99;
				GCC_DYNAMIC_NO_PIC = NO;
				GCC_NO_COMMON_BLOCKS = YES;
				GCC_OPTIMIZATION_LEVEL = 0;
				GCC_PREPROCESSOR_DEFINITIONS = (
					"DEBUG=1",
					"$(inherited)",
				);
				GCC_SYMBOLS_PRIVATE_EXTERN = NO;
				GCC_WARN_64_TO_32_BIT_CONVERSION = YES;
				GCC_WARN_ABOUT_RETURN_TYPE = YES_ERROR;
				GCC_WARN_UNDECLARED_SELECTOR = YES;
				GCC_WARN_UNINITIALIZED_AUTOS = YES_AGGRESSIVE;
				GCC_WARN_UNUSED_FUNCTION = YES;
				GCC_WARN_UNUSED_VARIABLE = YES;
				IPHONEOS_DEPLOYMENT_TARGET = 8.3;
				MTL_ENABLE_DEBUG_INFO = YES;
				ONLY_ACTIVE_ARCH = YES;
				SDKROOT = iphoneos;
			};
			name = Debug;
		};
		A14E13241AE5470700A1CB95 /* Release */ = {
			isa = XCBuildConfiguration;
			buildSettings = {
				ALWAYS_SEARCH_USER_PATHS = NO;
				CLANG_CXX_LANGUAGE_STANDARD = "gnu++0x";
				CLANG_CXX_LIBRARY = "libc++";
				CLANG_ENABLE_MODULES = YES;
				CLANG_ENABLE_OBJC_ARC = YES;
				CLANG_WARN_BOOL_CONVERSION = YES;
				CLANG_WARN_CONSTANT_CONVERSION = YES;
				CLANG_WARN_DIRECT_OBJC_ISA_USAGE = YES_ERROR;
				CLANG_WARN_EMPTY_BODY = YES;
				CLANG_WARN_ENUM_CONVERSION = YES;
				CLANG_WARN_INT_CONVERSION = YES;
				CLANG_WARN_OBJC_ROOT_CLASS = YES_ERROR;
				CLANG_WARN_UNREACHABLE_CODE = YES;
				CLANG_WARN__DUPLICATE_METHOD_MATCH = YES;
				"CODE_SIGN_IDENTITY[sdk=iphoneos*]" = "iPhone Developer";
				COPY_PHASE_STRIP = NO;
				DEBUG_INFORMATION_FORMAT = "dwarf-with-dsym";
				ENABLE_NS_ASSERTIONS = NO;
				ENABLE_STRICT_OBJC_MSGSEND = YES;
				GCC_C_LANGUAGE_STANDARD = gnu99;
				GCC_NO_COMMON_BLOCKS = YES;
				GCC_WARN_64_TO_32_BIT_CONVERSION = YES;
				GCC_WARN_ABOUT_RETURN_TYPE = YES_ERROR;
				GCC_WARN_UNDECLARED_SELECTOR = YES;
				GCC_WARN_UNINITIALIZED_AUTOS = YES_AGGRESSIVE;
				GCC_WARN_UNUSED_FUNCTION = YES;
				GCC_WARN_UNUSED_VARIABLE = YES;
				IPHONEOS_DEPLOYMENT_TARGET = 8.3;
				MTL_ENABLE_DEBUG_INFO = NO;
				SDKROOT = iphoneos;
				VALIDATE_PRODUCT = YES;
			};
			name = Release;
		};
		A14E13261AE5470700A1CB95 /* Debug */ = {
			isa = XCBuildConfiguration;
			buildSettings = {
				ASSETCATALOG_COMPILER_APPICON_NAME = AppIcon;
				INFOPLIST_FILE = "Teechers App/Info.plist";
				LD_RUNPATH_SEARCH_PATHS = "$(inherited) @executable_path/Frameworks";
				PRODUCT_NAME = "$(TARGET_NAME)";
			};
			name = Debug;
		};
		A14E13271AE5470700A1CB95 /* Release */ = {
			isa = XCBuildConfiguration;
			buildSettings = {
				ASSETCATALOG_COMPILER_APPICON_NAME = AppIcon;
				INFOPLIST_FILE = "Teechers App/Info.plist";
				LD_RUNPATH_SEARCH_PATHS = "$(inherited) @executable_path/Frameworks";
				PRODUCT_NAME = "$(TARGET_NAME)";
			};
			name = Release;
		};
		A14E13291AE5470700A1CB95 /* Debug */ = {
			isa = XCBuildConfiguration;
			buildSettings = {
				BUNDLE_LOADER = "$(TEST_HOST)";
				FRAMEWORK_SEARCH_PATHS = (
					"$(SDKROOT)/Developer/Library/Frameworks",
					"$(inherited)",
				);
				GCC_PREPROCESSOR_DEFINITIONS = (
					"DEBUG=1",
					"$(inherited)",
				);
				INFOPLIST_FILE = "Teechers AppTests/Info.plist";
				LD_RUNPATH_SEARCH_PATHS = "$(inherited) @executable_path/Frameworks @loader_path/Frameworks";
				PRODUCT_NAME = "$(TARGET_NAME)";
				TEST_HOST = "$(BUILT_PRODUCTS_DIR)/Teechers App.app/Teechers App";
			};
			name = Debug;
		};
		A14E132A1AE5470700A1CB95 /* Release */ = {
			isa = XCBuildConfiguration;
			buildSettings = {
				BUNDLE_LOADER = "$(TEST_HOST)";
				FRAMEWORK_SEARCH_PATHS = (
					"$(SDKROOT)/Developer/Library/Frameworks",
					"$(inherited)",
				);
				INFOPLIST_FILE = "Teechers AppTests/Info.plist";
				LD_RUNPATH_SEARCH_PATHS = "$(inherited) @executable_path/Frameworks @loader_path/Frameworks";
				PRODUCT_NAME = "$(TARGET_NAME)";
				TEST_HOST = "$(BUILT_PRODUCTS_DIR)/Teechers App.app/Teechers App";
			};
			name = Release;
		};
/* End XCBuildConfiguration section */

/* Begin XCConfigurationList section */
		A14E12F71AE5470700A1CB95 /* Build configuration list for PBXProject "Teechers App" */ = {
			isa = XCConfigurationList;
			buildConfigurations = (
				A14E13231AE5470700A1CB95 /* Debug */,
				A14E13241AE5470700A1CB95 /* Release */,
			);
			defaultConfigurationIsVisible = 0;
			defaultConfigurationName = Release;
		};
		A14E13251AE5470700A1CB95 /* Build configuration list for PBXNativeTarget "Teechers App" */ = {
			isa = XCConfigurationList;
			buildConfigurations = (
				A14E13261AE5470700A1CB95 /* Debug */,
				A14E13271AE5470700A1CB95 /* Release */,
			);
			defaultConfigurationIsVisible = 0;
			defaultConfigurationName = Release;
		};
		A14E13281AE5470700A1CB95 /* Build configuration list for PBXNativeTarget "Teechers AppTests" */ = {
			isa = XCConfigurationList;
			buildConfigurations = (
				A14E13291AE5470700A1CB95 /* Debug */,
				A14E132A1AE5470700A1CB95 /* Release */,
			);
			defaultConfigurationIsVisible = 0;
			defaultConfigurationName = Release;
		};
/* End XCConfigurationList section */

/* Begin XCVersionGroup section */
		A14E13341AE5609400A1CB95 /* ClassesData.xcdatamodeld */ = {
			isa = XCVersionGroup;
			children = (
				A14E13351AE5609400A1CB95 /* ClassesData.xcdatamodel */,
			);
			currentVersion = A14E13351AE5609400A1CB95 /* ClassesData.xcdatamodel */;
			name = ClassesData.xcdatamodeld;
			path = Data/ClassesData.xcdatamodeld;
			sourceTree = "<group>";
			versionGroupType = wrapper.xcdatamodel;
		};
/* End XCVersionGroup section */
	};
	rootObject = A14E12F41AE5470600A1CB95 /* Project object */;
}
