// !$*UTF8*$!
{
	archiveVersion = 1;
	classes = {
	};
	objectVersion = 46;
	objects = {

/* Begin PBXBuildFile section */
		A106AF931AE80449001323E5 /* tchClassTableDS.m in Sources */ = {isa = PBXBuildFile; fileRef = A106AF921AE80449001323E5 /* tchClassTableDS.m */; };
		A14E13021AE5470700A1CB95 /* main.m in Sources */ = {isa = PBXBuildFile; fileRef = A14E13011AE5470700A1CB95 /* main.m */; };
		A14E13051AE5470700A1CB95 /* AppDelegate.m in Sources */ = {isa = PBXBuildFile; fileRef = A14E13041AE5470700A1CB95 /* AppDelegate.m */; };
		A14E130B1AE5470700A1CB95 /* MasterViewController.m in Sources */ = {isa = PBXBuildFile; fileRef = A14E130A1AE5470700A1CB95 /* MasterViewController.m */; };
		A14E130E1AE5470700A1CB95 /* DetailViewController.m in Sources */ = {isa = PBXBuildFile; fileRef = A14E130D1AE5470700A1CB95 /* DetailViewController.m */; };
		A14E13111AE5470700A1CB95 /* Main.storyboard in Resources */ = {isa = PBXBuildFile; fileRef = A14E130F1AE5470700A1CB95 /* Main.storyboard */; };
		A14E13131AE5470700A1CB95 /* Images.xcassets in Resources */ = {isa = PBXBuildFile; fileRef = A14E13121AE5470700A1CB95 /* Images.xcassets */; };
		A14E13161AE5470700A1CB95 /* LaunchScreen.xib in Resources */ = {isa = PBXBuildFile; fileRef = A14E13141AE5470700A1CB95 /* LaunchScreen.xib */; };
		A14E13221AE5470700A1CB95 /* Teechers_AppTests.m in Sources */ = {isa = PBXBuildFile; fileRef = A14E13211AE5470700A1CB95 /* Teechers_AppTests.m */; };
		A14E132E1AE554AD00A1CB95 /* tchMainMenuVC.m in Sources */ = {isa = PBXBuildFile; fileRef = A14E132D1AE554AD00A1CB95 /* tchMainMenuVC.m */; };
		A14E13361AE5609400A1CB95 /* ClassesData.xcdatamodeld in Sources */ = {isa = PBXBuildFile; fileRef = A14E13341AE5609400A1CB95 /* ClassesData.xcdatamodeld */; };
		A14E133D1AE5A4F000A1CB95 /* tchImport1VC.m in Sources */ = {isa = PBXBuildFile; fileRef = A14E133C1AE5A4F000A1CB95 /* tchImport1VC.m */; };
		A15D3C871AE87CC6004A6DF1 /* tchClassTabBarVC.m in Sources */ = {isa = PBXBuildFile; fileRef = A15D3C861AE87CC6004A6DF1 /* tchClassTabBarVC.m */; };
		A1BDCC141AE6AA08000B0328 /* tchImport2VC.m in Sources */ = {isa = PBXBuildFile; fileRef = A1BDCC131AE6AA08000B0328 /* tchImport2VC.m */; };
		A1BDCC171AE7161D000B0328 /* tchImportConfVC.m in Sources */ = {isa = PBXBuildFile; fileRef = A1BDCC161AE7161D000B0328 /* tchImportConfVC.m */; };
		A1BDCC1A1AE716BF000B0328 /* tchClassImporter.m in Sources */ = {isa = PBXBuildFile; fileRef = A1BDCC191AE716BF000B0328 /* tchClassImporter.m */; };
		A1BDCC351AE71F0B000B0328 /* AttendanceRecord.m in Sources */ = {isa = PBXBuildFile; fileRef = A1BDCC341AE71F0B000B0328 /* AttendanceRecord.m */; };
		A1BDCC381AE71F10000B0328 /* GradeRecord.m in Sources */ = {isa = PBXBuildFile; fileRef = A1BDCC371AE71F10000B0328 /* GradeRecord.m */; };
		A1BDCC3B1AE71F10000B0328 /* Student.m in Sources */ = {isa = PBXBuildFile; fileRef = A1BDCC3A1AE71F10000B0328 /* Student.m */; };
		A1BDCC3E1AE71F10000B0328 /* StudentSummary.m in Sources */ = {isa = PBXBuildFile; fileRef = A1BDCC3D1AE71F10000B0328 /* StudentSummary.m */; };
		A1BDCC411AE71F10000B0328 /* StudentPicture.m in Sources */ = {isa = PBXBuildFile; fileRef = A1BDCC401AE71F10000B0328 /* StudentPicture.m */; };
		A1BDCC441AE71F11000B0328 /* AClass.m in Sources */ = {isa = PBXBuildFile; fileRef = A1BDCC431AE71F11000B0328 /* AClass.m */; };
		A1BDCC471AE71F11000B0328 /* ClassDay.m in Sources */ = {isa = PBXBuildFile; fileRef = A1BDCC461AE71F11000B0328 /* ClassDay.m */; };
		A1BDCC4A1AE71F12000B0328 /* Evaluation.m in Sources */ = {isa = PBXBuildFile; fileRef = A1BDCC491AE71F12000B0328 /* Evaluation.m */; };
/* End PBXBuildFile section */

/* Begin PBXContainerItemProxy section */
		A14E131C1AE5470700A1CB95 /* PBXContainerItemProxy */ = {
			isa = PBXContainerItemProxy;
			containerPortal = A14E12F41AE5470600A1CB95 /* Project object */;
			proxyType = 1;
			remoteGlobalIDString = A14E12FB1AE5470700A1CB95;
			remoteInfo = "Teechers App";
		};
/* End PBXContainerItemProxy section */

/* Begin PBXFileReference section */
		A106AF911AE80449001323E5 /* tchClassTableDS.h */ = {isa = PBXFileReference; fileEncoding = 4; lastKnownFileType = sourcecode.c.h; name = tchClassTableDS.h; path = MainMenu/tchClassTableDS.h; sourceTree = "<group>"; };
		A106AF921AE80449001323E5 /* tchClassTableDS.m */ = {isa = PBXFileReference; fileEncoding = 4; lastKnownFileType = sourcecode.c.objc; name = tchClassTableDS.m; path = MainMenu/tchClassTableDS.m; sourceTree = "<group>"; };
		A14E12FC1AE5470700A1CB95 /* Teechers App.app */ = {isa = PBXFileReference; explicitFileType = wrapper.application; includeInIndex = 0; path = "Teechers App.app"; sourceTree = BUILT_PRODUCTS_DIR; };
		A14E13001AE5470700A1CB95 /* Info.plist */ = {isa = PBXFileReference; lastKnownFileType = text.plist.xml; path = Info.plist; sourceTree = "<group>"; };
		A14E13011AE5470700A1CB95 /* main.m */ = {isa = PBXFileReference; lastKnownFileType = sourcecode.c.objc; path = main.m; sourceTree = "<group>"; };
		A14E13031AE5470700A1CB95 /* AppDelegate.h */ = {isa = PBXFileReference; lastKnownFileType = sourcecode.c.h; path = AppDelegate.h; sourceTree = "<group>"; };
		A14E13041AE5470700A1CB95 /* AppDelegate.m */ = {isa = PBXFileReference; lastKnownFileType = sourcecode.c.objc; path = AppDelegate.m; sourceTree = "<group>"; };
		A14E13091AE5470700A1CB95 /* MasterViewController.h */ = {isa = PBXFileReference; lastKnownFileType = sourcecode.c.h; path = MasterViewController.h; sourceTree = "<group>"; };
		A14E130A1AE5470700A1CB95 /* MasterViewController.m */ = {isa = PBXFileReference; lastKnownFileType = sourcecode.c.objc; path = MasterViewController.m; sourceTree = "<group>"; };
		A14E130C1AE5470700A1CB95 /* DetailViewController.h */ = {isa = PBXFileReference; lastKnownFileType = sourcecode.c.h; path = DetailViewController.h; sourceTree = "<group>"; };
		A14E130D1AE5470700A1CB95 /* DetailViewController.m */ = {isa = PBXFileReference; lastKnownFileType = sourcecode.c.objc; path = DetailViewController.m; sourceTree = "<group>"; };
		A14E13101AE5470700A1CB95 /* Base */ = {isa = PBXFileReference; lastKnownFileType = file.storyboard; name = Base; path = Base.lproj/Main.storyboard; sourceTree = "<group>"; };
		A14E13121AE5470700A1CB95 /* Images.xcassets */ = {isa = PBXFileReference; lastKnownFileType = folder.assetcatalog; path = Images.xcassets; sourceTree = "<group>"; };
		A14E13151AE5470700A1CB95 /* Base */ = {isa = PBXFileReference; lastKnownFileType = file.xib; name = Base; path = Base.lproj/LaunchScreen.xib; sourceTree = "<group>"; };
		A14E131B1AE5470700A1CB95 /* Teechers AppTests.xctest */ = {isa = PBXFileReference; explicitFileType = wrapper.cfbundle; includeInIndex = 0; path = "Teechers AppTests.xctest"; sourceTree = BUILT_PRODUCTS_DIR; };
		A14E13201AE5470700A1CB95 /* Info.plist */ = {isa = PBXFileReference; lastKnownFileType = text.plist.xml; path = Info.plist; sourceTree = "<group>"; };
		A14E13211AE5470700A1CB95 /* Teechers_AppTests.m */ = {isa = PBXFileReference; lastKnownFileType = sourcecode.c.objc; path = Teechers_AppTests.m; sourceTree = "<group>"; };
		A14E132C1AE554AD00A1CB95 /* tchMainMenuVC.h */ = {isa = PBXFileReference; fileEncoding = 4; lastKnownFileType = sourcecode.c.h; name = tchMainMenuVC.h; path = MainMenu/tchMainMenuVC.h; sourceTree = "<group>"; };
		A14E132D1AE554AD00A1CB95 /* tchMainMenuVC.m */ = {isa = PBXFileReference; fileEncoding = 4; lastKnownFileType = sourcecode.c.objc; name = tchMainMenuVC.m; path = MainMenu/tchMainMenuVC.m; sourceTree = "<group>"; };
		A14E13351AE5609400A1CB95 /* ClassesData.xcdatamodel */ = {isa = PBXFileReference; lastKnownFileType = wrapper.xcdatamodel; path = ClassesData.xcdatamodel; sourceTree = "<group>"; };
		A14E133B1AE5A4F000A1CB95 /* tchImport1VC.h */ = {isa = PBXFileReference; fileEncoding = 4; lastKnownFileType = sourcecode.c.h; name = tchImport1VC.h; path = ImportSequence/tchImport1VC.h; sourceTree = "<group>"; };
		A14E133C1AE5A4F000A1CB95 /* tchImport1VC.m */ = {isa = PBXFileReference; fileEncoding = 4; lastKnownFileType = sourcecode.c.objc; name = tchImport1VC.m; path = ImportSequence/tchImport1VC.m; sourceTree = "<group>"; };
		A15D3C851AE87CC6004A6DF1 /* tchClassTabBarVC.h */ = {isa = PBXFileReference; fileEncoding = 4; lastKnownFileType = sourcecode.c.h; name = tchClassTabBarVC.h; path = ClassTabs/tchClassTabBarVC.h; sourceTree = "<group>"; };
		A15D3C861AE87CC6004A6DF1 /* tchClassTabBarVC.m */ = {isa = PBXFileReference; fileEncoding = 4; lastKnownFileType = sourcecode.c.objc; name = tchClassTabBarVC.m; path = ClassTabs/tchClassTabBarVC.m; sourceTree = "<group>"; };
		A1BDCC121AE6AA08000B0328 /* tchImport2VC.h */ = {isa = PBXFileReference; fileEncoding = 4; lastKnownFileType = sourcecode.c.h; name = tchImport2VC.h; path = ImportSequence/tchImport2VC.h; sourceTree = "<group>"; };
		A1BDCC131AE6AA08000B0328 /* tchImport2VC.m */ = {isa = PBXFileReference; fileEncoding = 4; lastKnownFileType = sourcecode.c.objc; name = tchImport2VC.m; path = ImportSequence/tchImport2VC.m; sourceTree = "<group>"; };
		A1BDCC151AE7161D000B0328 /* tchImportConfVC.h */ = {isa = PBXFileReference; fileEncoding = 4; lastKnownFileType = sourcecode.c.h; name = tchImportConfVC.h; path = ImportSequence/tchImportConfVC.h; sourceTree = "<group>"; };
		A1BDCC161AE7161D000B0328 /* tchImportConfVC.m */ = {isa = PBXFileReference; fileEncoding = 4; lastKnownFileType = sourcecode.c.objc; name = tchImportConfVC.m; path = ImportSequence/tchImportConfVC.m; sourceTree = "<group>"; };
		A1BDCC181AE716BF000B0328 /* tchClassImporter.h */ = {isa = PBXFileReference; fileEncoding = 4; lastKnownFileType = sourcecode.c.h; name = tchClassImporter.h; path = ImportSequence/tchClassImporter.h; sourceTree = "<group>"; };
		A1BDCC191AE716BF000B0328 /* tchClassImporter.m */ = {isa = PBXFileReference; fileEncoding = 4; lastKnownFileType = sourcecode.c.objc; name = tchClassImporter.m; path = ImportSequence/tchClassImporter.m; sourceTree = "<group>"; };
		A1BDCC331AE71F0B000B0328 /* AttendanceRecord.h */ = {isa = PBXFileReference; fileEncoding = 4; lastKnownFileType = sourcecode.c.h; name = AttendanceRecord.h; path = Data/AttendanceRecord.h; sourceTree = "<group>"; };
		A1BDCC341AE71F0B000B0328 /* AttendanceRecord.m */ = {isa = PBXFileReference; fileEncoding = 4; lastKnownFileType = sourcecode.c.objc; name = AttendanceRecord.m; path = Data/AttendanceRecord.m; sourceTree = "<group>"; };
		A1BDCC361AE71F10000B0328 /* GradeRecord.h */ = {isa = PBXFileReference; fileEncoding = 4; lastKnownFileType = sourcecode.c.h; name = GradeRecord.h; path = Data/GradeRecord.h; sourceTree = "<group>"; };
		A1BDCC371AE71F10000B0328 /* GradeRecord.m */ = {isa = PBXFileReference; fileEncoding = 4; lastKnownFileType = sourcecode.c.objc; name = GradeRecord.m; path = Data/GradeRecord.m; sourceTree = "<group>"; };
		A1BDCC391AE71F10000B0328 /* Student.h */ = {isa = PBXFileReference; fileEncoding = 4; lastKnownFileType = sourcecode.c.h; name = Student.h; path = Data/Student.h; sourceTree = "<group>"; };
		A1BDCC3A1AE71F10000B0328 /* Student.m */ = {isa = PBXFileReference; fileEncoding = 4; lastKnownFileType = sourcecode.c.objc; name = Student.m; path = Data/Student.m; sourceTree = "<group>"; };
		A1BDCC3C1AE71F10000B0328 /* StudentSummary.h */ = {isa = PBXFileReference; fileEncoding = 4; lastKnownFileType = sourcecode.c.h; name = StudentSummary.h; path = Data/StudentSummary.h; sourceTree = "<group>"; };
		A1BDCC3D1AE71F10000B0328 /* StudentSummary.m */ = {isa = PBXFileReference; fileEncoding = 4; lastKnownFileType = sourcecode.c.objc; name = StudentSummary.m; path = Data/StudentSummary.m; sourceTree = "<group>"; };
		A1BDCC3F1AE71F10000B0328 /* StudentPicture.h */ = {isa = PBXFileReference; fileEncoding = 4; lastKnownFileType = sourcecode.c.h; name = StudentPicture.h; path = Data/StudentPicture.h; sourceTree = "<group>"; };
		A1BDCC401AE71F10000B0328 /* StudentPicture.m */ = {isa = PBXFileReference; fileEncoding = 4; lastKnownFileType = sourcecode.c.objc; name = StudentPicture.m; path = Data/StudentPicture.m; sourceTree = "<group>"; };
		A1BDCC421AE71F11000B0328 /* AClass.h */ = {isa = PBXFileReference; fileEncoding = 4; lastKnownFileType = sourcecode.c.h; name = AClass.h; path = Data/AClass.h; sourceTree = "<group>"; };
		A1BDCC431AE71F11000B0328 /* AClass.m */ = {isa = PBXFileReference; fileEncoding = 4; lastKnownFileType = sourcecode.c.objc; name = AClass.m; path = Data/AClass.m; sourceTree = "<group>"; };
		A1BDCC451AE71F11000B0328 /* ClassDay.h */ = {isa = PBXFileReference; fileEncoding = 4; lastKnownFileType = sourcecode.c.h; name = ClassDay.h; path = Data/ClassDay.h; sourceTree = "<group>"; };
		A1BDCC461AE71F11000B0328 /* ClassDay.m */ = {isa = PBXFileReference; fileEncoding = 4; lastKnownFileType = sourcecode.c.objc; name = ClassDay.m; path = Data/ClassDay.m; sourceTree = "<group>"; };
		A1BDCC481AE71F11000B0328 /* Evaluation.h */ = {isa = PBXFileReference; fileEncoding = 4; lastKnownFileType = sourcecode.c.h; name = Evaluation.h; path = Data/Evaluation.h; sourceTree = "<group>"; };
		A1BDCC491AE71F12000B0328 /* Evaluation.m */ = {isa = PBXFileReference; fileEncoding = 4; lastKnownFileType = sourcecode.c.objc; name = Evaluation.m; path = Data/Evaluation.m; sourceTree = "<group>"; };
/* End PBXFileReference section */

/* Begin PBXFrameworksBuildPhase section */
		A14E12F91AE5470700A1CB95 /* Frameworks */ = {
			isa = PBXFrameworksBuildPhase;
			buildActionMask = 2147483647;
			files = (
			);
			runOnlyForDeploymentPostprocessing = 0;
		};
		A14E13181AE5470700A1CB95 /* Frameworks */ = {
			isa = PBXFrameworksBuildPhase;
			buildActionMask = 2147483647;
			files = (
			);
			runOnlyForDeploymentPostprocessing = 0;
		};
/* End PBXFrameworksBuildPhase section */

/* Begin PBXGroup section */
		A14E12F31AE5470600A1CB95 = {
			isa = PBXGroup;
			children = (
				A14E12FE1AE5470700A1CB95 /* Teechers App */,
				A14E131E1AE5470700A1CB95 /* Teechers AppTests */,
				A14E12FD1AE5470700A1CB95 /* Products */,
			);
			sourceTree = "<group>";
		};
		A14E12FD1AE5470700A1CB95 /* Products */ = {
			isa = PBXGroup;
			children = (
				A14E12FC1AE5470700A1CB95 /* Teechers App.app */,
				A14E131B1AE5470700A1CB95 /* Teechers AppTests.xctest */,
			);
			name = Products;
			sourceTree = "<group>";
		};
		A14E12FE1AE5470700A1CB95 /* Teechers App */ = {
			isa = PBXGroup;
			children = (
				A14E13301AE556C200A1CB95 /* assets_images */,
				A14E13311AE556F100A1CB95 /* data */,
				A14E132B1AE5543900A1CB95 /* MainMenu */,
				A15D3C841AE87C58004A6DF1 /* ClassTabs */,
				A14E133A1AE5A49F00A1CB95 /* ImportSequence */,
				A14E13031AE5470700A1CB95 /* AppDelegate.h */,
				A14E13041AE5470700A1CB95 /* AppDelegate.m */,
				A14E130F1AE5470700A1CB95 /* Main.storyboard */,
				A14E13141AE5470700A1CB95 /* LaunchScreen.xib */,
				A14E132F1AE556B300A1CB95 /* _trash */,
				A14E12FF1AE5470700A1CB95 /* Supporting Files */,
			);
			path = "Teechers App";
			sourceTree = "<group>";
		};
		A14E12FF1AE5470700A1CB95 /* Supporting Files */ = {
			isa = PBXGroup;
			children = (
				A14E13001AE5470700A1CB95 /* Info.plist */,
				A14E13011AE5470700A1CB95 /* main.m */,
			);
			name = "Supporting Files";
			sourceTree = "<group>";
		};
		A14E131E1AE5470700A1CB95 /* Teechers AppTests */ = {
			isa = PBXGroup;
			children = (
				A14E13211AE5470700A1CB95 /* Teechers_AppTests.m */,
				A14E131F1AE5470700A1CB95 /* Supporting Files */,
			);
			path = "Teechers AppTests";
			sourceTree = "<group>";
		};
		A14E131F1AE5470700A1CB95 /* Supporting Files */ = {
			isa = PBXGroup;
			children = (
				A14E13201AE5470700A1CB95 /* Info.plist */,
			);
			name = "Supporting Files";
			sourceTree = "<group>";
		};
		A14E132B1AE5543900A1CB95 /* MainMenu */ = {
			isa = PBXGroup;
			children = (
				A14E132C1AE554AD00A1CB95 /* tchMainMenuVC.h */,
				A14E132D1AE554AD00A1CB95 /* tchMainMenuVC.m */,
				A106AF911AE80449001323E5 /* tchClassTableDS.h */,
				A106AF921AE80449001323E5 /* tchClassTableDS.m */,
			);
			name = MainMenu;
			sourceTree = "<group>";
		};
		A14E132F1AE556B300A1CB95 /* _trash */ = {
			isa = PBXGroup;
			children = (
				A14E13091AE5470700A1CB95 /* MasterViewController.h */,
				A14E130A1AE5470700A1CB95 /* MasterViewController.m */,
				A14E130C1AE5470700A1CB95 /* DetailViewController.h */,
				A14E130D1AE5470700A1CB95 /* DetailViewController.m */,
			);
			name = _trash;
			sourceTree = "<group>";
		};
		A14E13301AE556C200A1CB95 /* assets_images */ = {
			isa = PBXGroup;
			children = (
				A14E13121AE5470700A1CB95 /* Images.xcassets */,
			);
			name = assets_images;
			sourceTree = "<group>";
		};
		A14E13311AE556F100A1CB95 /* data */ = {
			isa = PBXGroup;
			children = (
				A14E13341AE5609400A1CB95 /* ClassesData.xcdatamodeld */,
				A1BDCC481AE71F11000B0328 /* Evaluation.h */,
				A1BDCC491AE71F12000B0328 /* Evaluation.m */,
				A1BDCC451AE71F11000B0328 /* ClassDay.h */,
				A1BDCC461AE71F11000B0328 /* ClassDay.m */,
				A1BDCC421AE71F11000B0328 /* AClass.h */,
				A1BDCC431AE71F11000B0328 /* AClass.m */,
				A1BDCC3F1AE71F10000B0328 /* StudentPicture.h */,
				A1BDCC401AE71F10000B0328 /* StudentPicture.m */,
				A1BDCC3C1AE71F10000B0328 /* StudentSummary.h */,
				A1BDCC3D1AE71F10000B0328 /* StudentSummary.m */,
				A1BDCC391AE71F10000B0328 /* Student.h */,
				A1BDCC3A1AE71F10000B0328 /* Student.m */,
				A1BDCC361AE71F10000B0328 /* GradeRecord.h */,
				A1BDCC371AE71F10000B0328 /* GradeRecord.m */,
				A1BDCC331AE71F0B000B0328 /* AttendanceRecord.h */,
				A1BDCC341AE71F0B000B0328 /* AttendanceRecord.m */,
			);
			name = data;
			sourceTree = "<group>";
		};
		A14E133A1AE5A49F00A1CB95 /* ImportSequence */ = {
			isa = PBXGroup;
			children = (
				A1BDCC181AE716BF000B0328 /* tchClassImporter.h */,
				A1BDCC191AE716BF000B0328 /* tchClassImporter.m */,
				A14E133B1AE5A4F000A1CB95 /* tchImport1VC.h */,
				A14E133C1AE5A4F000A1CB95 /* tchImport1VC.m */,
				A1BDCC121AE6AA08000B0328 /* tchImport2VC.h */,
				A1BDCC131AE6AA08000B0328 /* tchImport2VC.m */,
				A1BDCC151AE7161D000B0328 /* tchImportConfVC.h */,
				A1BDCC161AE7161D000B0328 /* tchImportConfVC.m */,
			);
			name = ImportSequence;
			sourceTree = "<group>";
		};
		A15D3C841AE87C58004A6DF1 /* ClassTabs */ = {
			isa = PBXGroup;
			children = (
				A15D3C851AE87CC6004A6DF1 /* tchClassTabBarVC.h */,
				A15D3C861AE87CC6004A6DF1 /* tchClassTabBarVC.m */,
			);
			name = ClassTabs;
			sourceTree = "<group>";
		};
/* End PBXGroup section */

/* Begin PBXNativeTarget section */
		A14E12FB1AE5470700A1CB95 /* Teechers App */ = {
			isa = PBXNativeTarget;
			buildConfigurationList = A14E13251AE5470700A1CB95 /* Build configuration list for PBXNativeTarget "Teechers App" */;
			buildPhases = (
				A14E12F81AE5470700A1CB95 /* Sources */,
				A14E12F91AE5470700A1CB95 /* Frameworks */,
				A14E12FA1AE5470700A1CB95 /* Resources */,
			);
			buildRules = (
			);
			dependencies = (
			);
			name = "Teechers App";
			productName = "Teechers App";
			productReference = A14E12FC1AE5470700A1CB95 /* Teechers App.app */;
			productType = "com.apple.product-type.application";
		};
		A14E131A1AE5470700A1CB95 /* Teechers AppTests */ = {
			isa = PBXNativeTarget;
			buildConfigurationList = A14E13281AE5470700A1CB95 /* Build configuration list for PBXNativeTarget "Teechers AppTests" */;
			buildPhases = (
				A14E13171AE5470700A1CB95 /* Sources */,
				A14E13181AE5470700A1CB95 /* Frameworks */,
				A14E13191AE5470700A1CB95 /* Resources */,
			);
			buildRules = (
			);
			dependencies = (
				A14E131D1AE5470700A1CB95 /* PBXTargetDependency */,
			);
			name = "Teechers AppTests";
			productName = "Teechers AppTests";
			productReference = A14E131B1AE5470700A1CB95 /* Teechers AppTests.xctest */;
			productType = "com.apple.product-type.bundle.unit-test";
		};
/* End PBXNativeTarget section */

/* Begin PBXProject section */
		A14E12F41AE5470600A1CB95 /* Project object */ = {
			isa = PBXProject;
			attributes = {
				LastUpgradeCheck = 0630;
				ORGANIZATIONNAME = nmr;
				TargetAttributes = {
					A14E12FB1AE5470700A1CB95 = {
						CreatedOnToolsVersion = 6.3;
					};
					A14E131A1AE5470700A1CB95 = {
						CreatedOnToolsVersion = 6.3;
						TestTargetID = A14E12FB1AE5470700A1CB95;
					};
				};
			};
			buildConfigurationList = A14E12F71AE5470700A1CB95 /* Build configuration list for PBXProject "Teechers App" */;
			compatibilityVersion = "Xcode 3.2";
			developmentRegion = English;
			hasScannedForEncodings = 0;
			knownRegions = (
				en,
				Base,
			);
			mainGroup = A14E12F31AE5470600A1CB95;
			productRefGroup = A14E12FD1AE5470700A1CB95 /* Products */;
			projectDirPath = "";
			projectRoot = "";
			targets = (
				A14E12FB1AE5470700A1CB95 /* Teechers App */,
				A14E131A1AE5470700A1CB95 /* Teechers AppTests */,
			);
		};
/* End PBXProject section */

/* Begin PBXResourcesBuildPhase section */
		A14E12FA1AE5470700A1CB95 /* Resources */ = {
			isa = PBXResourcesBuildPhase;
			buildActionMask = 2147483647;
			files = (
				A14E13111AE5470700A1CB95 /* Main.storyboard in Resources */,
				A14E13161AE5470700A1CB95 /* LaunchScreen.xib in Resources */,
				A14E13131AE5470700A1CB95 /* Images.xcassets in Resources */,
			);
			runOnlyForDeploymentPostprocessing = 0;
		};
		A14E13191AE5470700A1CB95 /* Resources */ = {
			isa = PBXResourcesBuildPhase;
			buildActionMask = 2147483647;
			files = (
			);
			runOnlyForDeploymentPostprocessing = 0;
		};
/* End PBXResourcesBuildPhase section */

/* Begin PBXSourcesBuildPhase section */
		A14E12F81AE5470700A1CB95 /* Sources */ = {
			isa = PBXSourcesBuildPhase;
			buildActionMask = 2147483647;
			files = (
				A14E13361AE5609400A1CB95 /* ClassesData.xcdatamodeld in Sources */,
				A14E132E1AE554AD00A1CB95 /* tchMainMenuVC.m in Sources */,
				A1BDCC3E1AE71F10000B0328 /* StudentSummary.m in Sources */,
				A15D3C871AE87CC6004A6DF1 /* tchClassTabBarVC.m in Sources */,
				A1BDCC411AE71F10000B0328 /* StudentPicture.m in Sources */,
				A1BDCC3B1AE71F10000B0328 /* Student.m in Sources */,
				A1BDCC471AE71F11000B0328 /* ClassDay.m in Sources */,
				A14E130E1AE5470700A1CB95 /* DetailViewController.m in Sources */,
				A14E130B1AE5470700A1CB95 /* MasterViewController.m in Sources */,
				A14E13051AE5470700A1CB95 /* AppDelegate.m in Sources */,
				A1BDCC351AE71F0B000B0328 /* AttendanceRecord.m in Sources */,
				A1BDCC171AE7161D000B0328 /* tchImportConfVC.m in Sources */,
				A1BDCC441AE71F11000B0328 /* AClass.m in Sources */,
				A1BDCC1A1AE716BF000B0328 /* tchClassImporter.m in Sources */,
				A14E13021AE5470700A1CB95 /* main.m in Sources */,
				A1BDCC141AE6AA08000B0328 /* tchImport2VC.m in Sources */,
				A106AF931AE80449001323E5 /* tchClassTableDS.m in Sources */,
				A1BDCC381AE71F10000B0328 /* GradeRecord.m in Sources */,
				A14E133D1AE5A4F000A1CB95 /* tchImport1VC.m in Sources */,
				A1BDCC4A1AE71F12000B0328 /* Evaluation.m in Sources */,
			);
			runOnlyForDeploymentPostprocessing = 0;
		};
		A14E13171AE5470700A1CB95 /* Sources */ = {
			isa = PBXSourcesBuildPhase;
			buildActionMask = 2147483647;
			files = (
				A14E13221AE5470700A1CB95 /* Teechers_AppTests.m in Sources */,
			);
			runOnlyForDeploymentPostprocessing = 0;
		};
/* End PBXSourcesBuildPhase section */

/* Begin PBXTargetDependency section */
		A14E131D1AE5470700A1CB95 /* PBXTargetDependency */ = {
			isa = PBXTargetDependency;
			target = A14E12FB1AE5470700A1CB95 /* Teechers App */;
			targetProxy = A14E131C1AE5470700A1CB95 /* PBXContainerItemProxy */;
		};
/* End PBXTargetDependency section */

/* Begin PBXVariantGroup section */
		A14E130F1AE5470700A1CB95 /* Main.storyboard */ = {
			isa = PBXVariantGroup;
			children = (
				A14E13101AE5470700A1CB95 /* Base */,
			);
			name = Main.storyboard;
			sourceTree = "<group>";
		};
		A14E13141AE5470700A1CB95 /* LaunchScreen.xib */ = {
			isa = PBXVariantGroup;
			children = (
				A14E13151AE5470700A1CB95 /* Base */,
			);
			name = LaunchScreen.xib;
			sourceTree = "<group>";
		};
/* End PBXVariantGroup section */

/* Begin XCBuildConfiguration section */
		A14E13231AE5470700A1CB95 /* Debug */ = {
			isa = XCBuildConfiguration;
			buildSettings = {
				ALWAYS_SEARCH_USER_PATHS = NO;
				CLANG_CXX_LANGUAGE_STANDARD = "gnu++0x";
				CLANG_CXX_LIBRARY = "libc++";
				CLANG_ENABLE_MODULES = YES;
				CLANG_ENABLE_OBJC_ARC = YES;
				CLANG_WARN_BOOL_CONVERSION = YES;
				CLANG_WARN_CONSTANT_CONVERSION = YES;
				CLANG_WARN_DIRECT_OBJC_ISA_USAGE = YES_ERROR;
				CLANG_WARN_EMPTY_BODY = YES;
				CLANG_WARN_ENUM_CONVERSION = YES;
				CLANG_WARN_INT_CONVERSION = YES;
				CLANG_WARN_OBJC_ROOT_CLASS = YES_ERROR;
				CLANG_WARN_UNREACHABLE_CODE = YES;
				CLANG_WARN__DUPLICATE_METHOD_MATCH = YES;
				"CODE_SIGN_IDENTITY[sdk=iphoneos*]" = "iPhone Developer";
				COPY_PHASE_STRIP = NO;
				DEBUG_INFORMATION_FORMAT = "dwarf-with-dsym";
				ENABLE_STRICT_OBJC_MSGSEND = YES;
				GCC_C_LANGUAGE_STANDARD = gnu99;
				GCC_DYNAMIC_NO_PIC = NO;
				GCC_NO_COMMON_BLOCKS = YES;
				GCC_OPTIMIZATION_LEVEL = 0;
				GCC_PREPROCESSOR_DEFINITIONS = (
					"DEBUG=1",
					"$(inherited)",
				);
				GCC_SYMBOLS_PRIVATE_EXTERN = NO;
				GCC_WARN_64_TO_32_BIT_CONVERSION = YES;
				GCC_WARN_ABOUT_RETURN_TYPE = YES_ERROR;
				GCC_WARN_UNDECLARED_SELECTOR = YES;
				GCC_WARN_UNINITIALIZED_AUTOS = YES_AGGRESSIVE;
				GCC_WARN_UNUSED_FUNCTION = YES;
				GCC_WARN_UNUSED_VARIABLE = YES;
				IPHONEOS_DEPLOYMENT_TARGET = 8.3;
				MTL_ENABLE_DEBUG_INFO = YES;
				ONLY_ACTIVE_ARCH = YES;
				SDKROOT = iphoneos;
			};
			name = Debug;
		};
		A14E13241AE5470700A1CB95 /* Release */ = {
			isa = XCBuildConfiguration;
			buildSettings = {
				ALWAYS_SEARCH_USER_PATHS = NO;
				CLANG_CXX_LANGUAGE_STANDARD = "gnu++0x";
				CLANG_CXX_LIBRARY = "libc++";
				CLANG_ENABLE_MODULES = YES;
				CLANG_ENABLE_OBJC_ARC = YES;
				CLANG_WARN_BOOL_CONVERSION = YES;
				CLANG_WARN_CONSTANT_CONVERSION = YES;
				CLANG_WARN_DIRECT_OBJC_ISA_USAGE = YES_ERROR;
				CLANG_WARN_EMPTY_BODY = YES;
				CLANG_WARN_ENUM_CONVERSION = YES;
				CLANG_WARN_INT_CONVERSION = YES;
				CLANG_WARN_OBJC_ROOT_CLASS = YES_ERROR;
				CLANG_WARN_UNREACHABLE_CODE = YES;
				CLANG_WARN__DUPLICATE_METHOD_MATCH = YES;
				"CODE_SIGN_IDENTITY[sdk=iphoneos*]" = "iPhone Developer";
				COPY_PHASE_STRIP = NO;
				DEBUG_INFORMATION_FORMAT = "dwarf-with-dsym";
				ENABLE_NS_ASSERTIONS = NO;
				ENABLE_STRICT_OBJC_MSGSEND = YES;
				GCC_C_LANGUAGE_STANDARD = gnu99;
				GCC_NO_COMMON_BLOCKS = YES;
				GCC_WARN_64_TO_32_BIT_CONVERSION = YES;
				GCC_WARN_ABOUT_RETURN_TYPE = YES_ERROR;
				GCC_WARN_UNDECLARED_SELECTOR = YES;
				GCC_WARN_UNINITIALIZED_AUTOS = YES_AGGRESSIVE;
				GCC_WARN_UNUSED_FUNCTION = YES;
				GCC_WARN_UNUSED_VARIABLE = YES;
				IPHONEOS_DEPLOYMENT_TARGET = 8.3;
				MTL_ENABLE_DEBUG_INFO = NO;
				SDKROOT = iphoneos;
				VALIDATE_PRODUCT = YES;
			};
			name = Release;
		};
		A14E13261AE5470700A1CB95 /* Debug */ = {
			isa = XCBuildConfiguration;
			buildSettings = {
				ASSETCATALOG_COMPILER_APPICON_NAME = AppIcon;
				INFOPLIST_FILE = "Teechers App/Info.plist";
				LD_RUNPATH_SEARCH_PATHS = "$(inherited) @executable_path/Frameworks";
				PRODUCT_NAME = "$(TARGET_NAME)";
			};
			name = Debug;
		};
		A14E13271AE5470700A1CB95 /* Release */ = {
			isa = XCBuildConfiguration;
			buildSettings = {
				ASSETCATALOG_COMPILER_APPICON_NAME = AppIcon;
				INFOPLIST_FILE = "Teechers App/Info.plist";
				LD_RUNPATH_SEARCH_PATHS = "$(inherited) @executable_path/Frameworks";
				PRODUCT_NAME = "$(TARGET_NAME)";
			};
			name = Release;
		};
		A14E13291AE5470700A1CB95 /* Debug */ = {
			isa = XCBuildConfiguration;
			buildSettings = {
				BUNDLE_LOADER = "$(TEST_HOST)";
				FRAMEWORK_SEARCH_PATHS = (
					"$(SDKROOT)/Developer/Library/Frameworks",
					"$(inherited)",
				);
				GCC_PREPROCESSOR_DEFINITIONS = (
					"DEBUG=1",
					"$(inherited)",
				);
				INFOPLIST_FILE = "Teechers AppTests/Info.plist";
				LD_RUNPATH_SEARCH_PATHS = "$(inherited) @executable_path/Frameworks @loader_path/Frameworks";
				PRODUCT_NAME = "$(TARGET_NAME)";
				TEST_HOST = "$(BUILT_PRODUCTS_DIR)/Teechers App.app/Teechers App";
			};
			name = Debug;
		};
		A14E132A1AE5470700A1CB95 /* Release */ = {
			isa = XCBuildConfiguration;
			buildSettings = {
				BUNDLE_LOADER = "$(TEST_HOST)";
				FRAMEWORK_SEARCH_PATHS = (
					"$(SDKROOT)/Developer/Library/Frameworks",
					"$(inherited)",
				);
				INFOPLIST_FILE = "Teechers AppTests/Info.plist";
				LD_RUNPATH_SEARCH_PATHS = "$(inherited) @executable_path/Frameworks @loader_path/Frameworks";
				PRODUCT_NAME = "$(TARGET_NAME)";
				TEST_HOST = "$(BUILT_PRODUCTS_DIR)/Teechers App.app/Teechers App";
			};
			name = Release;
		};
/* End XCBuildConfiguration section */

/* Begin XCConfigurationList section */
		A14E12F71AE5470700A1CB95 /* Build configuration list for PBXProject "Teechers App" */ = {
			isa = XCConfigurationList;
			buildConfigurations = (
				A14E13231AE5470700A1CB95 /* Debug */,
				A14E13241AE5470700A1CB95 /* Release */,
			);
			defaultConfigurationIsVisible = 0;
			defaultConfigurationName = Release;
		};
		A14E13251AE5470700A1CB95 /* Build configuration list for PBXNativeTarget "Teechers App" */ = {
			isa = XCConfigurationList;
			buildConfigurations = (
				A14E13261AE5470700A1CB95 /* Debug */,
				A14E13271AE5470700A1CB95 /* Release */,
			);
			defaultConfigurationIsVisible = 0;
			defaultConfigurationName = Release;
		};
		A14E13281AE5470700A1CB95 /* Build configuration list for PBXNativeTarget "Teechers AppTests" */ = {
			isa = XCConfigurationList;
			buildConfigurations = (
				A14E13291AE5470700A1CB95 /* Debug */,
				A14E132A1AE5470700A1CB95 /* Release */,
			);
			defaultConfigurationIsVisible = 0;
			defaultConfigurationName = Release;
		};
/* End XCConfigurationList section */

/* Begin XCVersionGroup section */
		A14E13341AE5609400A1CB95 /* ClassesData.xcdatamodeld */ = {
			isa = XCVersionGroup;
			children = (
				A14E13351AE5609400A1CB95 /* ClassesData.xcdatamodel */,
			);
			currentVersion = A14E13351AE5609400A1CB95 /* ClassesData.xcdatamodel */;
			name = ClassesData.xcdatamodeld;
			path = Data/ClassesData.xcdatamodeld;
			sourceTree = "<group>";
			versionGroupType = wrapper.xcdatamodel;
		};
/* End XCVersionGroup section */
	};
	rootObject = A14E12F41AE5470600A1CB95 /* Project object */;
}
