// !$*UTF8*$!
{
	archiveVersion = 1;
	classes = {
	};
	objectVersion = 46;
	objects = {

/* Begin PBXBuildFile section */
		A1028AB21AF94A6800315DE5 /* AttendanceRecord+tchAttExt.m in Sources */ = {isa = PBXBuildFile; fileRef = A1028AB11AF94A6800315DE5 /* AttendanceRecord+tchAttExt.m */; };
		A106AF931AE80449001323E5 /* tchClassTableDS.m in Sources */ = {isa = PBXBuildFile; fileRef = A106AF921AE80449001323E5 /* tchClassTableDS.m */; };
		A14CBABE1AF27A2F009F140E /* AClass+tchAClassExt.m in Sources */ = {isa = PBXBuildFile; fileRef = A14CBABD1AF27A2F009F140E /* AClass+tchAClassExt.m */; };
		A14CBACD1AF41679009F140E /* Student+tchStudentsExt.m in Sources */ = {isa = PBXBuildFile; fileRef = A14CBACC1AF41679009F140E /* Student+tchStudentsExt.m */; };
		A14E13021AE5470700A1CB95 /* main.m in Sources */ = {isa = PBXBuildFile; fileRef = A14E13011AE5470700A1CB95 /* main.m */; };
		A14E13051AE5470700A1CB95 /* AppDelegate.m in Sources */ = {isa = PBXBuildFile; fileRef = A14E13041AE5470700A1CB95 /* AppDelegate.m */; };
		A14E130B1AE5470700A1CB95 /* MasterViewController.m in Sources */ = {isa = PBXBuildFile; fileRef = A14E130A1AE5470700A1CB95 /* MasterViewController.m */; };
		A14E130E1AE5470700A1CB95 /* DetailViewController.m in Sources */ = {isa = PBXBuildFile; fileRef = A14E130D1AE5470700A1CB95 /* DetailViewController.m */; };
		A14E13111AE5470700A1CB95 /* Main.storyboard in Resources */ = {isa = PBXBuildFile; fileRef = A14E130F1AE5470700A1CB95 /* Main.storyboard */; };
		A14E13131AE5470700A1CB95 /* Images.xcassets in Resources */ = {isa = PBXBuildFile; fileRef = A14E13121AE5470700A1CB95 /* Images.xcassets */; };
		A14E13161AE5470700A1CB95 /* LaunchScreen.xib in Resources */ = {isa = PBXBuildFile; fileRef = A14E13141AE5470700A1CB95 /* LaunchScreen.xib */; };
		A14E13221AE5470700A1CB95 /* Teechers_AppTests.m in Sources */ = {isa = PBXBuildFile; fileRef = A14E13211AE5470700A1CB95 /* Teechers_AppTests.m */; };
		A14E132E1AE554AD00A1CB95 /* tchMainMenuVC.m in Sources */ = {isa = PBXBuildFile; fileRef = A14E132D1AE554AD00A1CB95 /* tchMainMenuVC.m */; };
		A14E13361AE5609400A1CB95 /* ClassesData.xcdatamodeld in Sources */ = {isa = PBXBuildFile; fileRef = A14E13341AE5609400A1CB95 /* ClassesData.xcdatamodeld */; };
		A14E133D1AE5A4F000A1CB95 /* tchImport1VC.m in Sources */ = {isa = PBXBuildFile; fileRef = A14E133C1AE5A4F000A1CB95 /* tchImport1VC.m */; };
		A1573C7B1B0E42FA00B3AB50 /* tchFormViewController.m in Sources */ = {isa = PBXBuildFile; fileRef = A1573C7A1B0E42FA00B3AB50 /* tchFormViewController.m */; };
		A1573C811B0EA95700B3AB50 /* Evaluation.m in Sources */ = {isa = PBXBuildFile; fileRef = A1573C801B0EA95700B3AB50 /* Evaluation.m */; };
		A15D3C8A1AE961C7004A6DF1 /* tchOneClassTVC.m in Sources */ = {isa = PBXBuildFile; fileRef = A15D3C891AE961C7004A6DF1 /* tchOneClassTVC.m */; };
		A17675441B1BF6410093F7A0 /* tchAttDayCVC.m in Sources */ = {isa = PBXBuildFile; fileRef = A17675121B1BF6400093F7A0 /* tchAttDayCVC.m */; };
		A17675451B1BF6410093F7A0 /* tchAttendanceColumnVC.m in Sources */ = {isa = PBXBuildFile; fileRef = A17675141B1BF6400093F7A0 /* tchAttendanceColumnVC.m */; };
		A17675461B1BF6410093F7A0 /* tchEditDayVC.m in Sources */ = {isa = PBXBuildFile; fileRef = A17675171B1BF6400093F7A0 /* tchEditDayVC.m */; };
		A17675471B1BF6410093F7A0 /* tchAttInputV.m in Sources */ = {isa = PBXBuildFile; fileRef = A176751A1B1BF6400093F7A0 /* tchAttInputV.m */; };
		A17675481B1BF6410093F7A0 /* tchAttendanceColumnsDS.m in Sources */ = {isa = PBXBuildFile; fileRef = A176751C1B1BF6400093F7A0 /* tchAttendanceColumnsDS.m */; };
		A17675491B1BF6410093F7A0 /* tchAttendanceMenu.m in Sources */ = {isa = PBXBuildFile; fileRef = A176751E1B1BF6400093F7A0 /* tchAttendanceMenu.m */; };
		A176754A1B1BF6410093F7A0 /* tchAttendanceVC.m in Sources */ = {isa = PBXBuildFile; fileRef = A17675201B1BF6400093F7A0 /* tchAttendanceVC.m */; };
		A176754B1B1BF6410093F7A0 /* tchAttHeaderDataSource.m in Sources */ = {isa = PBXBuildFile; fileRef = A17675221B1BF6400093F7A0 /* tchAttHeaderDataSource.m */; };
		A176754C1B1BF6410093F7A0 /* tchEvalColumnCell.m in Sources */ = {isa = PBXBuildFile; fileRef = A17675261B1BF6400093F7A0 /* tchEvalColumnCell.m */; };
		A176754D1B1BF6410093F7A0 /* tchEvalHeaderCell.m in Sources */ = {isa = PBXBuildFile; fileRef = A17675281B1BF6400093F7A0 /* tchEvalHeaderCell.m */; };
		A176754E1B1BF6410093F7A0 /* tchEditGrade1VC.m in Sources */ = {isa = PBXBuildFile; fileRef = A176752B1B1BF6400093F7A0 /* tchEditGrade1VC.m */; };
		A176754F1B1BF6410093F7A0 /* tchGradeInputDataSource.m in Sources */ = {isa = PBXBuildFile; fileRef = A176752E1B1BF6400093F7A0 /* tchGradeInputDataSource.m */; };
		A17675501B1BF6410093F7A0 /* tchGradeInputView.m in Sources */ = {isa = PBXBuildFile; fileRef = A17675301B1BF6400093F7A0 /* tchGradeInputView.m */; };
		A17675511B1BF6410093F7A0 /* tchGradesColumnsDS.m in Sources */ = {isa = PBXBuildFile; fileRef = A17675321B1BF6400093F7A0 /* tchGradesColumnsDS.m */; };
		A17675521B1BF6410093F7A0 /* tchGradesHeaderDataSource.m in Sources */ = {isa = PBXBuildFile; fileRef = A17675341B1BF6400093F7A0 /* tchGradesHeaderDataSource.m */; };
		A17675531B1BF6410093F7A0 /* tchGradesMenu.m in Sources */ = {isa = PBXBuildFile; fileRef = A17675361B1BF6400093F7A0 /* tchGradesMenu.m */; };
		A17675541B1BF6410093F7A0 /* tchGradesVC.m in Sources */ = {isa = PBXBuildFile; fileRef = A17675381B1BF6410093F7A0 /* tchGradesVC.m */; };
		A17675551B1BF6410093F7A0 /* tchStudentDeployableTVC.m in Sources */ = {isa = PBXBuildFile; fileRef = A176753B1B1BF6410093F7A0 /* tchStudentDeployableTVC.m */; };
		A17675561B1BF6410093F7A0 /* tchStudentsHeader.m in Sources */ = {isa = PBXBuildFile; fileRef = A176753D1B1BF6410093F7A0 /* tchStudentsHeader.m */; };
		A17675571B1BF6410093F7A0 /* tchStudentsTableDS.m in Sources */ = {isa = PBXBuildFile; fileRef = A176753F1B1BF6410093F7A0 /* tchStudentsTableDS.m */; };
		A17675581B1BF6410093F7A0 /* tchStudentsVC.m in Sources */ = {isa = PBXBuildFile; fileRef = A17675411B1BF6410093F7A0 /* tchStudentsVC.m */; };
		A17675591B1BF6410093F7A0 /* tchClassTabBarVC.m in Sources */ = {isa = PBXBuildFile; fileRef = A17675431B1BF6410093F7A0 /* tchClassTabBarVC.m */; };
		A17675801B1BF6BF0093F7A0 /* tchDropMenuView.m in Sources */ = {isa = PBXBuildFile; fileRef = A176755D1B1BF6BF0093F7A0 /* tchDropMenuView.m */; };
		A17675811B1BF6BF0093F7A0 /* tchColumnCollectionDelegate.m in Sources */ = {isa = PBXBuildFile; fileRef = A17675601B1BF6BF0093F7A0 /* tchColumnCollectionDelegate.m */; };
		A17675821B1BF6BF0093F7A0 /* tchHeaderColumnCollDataSource.m in Sources */ = {isa = PBXBuildFile; fileRef = A17675621B1BF6BF0093F7A0 /* tchHeaderColumnCollDataSource.m */; };
		A17675831B1BF6BF0093F7A0 /* tchHeaderColumnCollection.m in Sources */ = {isa = PBXBuildFile; fileRef = A17675641B1BF6BF0093F7A0 /* tchHeaderColumnCollection.m */; };
		A17675841B1BF6BF0093F7A0 /* tchHeaderView.m in Sources */ = {isa = PBXBuildFile; fileRef = A17675661B1BF6BF0093F7A0 /* tchHeaderView.m */; };
		A17675851B1BF6BF0093F7A0 /* tchListViewController.m in Sources */ = {isa = PBXBuildFile; fileRef = A17675691B1BF6BF0093F7A0 /* tchListViewController.m */; };
		A17675861B1BF6BF0093F7A0 /* tchColumnCollectionDataSource.m in Sources */ = {isa = PBXBuildFile; fileRef = A176756D1B1BF6BF0093F7A0 /* tchColumnCollectionDataSource.m */; };
		A17675871B1BF6BF0093F7A0 /* tchColumnsCollection.m in Sources */ = {isa = PBXBuildFile; fileRef = A176756F1B1BF6BF0093F7A0 /* tchColumnsCollection.m */; };
		A17675881B1BF6BF0093F7A0 /* tchInputCollection.m in Sources */ = {isa = PBXBuildFile; fileRef = A17675721B1BF6BF0093F7A0 /* tchInputCollection.m */; };
		A17675891B1BF6BF0093F7A0 /* tchInputCollectionDelegate.m in Sources */ = {isa = PBXBuildFile; fileRef = A17675741B1BF6BF0093F7A0 /* tchInputCollectionDelegate.m */; };
		A176758A1B1BF6BF0093F7A0 /* tchInputView.m in Sources */ = {isa = PBXBuildFile; fileRef = A17675761B1BF6BF0093F7A0 /* tchInputView.m */; };
		A176758B1B1BF6BF0093F7A0 /* tchAStudentCell.m in Sources */ = {isa = PBXBuildFile; fileRef = A17675791B1BF6BF0093F7A0 /* tchAStudentCell.m */; };
		A176758C1B1BF6BF0093F7A0 /* tchStudentsTableDataSource.m in Sources */ = {isa = PBXBuildFile; fileRef = A176757B1B1BF6BF0093F7A0 /* tchStudentsTableDataSource.m */; };
		A176758D1B1BF6BF0093F7A0 /* tchStudentsTableDelegate.m in Sources */ = {isa = PBXBuildFile; fileRef = A176757D1B1BF6BF0093F7A0 /* tchStudentsTableDelegate.m */; };
		A176758E1B1BF6BF0093F7A0 /* tchStudentsTableView.m in Sources */ = {isa = PBXBuildFile; fileRef = A176757F1B1BF6BF0093F7A0 /* tchStudentsTableView.m */; };
		A1A876DE1B0B83DE001C4D52 /* tchDatePickerField.m in Sources */ = {isa = PBXBuildFile; fileRef = A1A876DB1B0B83DE001C4D52 /* tchDatePickerField.m */; };
		A1A876DF1B0B83DE001C4D52 /* tchStoreCoordinator.m in Sources */ = {isa = PBXBuildFile; fileRef = A1A876DD1B0B83DE001C4D52 /* tchStoreCoordinator.m */; };
		A1B713831AFAD13600A8B094 /* tchCollectionIndexed.m in Sources */ = {isa = PBXBuildFile; fileRef = A1B713821AFAD13600A8B094 /* tchCollectionIndexed.m */; };
		A1BDCC141AE6AA08000B0328 /* tchImport2VC.m in Sources */ = {isa = PBXBuildFile; fileRef = A1BDCC131AE6AA08000B0328 /* tchImport2VC.m */; };
		A1BDCC171AE7161D000B0328 /* tchImportConfVC.m in Sources */ = {isa = PBXBuildFile; fileRef = A1BDCC161AE7161D000B0328 /* tchImportConfVC.m */; };
		A1BDCC1A1AE716BF000B0328 /* tchClassImporter.m in Sources */ = {isa = PBXBuildFile; fileRef = A1BDCC191AE716BF000B0328 /* tchClassImporter.m */; };
		A1BDCC351AE71F0B000B0328 /* AttendanceRecord.m in Sources */ = {isa = PBXBuildFile; fileRef = A1BDCC341AE71F0B000B0328 /* AttendanceRecord.m */; };
		A1BDCC381AE71F10000B0328 /* GradeRecord.m in Sources */ = {isa = PBXBuildFile; fileRef = A1BDCC371AE71F10000B0328 /* GradeRecord.m */; };
		A1BDCC3B1AE71F10000B0328 /* Student.m in Sources */ = {isa = PBXBuildFile; fileRef = A1BDCC3A1AE71F10000B0328 /* Student.m */; };
		A1BDCC3E1AE71F10000B0328 /* StudentSummary.m in Sources */ = {isa = PBXBuildFile; fileRef = A1BDCC3D1AE71F10000B0328 /* StudentSummary.m */; };
		A1BDCC411AE71F10000B0328 /* StudentPicture.m in Sources */ = {isa = PBXBuildFile; fileRef = A1BDCC401AE71F10000B0328 /* StudentPicture.m */; };
		A1BDCC441AE71F11000B0328 /* AClass.m in Sources */ = {isa = PBXBuildFile; fileRef = A1BDCC431AE71F11000B0328 /* AClass.m */; };
		A1BDCC471AE71F11000B0328 /* ClassDay.m in Sources */ = {isa = PBXBuildFile; fileRef = A1BDCC461AE71F11000B0328 /* ClassDay.m */; };
		A1C7A40A1B0F9EF3006837D0 /* tchSimpleCollectionViewCell.m in Sources */ = {isa = PBXBuildFile; fileRef = A1C7A4091B0F9EF3006837D0 /* tchSimpleCollectionViewCell.m */; };
		A1D1A58F1B0A2E0E009245EB /* UIColor+appColorPresets.m in Sources */ = {isa = PBXBuildFile; fileRef = A1D1A58E1B0A2E0E009245EB /* UIColor+appColorPresets.m */; };
/* End PBXBuildFile section */

/* Begin PBXContainerItemProxy section */
		A14E131C1AE5470700A1CB95 /* PBXContainerItemProxy */ = {
			isa = PBXContainerItemProxy;
			containerPortal = A14E12F41AE5470600A1CB95 /* Project object */;
			proxyType = 1;
			remoteGlobalIDString = A14E12FB1AE5470700A1CB95;
			remoteInfo = "Teechers App";
		};
/* End PBXContainerItemProxy section */

/* Begin PBXFileReference section */
		A1028AB01AF94A6800315DE5 /* AttendanceRecord+tchAttExt.h */ = {isa = PBXFileReference; fileEncoding = 4; lastKnownFileType = sourcecode.c.h; name = "AttendanceRecord+tchAttExt.h"; path = "Data/AttendanceRecord+tchAttExt.h"; sourceTree = "<group>"; };
		A1028AB11AF94A6800315DE5 /* AttendanceRecord+tchAttExt.m */ = {isa = PBXFileReference; fileEncoding = 4; lastKnownFileType = sourcecode.c.objc; name = "AttendanceRecord+tchAttExt.m"; path = "Data/AttendanceRecord+tchAttExt.m"; sourceTree = "<group>"; };
		A106AF911AE80449001323E5 /* tchClassTableDS.h */ = {isa = PBXFileReference; fileEncoding = 4; lastKnownFileType = sourcecode.c.h; name = tchClassTableDS.h; path = MainMenu/tchClassTableDS.h; sourceTree = "<group>"; };
		A106AF921AE80449001323E5 /* tchClassTableDS.m */ = {isa = PBXFileReference; fileEncoding = 4; lastKnownFileType = sourcecode.c.objc; name = tchClassTableDS.m; path = MainMenu/tchClassTableDS.m; sourceTree = "<group>"; };
		A14CBABC1AF27A2F009F140E /* AClass+tchAClassExt.h */ = {isa = PBXFileReference; fileEncoding = 4; lastKnownFileType = sourcecode.c.h; name = "AClass+tchAClassExt.h"; path = "Data/AClass+tchAClassExt.h"; sourceTree = "<group>"; };
		A14CBABD1AF27A2F009F140E /* AClass+tchAClassExt.m */ = {isa = PBXFileReference; fileEncoding = 4; lastKnownFileType = sourcecode.c.objc; name = "AClass+tchAClassExt.m"; path = "Data/AClass+tchAClassExt.m"; sourceTree = "<group>"; };
		A14CBACB1AF41679009F140E /* Student+tchStudentsExt.h */ = {isa = PBXFileReference; fileEncoding = 4; lastKnownFileType = sourcecode.c.h; name = "Student+tchStudentsExt.h"; path = "Data/Student+tchStudentsExt.h"; sourceTree = "<group>"; };
		A14CBACC1AF41679009F140E /* Student+tchStudentsExt.m */ = {isa = PBXFileReference; fileEncoding = 4; lastKnownFileType = sourcecode.c.objc; name = "Student+tchStudentsExt.m"; path = "Data/Student+tchStudentsExt.m"; sourceTree = "<group>"; };
		A14E12FC1AE5470700A1CB95 /* Teechers App.app */ = {isa = PBXFileReference; explicitFileType = wrapper.application; includeInIndex = 0; path = "Teechers App.app"; sourceTree = BUILT_PRODUCTS_DIR; };
		A14E13001AE5470700A1CB95 /* Info.plist */ = {isa = PBXFileReference; lastKnownFileType = text.plist.xml; path = Info.plist; sourceTree = "<group>"; };
		A14E13011AE5470700A1CB95 /* main.m */ = {isa = PBXFileReference; lastKnownFileType = sourcecode.c.objc; path = main.m; sourceTree = "<group>"; };
		A14E13031AE5470700A1CB95 /* AppDelegate.h */ = {isa = PBXFileReference; lastKnownFileType = sourcecode.c.h; path = AppDelegate.h; sourceTree = "<group>"; };
		A14E13041AE5470700A1CB95 /* AppDelegate.m */ = {isa = PBXFileReference; lastKnownFileType = sourcecode.c.objc; path = AppDelegate.m; sourceTree = "<group>"; };
		A14E13091AE5470700A1CB95 /* MasterViewController.h */ = {isa = PBXFileReference; lastKnownFileType = sourcecode.c.h; path = MasterViewController.h; sourceTree = "<group>"; };
		A14E130A1AE5470700A1CB95 /* MasterViewController.m */ = {isa = PBXFileReference; lastKnownFileType = sourcecode.c.objc; path = MasterViewController.m; sourceTree = "<group>"; };
		A14E130C1AE5470700A1CB95 /* DetailViewController.h */ = {isa = PBXFileReference; lastKnownFileType = sourcecode.c.h; path = DetailViewController.h; sourceTree = "<group>"; };
		A14E130D1AE5470700A1CB95 /* DetailViewController.m */ = {isa = PBXFileReference; lastKnownFileType = sourcecode.c.objc; path = DetailViewController.m; sourceTree = "<group>"; };
		A14E13101AE5470700A1CB95 /* Base */ = {isa = PBXFileReference; lastKnownFileType = file.storyboard; name = Base; path = Base.lproj/Main.storyboard; sourceTree = "<group>"; };
		A14E13121AE5470700A1CB95 /* Images.xcassets */ = {isa = PBXFileReference; lastKnownFileType = folder.assetcatalog; path = Images.xcassets; sourceTree = "<group>"; };
		A14E13151AE5470700A1CB95 /* Base */ = {isa = PBXFileReference; lastKnownFileType = file.xib; name = Base; path = Base.lproj/LaunchScreen.xib; sourceTree = "<group>"; };
		A14E131B1AE5470700A1CB95 /* Teechers AppTests.xctest */ = {isa = PBXFileReference; explicitFileType = wrapper.cfbundle; includeInIndex = 0; path = "Teechers AppTests.xctest"; sourceTree = BUILT_PRODUCTS_DIR; };
		A14E13201AE5470700A1CB95 /* Info.plist */ = {isa = PBXFileReference; lastKnownFileType = text.plist.xml; path = Info.plist; sourceTree = "<group>"; };
		A14E13211AE5470700A1CB95 /* Teechers_AppTests.m */ = {isa = PBXFileReference; lastKnownFileType = sourcecode.c.objc; path = Teechers_AppTests.m; sourceTree = "<group>"; };
		A14E132C1AE554AD00A1CB95 /* tchMainMenuVC.h */ = {isa = PBXFileReference; fileEncoding = 4; lastKnownFileType = sourcecode.c.h; name = tchMainMenuVC.h; path = MainMenu/tchMainMenuVC.h; sourceTree = "<group>"; };
		A14E132D1AE554AD00A1CB95 /* tchMainMenuVC.m */ = {isa = PBXFileReference; fileEncoding = 4; lastKnownFileType = sourcecode.c.objc; name = tchMainMenuVC.m; path = MainMenu/tchMainMenuVC.m; sourceTree = "<group>"; };
		A14E13351AE5609400A1CB95 /* ClassesData.xcdatamodel */ = {isa = PBXFileReference; lastKnownFileType = wrapper.xcdatamodel; path = ClassesData.xcdatamodel; sourceTree = "<group>"; };
		A14E133B1AE5A4F000A1CB95 /* tchImport1VC.h */ = {isa = PBXFileReference; fileEncoding = 4; lastKnownFileType = sourcecode.c.h; name = tchImport1VC.h; path = ImportSequence/tchImport1VC.h; sourceTree = "<group>"; };
		A14E133C1AE5A4F000A1CB95 /* tchImport1VC.m */ = {isa = PBXFileReference; fileEncoding = 4; lastKnownFileType = sourcecode.c.objc; name = tchImport1VC.m; path = ImportSequence/tchImport1VC.m; sourceTree = "<group>"; };
		A1573C791B0E42FA00B3AB50 /* tchFormViewController.h */ = {isa = PBXFileReference; fileEncoding = 4; lastKnownFileType = sourcecode.c.h; name = tchFormViewController.h; path = "Custom Controls/tchFormViewController.h"; sourceTree = "<group>"; };
		A1573C7A1B0E42FA00B3AB50 /* tchFormViewController.m */ = {isa = PBXFileReference; fileEncoding = 4; lastKnownFileType = sourcecode.c.objc; name = tchFormViewController.m; path = "Custom Controls/tchFormViewController.m"; sourceTree = "<group>"; };
		A1573C7F1B0EA95700B3AB50 /* Evaluation.h */ = {isa = PBXFileReference; fileEncoding = 4; lastKnownFileType = sourcecode.c.h; name = Evaluation.h; path = Data/Evaluation.h; sourceTree = "<group>"; };
		A1573C801B0EA95700B3AB50 /* Evaluation.m */ = {isa = PBXFileReference; fileEncoding = 4; lastKnownFileType = sourcecode.c.objc; name = Evaluation.m; path = Data/Evaluation.m; sourceTree = "<group>"; };
		A15D3C881AE961C7004A6DF1 /* tchOneClassTVC.h */ = {isa = PBXFileReference; fileEncoding = 4; lastKnownFileType = sourcecode.c.h; name = tchOneClassTVC.h; path = MainMenu/tchOneClassTVC.h; sourceTree = "<group>"; };
		A15D3C891AE961C7004A6DF1 /* tchOneClassTVC.m */ = {isa = PBXFileReference; fileEncoding = 4; lastKnownFileType = sourcecode.c.objc; name = tchOneClassTVC.m; path = MainMenu/tchOneClassTVC.m; sourceTree = "<group>"; };
		A17675111B1BF6400093F7A0 /* tchAttDayCVC.h */ = {isa = PBXFileReference; fileEncoding = 4; lastKnownFileType = sourcecode.c.h; path = tchAttDayCVC.h; sourceTree = "<group>"; };
		A17675121B1BF6400093F7A0 /* tchAttDayCVC.m */ = {isa = PBXFileReference; fileEncoding = 4; lastKnownFileType = sourcecode.c.objc; path = tchAttDayCVC.m; sourceTree = "<group>"; };
		A17675131B1BF6400093F7A0 /* tchAttendanceColumnVC.h */ = {isa = PBXFileReference; fileEncoding = 4; lastKnownFileType = sourcecode.c.h; path = tchAttendanceColumnVC.h; sourceTree = "<group>"; };
		A17675141B1BF6400093F7A0 /* tchAttendanceColumnVC.m */ = {isa = PBXFileReference; fileEncoding = 4; lastKnownFileType = sourcecode.c.objc; path = tchAttendanceColumnVC.m; sourceTree = "<group>"; };
		A17675161B1BF6400093F7A0 /* tchEditDayVC.h */ = {isa = PBXFileReference; fileEncoding = 4; lastKnownFileType = sourcecode.c.h; path = tchEditDayVC.h; sourceTree = "<group>"; };
		A17675171B1BF6400093F7A0 /* tchEditDayVC.m */ = {isa = PBXFileReference; fileEncoding = 4; lastKnownFileType = sourcecode.c.objc; path = tchEditDayVC.m; sourceTree = "<group>"; };
		A17675191B1BF6400093F7A0 /* tchAttInputV.h */ = {isa = PBXFileReference; fileEncoding = 4; lastKnownFileType = sourcecode.c.h; path = tchAttInputV.h; sourceTree = "<group>"; };
		A176751A1B1BF6400093F7A0 /* tchAttInputV.m */ = {isa = PBXFileReference; fileEncoding = 4; lastKnownFileType = sourcecode.c.objc; path = tchAttInputV.m; sourceTree = "<group>"; };
		A176751B1B1BF6400093F7A0 /* tchAttendanceColumnsDS.h */ = {isa = PBXFileReference; fileEncoding = 4; lastKnownFileType = sourcecode.c.h; path = tchAttendanceColumnsDS.h; sourceTree = "<group>"; };
		A176751C1B1BF6400093F7A0 /* tchAttendanceColumnsDS.m */ = {isa = PBXFileReference; fileEncoding = 4; lastKnownFileType = sourcecode.c.objc; path = tchAttendanceColumnsDS.m; sourceTree = "<group>"; };
		A176751D1B1BF6400093F7A0 /* tchAttendanceMenu.h */ = {isa = PBXFileReference; fileEncoding = 4; lastKnownFileType = sourcecode.c.h; path = tchAttendanceMenu.h; sourceTree = "<group>"; };
		A176751E1B1BF6400093F7A0 /* tchAttendanceMenu.m */ = {isa = PBXFileReference; fileEncoding = 4; lastKnownFileType = sourcecode.c.objc; path = tchAttendanceMenu.m; sourceTree = "<group>"; };
		A176751F1B1BF6400093F7A0 /* tchAttendanceVC.h */ = {isa = PBXFileReference; fileEncoding = 4; lastKnownFileType = sourcecode.c.h; path = tchAttendanceVC.h; sourceTree = "<group>"; };
		A17675201B1BF6400093F7A0 /* tchAttendanceVC.m */ = {isa = PBXFileReference; fileEncoding = 4; lastKnownFileType = sourcecode.c.objc; path = tchAttendanceVC.m; sourceTree = "<group>"; };
		A17675211B1BF6400093F7A0 /* tchAttHeaderDataSource.h */ = {isa = PBXFileReference; fileEncoding = 4; lastKnownFileType = sourcecode.c.h; path = tchAttHeaderDataSource.h; sourceTree = "<group>"; };
		A17675221B1BF6400093F7A0 /* tchAttHeaderDataSource.m */ = {isa = PBXFileReference; fileEncoding = 4; lastKnownFileType = sourcecode.c.objc; path = tchAttHeaderDataSource.m; sourceTree = "<group>"; };
		A17675251B1BF6400093F7A0 /* tchEvalColumnCell.h */ = {isa = PBXFileReference; fileEncoding = 4; lastKnownFileType = sourcecode.c.h; path = tchEvalColumnCell.h; sourceTree = "<group>"; };
		A17675261B1BF6400093F7A0 /* tchEvalColumnCell.m */ = {isa = PBXFileReference; fileEncoding = 4; lastKnownFileType = sourcecode.c.objc; path = tchEvalColumnCell.m; sourceTree = "<group>"; };
		A17675271B1BF6400093F7A0 /* tchEvalHeaderCell.h */ = {isa = PBXFileReference; fileEncoding = 4; lastKnownFileType = sourcecode.c.h; path = tchEvalHeaderCell.h; sourceTree = "<group>"; };
		A17675281B1BF6400093F7A0 /* tchEvalHeaderCell.m */ = {isa = PBXFileReference; fileEncoding = 4; lastKnownFileType = sourcecode.c.objc; path = tchEvalHeaderCell.m; sourceTree = "<group>"; };
		A176752A1B1BF6400093F7A0 /* tchEditGrade1VC.h */ = {isa = PBXFileReference; fileEncoding = 4; lastKnownFileType = sourcecode.c.h; path = tchEditGrade1VC.h; sourceTree = "<group>"; };
		A176752B1B1BF6400093F7A0 /* tchEditGrade1VC.m */ = {isa = PBXFileReference; fileEncoding = 4; lastKnownFileType = sourcecode.c.objc; path = tchEditGrade1VC.m; sourceTree = "<group>"; };
		A176752D1B1BF6400093F7A0 /* tchGradeInputDataSource.h */ = {isa = PBXFileReference; fileEncoding = 4; lastKnownFileType = sourcecode.c.h; path = tchGradeInputDataSource.h; sourceTree = "<group>"; };
		A176752E1B1BF6400093F7A0 /* tchGradeInputDataSource.m */ = {isa = PBXFileReference; fileEncoding = 4; lastKnownFileType = sourcecode.c.objc; path = tchGradeInputDataSource.m; sourceTree = "<group>"; };
		A176752F1B1BF6400093F7A0 /* tchGradeInputView.h */ = {isa = PBXFileReference; fileEncoding = 4; lastKnownFileType = sourcecode.c.h; path = tchGradeInputView.h; sourceTree = "<group>"; };
		A17675301B1BF6400093F7A0 /* tchGradeInputView.m */ = {isa = PBXFileReference; fileEncoding = 4; lastKnownFileType = sourcecode.c.objc; path = tchGradeInputView.m; sourceTree = "<group>"; };
		A17675311B1BF6400093F7A0 /* tchGradesColumnsDS.h */ = {isa = PBXFileReference; fileEncoding = 4; lastKnownFileType = sourcecode.c.h; path = tchGradesColumnsDS.h; sourceTree = "<group>"; };
		A17675321B1BF6400093F7A0 /* tchGradesColumnsDS.m */ = {isa = PBXFileReference; fileEncoding = 4; lastKnownFileType = sourcecode.c.objc; path = tchGradesColumnsDS.m; sourceTree = "<group>"; };
		A17675331B1BF6400093F7A0 /* tchGradesHeaderDataSource.h */ = {isa = PBXFileReference; fileEncoding = 4; lastKnownFileType = sourcecode.c.h; path = tchGradesHeaderDataSource.h; sourceTree = "<group>"; };
		A17675341B1BF6400093F7A0 /* tchGradesHeaderDataSource.m */ = {isa = PBXFileReference; fileEncoding = 4; lastKnownFileType = sourcecode.c.objc; path = tchGradesHeaderDataSource.m; sourceTree = "<group>"; };
		A17675351B1BF6400093F7A0 /* tchGradesMenu.h */ = {isa = PBXFileReference; fileEncoding = 4; lastKnownFileType = sourcecode.c.h; path = tchGradesMenu.h; sourceTree = "<group>"; };
		A17675361B1BF6400093F7A0 /* tchGradesMenu.m */ = {isa = PBXFileReference; fileEncoding = 4; lastKnownFileType = sourcecode.c.objc; path = tchGradesMenu.m; sourceTree = "<group>"; };
		A17675371B1BF6410093F7A0 /* tchGradesVC.h */ = {isa = PBXFileReference; fileEncoding = 4; lastKnownFileType = sourcecode.c.h; path = tchGradesVC.h; sourceTree = "<group>"; };
		A17675381B1BF6410093F7A0 /* tchGradesVC.m */ = {isa = PBXFileReference; fileEncoding = 4; lastKnownFileType = sourcecode.c.objc; path = tchGradesVC.m; sourceTree = "<group>"; };
		A176753A1B1BF6410093F7A0 /* tchStudentDeployableTVC.h */ = {isa = PBXFileReference; fileEncoding = 4; lastKnownFileType = sourcecode.c.h; path = tchStudentDeployableTVC.h; sourceTree = "<group>"; };
		A176753B1B1BF6410093F7A0 /* tchStudentDeployableTVC.m */ = {isa = PBXFileReference; fileEncoding = 4; lastKnownFileType = sourcecode.c.objc; path = tchStudentDeployableTVC.m; sourceTree = "<group>"; };
		A176753C1B1BF6410093F7A0 /* tchStudentsHeader.h */ = {isa = PBXFileReference; fileEncoding = 4; lastKnownFileType = sourcecode.c.h; path = tchStudentsHeader.h; sourceTree = "<group>"; };
		A176753D1B1BF6410093F7A0 /* tchStudentsHeader.m */ = {isa = PBXFileReference; fileEncoding = 4; lastKnownFileType = sourcecode.c.objc; path = tchStudentsHeader.m; sourceTree = "<group>"; };
		A176753E1B1BF6410093F7A0 /* tchStudentsTableDS.h */ = {isa = PBXFileReference; fileEncoding = 4; lastKnownFileType = sourcecode.c.h; path = tchStudentsTableDS.h; sourceTree = "<group>"; };
		A176753F1B1BF6410093F7A0 /* tchStudentsTableDS.m */ = {isa = PBXFileReference; fileEncoding = 4; lastKnownFileType = sourcecode.c.objc; path = tchStudentsTableDS.m; sourceTree = "<group>"; };
		A17675401B1BF6410093F7A0 /* tchStudentsVC.h */ = {isa = PBXFileReference; fileEncoding = 4; lastKnownFileType = sourcecode.c.h; path = tchStudentsVC.h; sourceTree = "<group>"; };
		A17675411B1BF6410093F7A0 /* tchStudentsVC.m */ = {isa = PBXFileReference; fileEncoding = 4; lastKnownFileType = sourcecode.c.objc; path = tchStudentsVC.m; sourceTree = "<group>"; };
		A17675421B1BF6410093F7A0 /* tchClassTabBarVC.h */ = {isa = PBXFileReference; fileEncoding = 4; lastKnownFileType = sourcecode.c.h; path = tchClassTabBarVC.h; sourceTree = "<group>"; };
		A17675431B1BF6410093F7A0 /* tchClassTabBarVC.m */ = {isa = PBXFileReference; fileEncoding = 4; lastKnownFileType = sourcecode.c.objc; path = tchClassTabBarVC.m; sourceTree = "<group>"; };
		A176755C1B1BF6BF0093F7A0 /* tchDropMenuView.h */ = {isa = PBXFileReference; fileEncoding = 4; lastKnownFileType = sourcecode.c.h; path = tchDropMenuView.h; sourceTree = "<group>"; };
		A176755D1B1BF6BF0093F7A0 /* tchDropMenuView.m */ = {isa = PBXFileReference; fileEncoding = 4; lastKnownFileType = sourcecode.c.objc; path = tchDropMenuView.m; sourceTree = "<group>"; };
		A176755F1B1BF6BF0093F7A0 /* tchColumnCollectionDelegate.h */ = {isa = PBXFileReference; fileEncoding = 4; lastKnownFileType = sourcecode.c.h; path = tchColumnCollectionDelegate.h; sourceTree = "<group>"; };
		A17675601B1BF6BF0093F7A0 /* tchColumnCollectionDelegate.m */ = {isa = PBXFileReference; fileEncoding = 4; lastKnownFileType = sourcecode.c.objc; path = tchColumnCollectionDelegate.m; sourceTree = "<group>"; };
		A17675611B1BF6BF0093F7A0 /* tchHeaderColumnCollDataSource.h */ = {isa = PBXFileReference; fileEncoding = 4; lastKnownFileType = sourcecode.c.h; path = tchHeaderColumnCollDataSource.h; sourceTree = "<group>"; };
		A17675621B1BF6BF0093F7A0 /* tchHeaderColumnCollDataSource.m */ = {isa = PBXFileReference; fileEncoding = 4; lastKnownFileType = sourcecode.c.objc; path = tchHeaderColumnCollDataSource.m; sourceTree = "<group>"; };
		A17675631B1BF6BF0093F7A0 /* tchHeaderColumnCollection.h */ = {isa = PBXFileReference; fileEncoding = 4; lastKnownFileType = sourcecode.c.h; path = tchHeaderColumnCollection.h; sourceTree = "<group>"; };
		A17675641B1BF6BF0093F7A0 /* tchHeaderColumnCollection.m */ = {isa = PBXFileReference; fileEncoding = 4; lastKnownFileType = sourcecode.c.objc; path = tchHeaderColumnCollection.m; sourceTree = "<group>"; };
		A17675651B1BF6BF0093F7A0 /* tchHeaderView.h */ = {isa = PBXFileReference; fileEncoding = 4; lastKnownFileType = sourcecode.c.h; path = tchHeaderView.h; sourceTree = "<group>"; };
		A17675661B1BF6BF0093F7A0 /* tchHeaderView.m */ = {isa = PBXFileReference; fileEncoding = 4; lastKnownFileType = sourcecode.c.objc; path = tchHeaderView.m; sourceTree = "<group>"; };
		A17675681B1BF6BF0093F7A0 /* tchListViewController.h */ = {isa = PBXFileReference; fileEncoding = 4; lastKnownFileType = sourcecode.c.h; path = tchListViewController.h; sourceTree = "<group>"; };
		A17675691B1BF6BF0093F7A0 /* tchListViewController.m */ = {isa = PBXFileReference; fileEncoding = 4; lastKnownFileType = sourcecode.c.objc; path = tchListViewController.m; sourceTree = "<group>"; };
		A176756C1B1BF6BF0093F7A0 /* tchColumnCollectionDataSource.h */ = {isa = PBXFileReference; fileEncoding = 4; lastKnownFileType = sourcecode.c.h; path = tchColumnCollectionDataSource.h; sourceTree = "<group>"; };
		A176756D1B1BF6BF0093F7A0 /* tchColumnCollectionDataSource.m */ = {isa = PBXFileReference; fileEncoding = 4; lastKnownFileType = sourcecode.c.objc; path = tchColumnCollectionDataSource.m; sourceTree = "<group>"; };
		A176756E1B1BF6BF0093F7A0 /* tchColumnsCollection.h */ = {isa = PBXFileReference; fileEncoding = 4; lastKnownFileType = sourcecode.c.h; path = tchColumnsCollection.h; sourceTree = "<group>"; };
		A176756F1B1BF6BF0093F7A0 /* tchColumnsCollection.m */ = {isa = PBXFileReference; fileEncoding = 4; lastKnownFileType = sourcecode.c.objc; path = tchColumnsCollection.m; sourceTree = "<group>"; };
		A17675711B1BF6BF0093F7A0 /* tchInputCollection.h */ = {isa = PBXFileReference; fileEncoding = 4; lastKnownFileType = sourcecode.c.h; path = tchInputCollection.h; sourceTree = "<group>"; };
		A17675721B1BF6BF0093F7A0 /* tchInputCollection.m */ = {isa = PBXFileReference; fileEncoding = 4; lastKnownFileType = sourcecode.c.objc; path = tchInputCollection.m; sourceTree = "<group>"; };
		A17675731B1BF6BF0093F7A0 /* tchInputCollectionDelegate.h */ = {isa = PBXFileReference; fileEncoding = 4; lastKnownFileType = sourcecode.c.h; path = tchInputCollectionDelegate.h; sourceTree = "<group>"; };
		A17675741B1BF6BF0093F7A0 /* tchInputCollectionDelegate.m */ = {isa = PBXFileReference; fileEncoding = 4; lastKnownFileType = sourcecode.c.objc; path = tchInputCollectionDelegate.m; sourceTree = "<group>"; };
		A17675751B1BF6BF0093F7A0 /* tchInputView.h */ = {isa = PBXFileReference; fileEncoding = 4; lastKnownFileType = sourcecode.c.h; path = tchInputView.h; sourceTree = "<group>"; };
		A17675761B1BF6BF0093F7A0 /* tchInputView.m */ = {isa = PBXFileReference; fileEncoding = 4; lastKnownFileType = sourcecode.c.objc; path = tchInputView.m; sourceTree = "<group>"; };
		A17675781B1BF6BF0093F7A0 /* tchAStudentCell.h */ = {isa = PBXFileReference; fileEncoding = 4; lastKnownFileType = sourcecode.c.h; path = tchAStudentCell.h; sourceTree = "<group>"; };
		A17675791B1BF6BF0093F7A0 /* tchAStudentCell.m */ = {isa = PBXFileReference; fileEncoding = 4; lastKnownFileType = sourcecode.c.objc; path = tchAStudentCell.m; sourceTree = "<group>"; };
		A176757A1B1BF6BF0093F7A0 /* tchStudentsTableDataSource.h */ = {isa = PBXFileReference; fileEncoding = 4; lastKnownFileType = sourcecode.c.h; path = tchStudentsTableDataSource.h; sourceTree = "<group>"; };
		A176757B1B1BF6BF0093F7A0 /* tchStudentsTableDataSource.m */ = {isa = PBXFileReference; fileEncoding = 4; lastKnownFileType = sourcecode.c.objc; path = tchStudentsTableDataSource.m; sourceTree = "<group>"; };
		A176757C1B1BF6BF0093F7A0 /* tchStudentsTableDelegate.h */ = {isa = PBXFileReference; fileEncoding = 4; lastKnownFileType = sourcecode.c.h; path = tchStudentsTableDelegate.h; sourceTree = "<group>"; };
		A176757D1B1BF6BF0093F7A0 /* tchStudentsTableDelegate.m */ = {isa = PBXFileReference; fileEncoding = 4; lastKnownFileType = sourcecode.c.objc; path = tchStudentsTableDelegate.m; sourceTree = "<group>"; };
		A176757E1B1BF6BF0093F7A0 /* tchStudentsTableView.h */ = {isa = PBXFileReference; fileEncoding = 4; lastKnownFileType = sourcecode.c.h; path = tchStudentsTableView.h; sourceTree = "<group>"; };
		A176757F1B1BF6BF0093F7A0 /* tchStudentsTableView.m */ = {isa = PBXFileReference; fileEncoding = 4; lastKnownFileType = sourcecode.c.objc; path = tchStudentsTableView.m; sourceTree = "<group>"; };
		A1A876DA1B0B83DE001C4D52 /* tchDatePickerField.h */ = {isa = PBXFileReference; fileEncoding = 4; lastKnownFileType = sourcecode.c.h; name = tchDatePickerField.h; path = "Custom Controls/tchDatePickerField.h"; sourceTree = "<group>"; };
		A1A876DB1B0B83DE001C4D52 /* tchDatePickerField.m */ = {isa = PBXFileReference; fileEncoding = 4; lastKnownFileType = sourcecode.c.objc; name = tchDatePickerField.m; path = "Custom Controls/tchDatePickerField.m"; sourceTree = "<group>"; };
		A1A876DC1B0B83DE001C4D52 /* tchStoreCoordinator.h */ = {isa = PBXFileReference; fileEncoding = 4; lastKnownFileType = sourcecode.c.h; name = tchStoreCoordinator.h; path = "Custom Controls/tchStoreCoordinator.h"; sourceTree = "<group>"; };
		A1A876DD1B0B83DE001C4D52 /* tchStoreCoordinator.m */ = {isa = PBXFileReference; fileEncoding = 4; lastKnownFileType = sourcecode.c.objc; name = tchStoreCoordinator.m; path = "Custom Controls/tchStoreCoordinator.m"; sourceTree = "<group>"; };
		A1B713811AFAD13600A8B094 /* tchCollectionIndexed.h */ = {isa = PBXFileReference; fileEncoding = 4; lastKnownFileType = sourcecode.c.h; name = tchCollectionIndexed.h; path = "Custom Controls/tchCollectionIndexed.h"; sourceTree = "<group>"; };
		A1B713821AFAD13600A8B094 /* tchCollectionIndexed.m */ = {isa = PBXFileReference; fileEncoding = 4; lastKnownFileType = sourcecode.c.objc; name = tchCollectionIndexed.m; path = "Custom Controls/tchCollectionIndexed.m"; sourceTree = "<group>"; };
		A1BDCC121AE6AA08000B0328 /* tchImport2VC.h */ = {isa = PBXFileReference; fileEncoding = 4; lastKnownFileType = sourcecode.c.h; name = tchImport2VC.h; path = ImportSequence/tchImport2VC.h; sourceTree = "<group>"; };
		A1BDCC131AE6AA08000B0328 /* tchImport2VC.m */ = {isa = PBXFileReference; fileEncoding = 4; lastKnownFileType = sourcecode.c.objc; name = tchImport2VC.m; path = ImportSequence/tchImport2VC.m; sourceTree = "<group>"; };
		A1BDCC151AE7161D000B0328 /* tchImportConfVC.h */ = {isa = PBXFileReference; fileEncoding = 4; lastKnownFileType = sourcecode.c.h; name = tchImportConfVC.h; path = ImportSequence/tchImportConfVC.h; sourceTree = "<group>"; };
		A1BDCC161AE7161D000B0328 /* tchImportConfVC.m */ = {isa = PBXFileReference; fileEncoding = 4; lastKnownFileType = sourcecode.c.objc; name = tchImportConfVC.m; path = ImportSequence/tchImportConfVC.m; sourceTree = "<group>"; };
		A1BDCC181AE716BF000B0328 /* tchClassImporter.h */ = {isa = PBXFileReference; fileEncoding = 4; lastKnownFileType = sourcecode.c.h; name = tchClassImporter.h; path = ImportSequence/tchClassImporter.h; sourceTree = "<group>"; };
		A1BDCC191AE716BF000B0328 /* tchClassImporter.m */ = {isa = PBXFileReference; fileEncoding = 4; lastKnownFileType = sourcecode.c.objc; name = tchClassImporter.m; path = ImportSequence/tchClassImporter.m; sourceTree = "<group>"; };
		A1BDCC331AE71F0B000B0328 /* AttendanceRecord.h */ = {isa = PBXFileReference; fileEncoding = 4; lastKnownFileType = sourcecode.c.h; name = AttendanceRecord.h; path = Data/AttendanceRecord.h; sourceTree = "<group>"; };
		A1BDCC341AE71F0B000B0328 /* AttendanceRecord.m */ = {isa = PBXFileReference; fileEncoding = 4; lastKnownFileType = sourcecode.c.objc; name = AttendanceRecord.m; path = Data/AttendanceRecord.m; sourceTree = "<group>"; };
		A1BDCC361AE71F10000B0328 /* GradeRecord.h */ = {isa = PBXFileReference; fileEncoding = 4; lastKnownFileType = sourcecode.c.h; name = GradeRecord.h; path = Data/GradeRecord.h; sourceTree = "<group>"; };
		A1BDCC371AE71F10000B0328 /* GradeRecord.m */ = {isa = PBXFileReference; fileEncoding = 4; lastKnownFileType = sourcecode.c.objc; name = GradeRecord.m; path = Data/GradeRecord.m; sourceTree = "<group>"; };
		A1BDCC391AE71F10000B0328 /* Student.h */ = {isa = PBXFileReference; fileEncoding = 4; lastKnownFileType = sourcecode.c.h; name = Student.h; path = Data/Student.h; sourceTree = "<group>"; };
		A1BDCC3A1AE71F10000B0328 /* Student.m */ = {isa = PBXFileReference; fileEncoding = 4; lastKnownFileType = sourcecode.c.objc; name = Student.m; path = Data/Student.m; sourceTree = "<group>"; };
		A1BDCC3C1AE71F10000B0328 /* StudentSummary.h */ = {isa = PBXFileReference; fileEncoding = 4; lastKnownFileType = sourcecode.c.h; name = StudentSummary.h; path = Data/StudentSummary.h; sourceTree = "<group>"; };
		A1BDCC3D1AE71F10000B0328 /* StudentSummary.m */ = {isa = PBXFileReference; fileEncoding = 4; lastKnownFileType = sourcecode.c.objc; name = StudentSummary.m; path = Data/StudentSummary.m; sourceTree = "<group>"; };
		A1BDCC3F1AE71F10000B0328 /* StudentPicture.h */ = {isa = PBXFileReference; fileEncoding = 4; lastKnownFileType = sourcecode.c.h; name = StudentPicture.h; path = Data/StudentPicture.h; sourceTree = "<group>"; };
		A1BDCC401AE71F10000B0328 /* StudentPicture.m */ = {isa = PBXFileReference; fileEncoding = 4; lastKnownFileType = sourcecode.c.objc; name = StudentPicture.m; path = Data/StudentPicture.m; sourceTree = "<group>"; };
		A1BDCC421AE71F11000B0328 /* AClass.h */ = {isa = PBXFileReference; fileEncoding = 4; lastKnownFileType = sourcecode.c.h; name = AClass.h; path = Data/AClass.h; sourceTree = "<group>"; };
		A1BDCC431AE71F11000B0328 /* AClass.m */ = {isa = PBXFileReference; fileEncoding = 4; lastKnownFileType = sourcecode.c.objc; name = AClass.m; path = Data/AClass.m; sourceTree = "<group>"; };
		A1BDCC451AE71F11000B0328 /* ClassDay.h */ = {isa = PBXFileReference; fileEncoding = 4; lastKnownFileType = sourcecode.c.h; name = ClassDay.h; path = Data/ClassDay.h; sourceTree = "<group>"; };
		A1BDCC461AE71F11000B0328 /* ClassDay.m */ = {isa = PBXFileReference; fileEncoding = 4; lastKnownFileType = sourcecode.c.objc; name = ClassDay.m; path = Data/ClassDay.m; sourceTree = "<group>"; };
		A1C7A4081B0F9EF3006837D0 /* tchSimpleCollectionViewCell.h */ = {isa = PBXFileReference; fileEncoding = 4; lastKnownFileType = sourcecode.c.h; name = tchSimpleCollectionViewCell.h; path = "Custom Controls/tchSimpleCollectionViewCell.h"; sourceTree = "<group>"; };
		A1C7A4091B0F9EF3006837D0 /* tchSimpleCollectionViewCell.m */ = {isa = PBXFileReference; fileEncoding = 4; lastKnownFileType = sourcecode.c.objc; name = tchSimpleCollectionViewCell.m; path = "Custom Controls/tchSimpleCollectionViewCell.m"; sourceTree = "<group>"; };
		A1D1A58D1B0A2E0E009245EB /* UIColor+appColorPresets.h */ = {isa = PBXFileReference; fileEncoding = 4; lastKnownFileType = sourcecode.c.h; name = "UIColor+appColorPresets.h"; path = "Custom Controls/UIColor+appColorPresets.h"; sourceTree = "<group>"; };
		A1D1A58E1B0A2E0E009245EB /* UIColor+appColorPresets.m */ = {isa = PBXFileReference; fileEncoding = 4; lastKnownFileType = sourcecode.c.objc; name = "UIColor+appColorPresets.m"; path = "Custom Controls/UIColor+appColorPresets.m"; sourceTree = "<group>"; };
/* End PBXFileReference section */

/* Begin PBXFrameworksBuildPhase section */
		A14E12F91AE5470700A1CB95 /* Frameworks */ = {
			isa = PBXFrameworksBuildPhase;
			buildActionMask = 2147483647;
			files = (
			);
			runOnlyForDeploymentPostprocessing = 0;
		};
		A14E13181AE5470700A1CB95 /* Frameworks */ = {
			isa = PBXFrameworksBuildPhase;
			buildActionMask = 2147483647;
			files = (
			);
			runOnlyForDeploymentPostprocessing = 0;
		};
/* End PBXFrameworksBuildPhase section */

/* Begin PBXGroup section */
		A14E12F31AE5470600A1CB95 = {
			isa = PBXGroup;
			children = (
				A14E12FE1AE5470700A1CB95 /* Teechers App */,
				A14E131E1AE5470700A1CB95 /* Teechers AppTests */,
				A14E12FD1AE5470700A1CB95 /* Products */,
			);
			sourceTree = "<group>";
		};
		A14E12FD1AE5470700A1CB95 /* Products */ = {
			isa = PBXGroup;
			children = (
				A14E12FC1AE5470700A1CB95 /* Teechers App.app */,
				A14E131B1AE5470700A1CB95 /* Teechers AppTests.xctest */,
			);
			name = Products;
			sourceTree = "<group>";
		};
		A14E12FE1AE5470700A1CB95 /* Teechers App */ = {
			isa = PBXGroup;
			children = (
				A1B713801AFAD10000A8B094 /* Custom Controls */,
				A14E13301AE556C200A1CB95 /* assets_images */,
				A14E13311AE556F100A1CB95 /* data */,
				A14E132B1AE5543900A1CB95 /* MainMenu */,
				A176750E1B1BF6400093F7A0 /* ClassTabs */,
				A14E133A1AE5A49F00A1CB95 /* ImportSequence */,
				A176755A1B1BF6BE0093F7A0 /* Generics */,
				A14E13031AE5470700A1CB95 /* AppDelegate.h */,
				A14E13041AE5470700A1CB95 /* AppDelegate.m */,
				A14E130F1AE5470700A1CB95 /* Main.storyboard */,
				A14E13141AE5470700A1CB95 /* LaunchScreen.xib */,
				A14E132F1AE556B300A1CB95 /* _trash */,
				A14E12FF1AE5470700A1CB95 /* Supporting Files */,
			);
			path = "Teechers App";
			sourceTree = "<group>";
		};
		A14E12FF1AE5470700A1CB95 /* Supporting Files */ = {
			isa = PBXGroup;
			children = (
				A14E13001AE5470700A1CB95 /* Info.plist */,
				A14E13011AE5470700A1CB95 /* main.m */,
			);
			name = "Supporting Files";
			sourceTree = "<group>";
		};
		A14E131E1AE5470700A1CB95 /* Teechers AppTests */ = {
			isa = PBXGroup;
			children = (
				A14E13211AE5470700A1CB95 /* Teechers_AppTests.m */,
				A14E131F1AE5470700A1CB95 /* Supporting Files */,
			);
			path = "Teechers AppTests";
			sourceTree = "<group>";
		};
		A14E131F1AE5470700A1CB95 /* Supporting Files */ = {
			isa = PBXGroup;
			children = (
				A14E13201AE5470700A1CB95 /* Info.plist */,
			);
			name = "Supporting Files";
			sourceTree = "<group>";
		};
		A14E132B1AE5543900A1CB95 /* MainMenu */ = {
			isa = PBXGroup;
			children = (
				A14E132C1AE554AD00A1CB95 /* tchMainMenuVC.h */,
				A14E132D1AE554AD00A1CB95 /* tchMainMenuVC.m */,
				A106AF911AE80449001323E5 /* tchClassTableDS.h */,
				A106AF921AE80449001323E5 /* tchClassTableDS.m */,
				A15D3C881AE961C7004A6DF1 /* tchOneClassTVC.h */,
				A15D3C891AE961C7004A6DF1 /* tchOneClassTVC.m */,
			);
			name = MainMenu;
			sourceTree = "<group>";
		};
		A14E132F1AE556B300A1CB95 /* _trash */ = {
			isa = PBXGroup;
			children = (
				A14E13091AE5470700A1CB95 /* MasterViewController.h */,
				A14E130A1AE5470700A1CB95 /* MasterViewController.m */,
				A14E130C1AE5470700A1CB95 /* DetailViewController.h */,
				A14E130D1AE5470700A1CB95 /* DetailViewController.m */,
			);
			name = _trash;
			sourceTree = "<group>";
		};
		A14E13301AE556C200A1CB95 /* assets_images */ = {
			isa = PBXGroup;
			children = (
				A14E13121AE5470700A1CB95 /* Images.xcassets */,
			);
			name = assets_images;
			sourceTree = "<group>";
		};
		A14E13311AE556F100A1CB95 /* data */ = {
			isa = PBXGroup;
			children = (
				A14E13341AE5609400A1CB95 /* ClassesData.xcdatamodeld */,
				A1BDCC451AE71F11000B0328 /* ClassDay.h */,
				A1BDCC461AE71F11000B0328 /* ClassDay.m */,
				A1BDCC421AE71F11000B0328 /* AClass.h */,
				A1BDCC431AE71F11000B0328 /* AClass.m */,
				A14CBABC1AF27A2F009F140E /* AClass+tchAClassExt.h */,
				A14CBABD1AF27A2F009F140E /* AClass+tchAClassExt.m */,
				A1573C7F1B0EA95700B3AB50 /* Evaluation.h */,
				A1573C801B0EA95700B3AB50 /* Evaluation.m */,
				A14CBACB1AF41679009F140E /* Student+tchStudentsExt.h */,
				A14CBACC1AF41679009F140E /* Student+tchStudentsExt.m */,
				A1BDCC3F1AE71F10000B0328 /* StudentPicture.h */,
				A1BDCC401AE71F10000B0328 /* StudentPicture.m */,
				A1BDCC3C1AE71F10000B0328 /* StudentSummary.h */,
				A1BDCC3D1AE71F10000B0328 /* StudentSummary.m */,
				A1BDCC391AE71F10000B0328 /* Student.h */,
				A1BDCC3A1AE71F10000B0328 /* Student.m */,
				A1BDCC361AE71F10000B0328 /* GradeRecord.h */,
				A1BDCC371AE71F10000B0328 /* GradeRecord.m */,
				A1BDCC331AE71F0B000B0328 /* AttendanceRecord.h */,
				A1BDCC341AE71F0B000B0328 /* AttendanceRecord.m */,
				A1028AB01AF94A6800315DE5 /* AttendanceRecord+tchAttExt.h */,
				A1028AB11AF94A6800315DE5 /* AttendanceRecord+tchAttExt.m */,
			);
			name = data;
			sourceTree = "<group>";
		};
		A14E133A1AE5A49F00A1CB95 /* ImportSequence */ = {
			isa = PBXGroup;
			children = (
				A1BDCC181AE716BF000B0328 /* tchClassImporter.h */,
				A1BDCC191AE716BF000B0328 /* tchClassImporter.m */,
				A14E133B1AE5A4F000A1CB95 /* tchImport1VC.h */,
				A14E133C1AE5A4F000A1CB95 /* tchImport1VC.m */,
				A1BDCC121AE6AA08000B0328 /* tchImport2VC.h */,
				A1BDCC131AE6AA08000B0328 /* tchImport2VC.m */,
				A1BDCC151AE7161D000B0328 /* tchImportConfVC.h */,
				A1BDCC161AE7161D000B0328 /* tchImportConfVC.m */,
			);
			name = ImportSequence;
			sourceTree = "<group>";
		};
		A176750E1B1BF6400093F7A0 /* ClassTabs */ = {
			isa = PBXGroup;
			children = (
				A176750F1B1BF6400093F7A0 /* Attendance */,
				A17675231B1BF6400093F7A0 /* Grades */,
				A17675391B1BF6410093F7A0 /* Students */,
				A17675421B1BF6410093F7A0 /* tchClassTabBarVC.h */,
				A17675431B1BF6410093F7A0 /* tchClassTabBarVC.m */,
			);
			path = ClassTabs;
			sourceTree = "<group>";
		};
		A176750F1B1BF6400093F7A0 /* Attendance */ = {
			isa = PBXGroup;
			children = (
				A17675101B1BF6400093F7A0 /* Cells */,
				A17675151B1BF6400093F7A0 /* Edit */,
				A17675181B1BF6400093F7A0 /* Input */,
				A176751B1B1BF6400093F7A0 /* tchAttendanceColumnsDS.h */,
				A176751C1B1BF6400093F7A0 /* tchAttendanceColumnsDS.m */,
				A176751D1B1BF6400093F7A0 /* tchAttendanceMenu.h */,
				A176751E1B1BF6400093F7A0 /* tchAttendanceMenu.m */,
				A176751F1B1BF6400093F7A0 /* tchAttendanceVC.h */,
				A17675201B1BF6400093F7A0 /* tchAttendanceVC.m */,
				A17675211B1BF6400093F7A0 /* tchAttHeaderDataSource.h */,
				A17675221B1BF6400093F7A0 /* tchAttHeaderDataSource.m */,
			);
			path = Attendance;
			sourceTree = "<group>";
		};
		A17675101B1BF6400093F7A0 /* Cells */ = {
			isa = PBXGroup;
			children = (
				A17675111B1BF6400093F7A0 /* tchAttDayCVC.h */,
				A17675121B1BF6400093F7A0 /* tchAttDayCVC.m */,
				A17675131B1BF6400093F7A0 /* tchAttendanceColumnVC.h */,
				A17675141B1BF6400093F7A0 /* tchAttendanceColumnVC.m */,
			);
			path = Cells;
			sourceTree = "<group>";
		};
		A17675151B1BF6400093F7A0 /* Edit */ = {
			isa = PBXGroup;
			children = (
				A17675161B1BF6400093F7A0 /* tchEditDayVC.h */,
				A17675171B1BF6400093F7A0 /* tchEditDayVC.m */,
			);
			path = Edit;
			sourceTree = "<group>";
		};
		A17675181B1BF6400093F7A0 /* Input */ = {
			isa = PBXGroup;
			children = (
				A17675191B1BF6400093F7A0 /* tchAttInputV.h */,
				A176751A1B1BF6400093F7A0 /* tchAttInputV.m */,
			);
			path = Input;
			sourceTree = "<group>";
		};
		A17675231B1BF6400093F7A0 /* Grades */ = {
			isa = PBXGroup;
			children = (
				A17675241B1BF6400093F7A0 /* Cells */,
				A17675291B1BF6400093F7A0 /* Edit */,
				A176752C1B1BF6400093F7A0 /* Input */,
				A17675311B1BF6400093F7A0 /* tchGradesColumnsDS.h */,
				A17675321B1BF6400093F7A0 /* tchGradesColumnsDS.m */,
				A17675331B1BF6400093F7A0 /* tchGradesHeaderDataSource.h */,
				A17675341B1BF6400093F7A0 /* tchGradesHeaderDataSource.m */,
				A17675351B1BF6400093F7A0 /* tchGradesMenu.h */,
				A17675361B1BF6400093F7A0 /* tchGradesMenu.m */,
				A17675371B1BF6410093F7A0 /* tchGradesVC.h */,
				A17675381B1BF6410093F7A0 /* tchGradesVC.m */,
			);
			path = Grades;
			sourceTree = "<group>";
		};
		A17675241B1BF6400093F7A0 /* Cells */ = {
			isa = PBXGroup;
			children = (
				A17675251B1BF6400093F7A0 /* tchEvalColumnCell.h */,
				A17675261B1BF6400093F7A0 /* tchEvalColumnCell.m */,
				A17675271B1BF6400093F7A0 /* tchEvalHeaderCell.h */,
				A17675281B1BF6400093F7A0 /* tchEvalHeaderCell.m */,
			);
			path = Cells;
			sourceTree = "<group>";
		};
		A17675291B1BF6400093F7A0 /* Edit */ = {
			isa = PBXGroup;
			children = (
				A176752A1B1BF6400093F7A0 /* tchEditGrade1VC.h */,
				A176752B1B1BF6400093F7A0 /* tchEditGrade1VC.m */,
			);
			path = Edit;
			sourceTree = "<group>";
		};
		A176752C1B1BF6400093F7A0 /* Input */ = {
			isa = PBXGroup;
			children = (
				A176752D1B1BF6400093F7A0 /* tchGradeInputDataSource.h */,
				A176752E1B1BF6400093F7A0 /* tchGradeInputDataSource.m */,
				A176752F1B1BF6400093F7A0 /* tchGradeInputView.h */,
				A17675301B1BF6400093F7A0 /* tchGradeInputView.m */,
			);
			path = Input;
			sourceTree = "<group>";
		};
		A17675391B1BF6410093F7A0 /* Students */ = {
			isa = PBXGroup;
			children = (
				A176753A1B1BF6410093F7A0 /* tchStudentDeployableTVC.h */,
				A176753B1B1BF6410093F7A0 /* tchStudentDeployableTVC.m */,
				A176753C1B1BF6410093F7A0 /* tchStudentsHeader.h */,
				A176753D1B1BF6410093F7A0 /* tchStudentsHeader.m */,
				A176753E1B1BF6410093F7A0 /* tchStudentsTableDS.h */,
				A176753F1B1BF6410093F7A0 /* tchStudentsTableDS.m */,
				A17675401B1BF6410093F7A0 /* tchStudentsVC.h */,
				A17675411B1BF6410093F7A0 /* tchStudentsVC.m */,
			);
			path = Students;
			sourceTree = "<group>";
		};
		A176755A1B1BF6BE0093F7A0 /* Generics */ = {
			isa = PBXGroup;
			children = (
				A176755B1B1BF6BF0093F7A0 /* DropMenu */,
				A176755E1B1BF6BF0093F7A0 /* Header */,
				A17675671B1BF6BF0093F7A0 /* List View Controllers */,
				A176756A1B1BF6BF0093F7A0 /* Students Table */,
			);
			path = Generics;
			sourceTree = "<group>";
		};
		A176755B1B1BF6BF0093F7A0 /* DropMenu */ = {
			isa = PBXGroup;
			children = (
				A176755C1B1BF6BF0093F7A0 /* tchDropMenuView.h */,
				A176755D1B1BF6BF0093F7A0 /* tchDropMenuView.m */,
			);
			path = DropMenu;
			sourceTree = "<group>";
		};
		A176755E1B1BF6BF0093F7A0 /* Header */ = {
			isa = PBXGroup;
			children = (
				A176755F1B1BF6BF0093F7A0 /* tchColumnCollectionDelegate.h */,
				A17675601B1BF6BF0093F7A0 /* tchColumnCollectionDelegate.m */,
				A17675611B1BF6BF0093F7A0 /* tchHeaderColumnCollDataSource.h */,
				A17675621B1BF6BF0093F7A0 /* tchHeaderColumnCollDataSource.m */,
				A17675631B1BF6BF0093F7A0 /* tchHeaderColumnCollection.h */,
				A17675641B1BF6BF0093F7A0 /* tchHeaderColumnCollection.m */,
				A17675651B1BF6BF0093F7A0 /* tchHeaderView.h */,
				A17675661B1BF6BF0093F7A0 /* tchHeaderView.m */,
			);
			path = Header;
			sourceTree = "<group>";
		};
		A17675671B1BF6BF0093F7A0 /* List View Controllers */ = {
			isa = PBXGroup;
			children = (
				A17675681B1BF6BF0093F7A0 /* tchListViewController.h */,
				A17675691B1BF6BF0093F7A0 /* tchListViewController.m */,
			);
			path = "List View Controllers";
			sourceTree = "<group>";
		};
		A176756A1B1BF6BF0093F7A0 /* Students Table */ = {
			isa = PBXGroup;
			children = (
				A176756B1B1BF6BF0093F7A0 /* Columns Collection */,
				A17675701B1BF6BF0093F7A0 /* Input Collection */,
				A17675771B1BF6BF0093F7A0 /* Student Cell */,
				A176757A1B1BF6BF0093F7A0 /* tchStudentsTableDataSource.h */,
				A176757B1B1BF6BF0093F7A0 /* tchStudentsTableDataSource.m */,
				A176757C1B1BF6BF0093F7A0 /* tchStudentsTableDelegate.h */,
				A176757D1B1BF6BF0093F7A0 /* tchStudentsTableDelegate.m */,
				A176757E1B1BF6BF0093F7A0 /* tchStudentsTableView.h */,
				A176757F1B1BF6BF0093F7A0 /* tchStudentsTableView.m */,
			);
			path = "Students Table";
			sourceTree = "<group>";
		};
		A176756B1B1BF6BF0093F7A0 /* Columns Collection */ = {
			isa = PBXGroup;
			children = (
				A176756C1B1BF6BF0093F7A0 /* tchColumnCollectionDataSource.h */,
				A176756D1B1BF6BF0093F7A0 /* tchColumnCollectionDataSource.m */,
				A176756E1B1BF6BF0093F7A0 /* tchColumnsCollection.h */,
				A176756F1B1BF6BF0093F7A0 /* tchColumnsCollection.m */,
			);
			path = "Columns Collection";
			sourceTree = "<group>";
		};
		A17675701B1BF6BF0093F7A0 /* Input Collection */ = {
			isa = PBXGroup;
			children = (
				A17675711B1BF6BF0093F7A0 /* tchInputCollection.h */,
				A17675721B1BF6BF0093F7A0 /* tchInputCollection.m */,
				A17675731B1BF6BF0093F7A0 /* tchInputCollectionDelegate.h */,
				A17675741B1BF6BF0093F7A0 /* tchInputCollectionDelegate.m */,
				A17675751B1BF6BF0093F7A0 /* tchInputView.h */,
				A17675761B1BF6BF0093F7A0 /* tchInputView.m */,
			);
			path = "Input Collection";
			sourceTree = "<group>";
		};
		A17675771B1BF6BF0093F7A0 /* Student Cell */ = {
			isa = PBXGroup;
			children = (
				A17675781B1BF6BF0093F7A0 /* tchAStudentCell.h */,
				A17675791B1BF6BF0093F7A0 /* tchAStudentCell.m */,
			);
			path = "Student Cell";
			sourceTree = "<group>";
		};
		A1B713801AFAD10000A8B094 /* Custom Controls */ = {
			isa = PBXGroup;
			children = (
				A1C7A4081B0F9EF3006837D0 /* tchSimpleCollectionViewCell.h */,
				A1C7A4091B0F9EF3006837D0 /* tchSimpleCollectionViewCell.m */,
				A1D1A58D1B0A2E0E009245EB /* UIColor+appColorPresets.h */,
				A1D1A58E1B0A2E0E009245EB /* UIColor+appColorPresets.m */,
				A1573C791B0E42FA00B3AB50 /* tchFormViewController.h */,
				A1573C7A1B0E42FA00B3AB50 /* tchFormViewController.m */,
				A1B713811AFAD13600A8B094 /* tchCollectionIndexed.h */,
				A1B713821AFAD13600A8B094 /* tchCollectionIndexed.m */,
				A1A876DA1B0B83DE001C4D52 /* tchDatePickerField.h */,
				A1A876DB1B0B83DE001C4D52 /* tchDatePickerField.m */,
				A1A876DC1B0B83DE001C4D52 /* tchStoreCoordinator.h */,
				A1A876DD1B0B83DE001C4D52 /* tchStoreCoordinator.m */,
			);
			name = "Custom Controls";
			sourceTree = "<group>";
		};
/* End PBXGroup section */

/* Begin PBXNativeTarget section */
		A14E12FB1AE5470700A1CB95 /* Teechers App */ = {
			isa = PBXNativeTarget;
			buildConfigurationList = A14E13251AE5470700A1CB95 /* Build configuration list for PBXNativeTarget "Teechers App" */;
			buildPhases = (
				A14E12F81AE5470700A1CB95 /* Sources */,
				A14E12F91AE5470700A1CB95 /* Frameworks */,
				A14E12FA1AE5470700A1CB95 /* Resources */,
			);
			buildRules = (
			);
			dependencies = (
			);
			name = "Teechers App";
			productName = "Teechers App";
			productReference = A14E12FC1AE5470700A1CB95 /* Teechers App.app */;
			productType = "com.apple.product-type.application";
		};
		A14E131A1AE5470700A1CB95 /* Teechers AppTests */ = {
			isa = PBXNativeTarget;
			buildConfigurationList = A14E13281AE5470700A1CB95 /* Build configuration list for PBXNativeTarget "Teechers AppTests" */;
			buildPhases = (
				A14E13171AE5470700A1CB95 /* Sources */,
				A14E13181AE5470700A1CB95 /* Frameworks */,
				A14E13191AE5470700A1CB95 /* Resources */,
			);
			buildRules = (
			);
			dependencies = (
				A14E131D1AE5470700A1CB95 /* PBXTargetDependency */,
			);
			name = "Teechers AppTests";
			productName = "Teechers AppTests";
			productReference = A14E131B1AE5470700A1CB95 /* Teechers AppTests.xctest */;
			productType = "com.apple.product-type.bundle.unit-test";
		};
/* End PBXNativeTarget section */

/* Begin PBXProject section */
		A14E12F41AE5470600A1CB95 /* Project object */ = {
			isa = PBXProject;
			attributes = {
				LastUpgradeCheck = 0630;
				ORGANIZATIONNAME = nmr;
				TargetAttributes = {
					A14E12FB1AE5470700A1CB95 = {
						CreatedOnToolsVersion = 6.3;
					};
					A14E131A1AE5470700A1CB95 = {
						CreatedOnToolsVersion = 6.3;
						TestTargetID = A14E12FB1AE5470700A1CB95;
					};
				};
			};
			buildConfigurationList = A14E12F71AE5470700A1CB95 /* Build configuration list for PBXProject "Teechers App" */;
			compatibilityVersion = "Xcode 3.2";
			developmentRegion = English;
			hasScannedForEncodings = 0;
			knownRegions = (
				en,
				Base,
			);
			mainGroup = A14E12F31AE5470600A1CB95;
			productRefGroup = A14E12FD1AE5470700A1CB95 /* Products */;
			projectDirPath = "";
			projectRoot = "";
			targets = (
				A14E12FB1AE5470700A1CB95 /* Teechers App */,
				A14E131A1AE5470700A1CB95 /* Teechers AppTests */,
			);
		};
/* End PBXProject section */

/* Begin PBXResourcesBuildPhase section */
		A14E12FA1AE5470700A1CB95 /* Resources */ = {
			isa = PBXResourcesBuildPhase;
			buildActionMask = 2147483647;
			files = (
				A14E13111AE5470700A1CB95 /* Main.storyboard in Resources */,
				A14E13161AE5470700A1CB95 /* LaunchScreen.xib in Resources */,
				A14E13131AE5470700A1CB95 /* Images.xcassets in Resources */,
			);
			runOnlyForDeploymentPostprocessing = 0;
		};
		A14E13191AE5470700A1CB95 /* Resources */ = {
			isa = PBXResourcesBuildPhase;
			buildActionMask = 2147483647;
			files = (
			);
			runOnlyForDeploymentPostprocessing = 0;
		};
/* End PBXResourcesBuildPhase section */

/* Begin PBXSourcesBuildPhase section */
		A14E12F81AE5470700A1CB95 /* Sources */ = {
			isa = PBXSourcesBuildPhase;
			buildActionMask = 2147483647;
			files = (
				A176754D1B1BF6410093F7A0 /* tchEvalHeaderCell.m in Sources */,
				A17675871B1BF6BF0093F7A0 /* tchColumnsCollection.m in Sources */,
				A176754F1B1BF6410093F7A0 /* tchGradeInputDataSource.m in Sources */,
				A17675831B1BF6BF0093F7A0 /* tchHeaderColumnCollection.m in Sources */,
				A17675551B1BF6410093F7A0 /* tchStudentDeployableTVC.m in Sources */,
				A14CBACD1AF41679009F140E /* Student+tchStudentsExt.m in Sources */,
				A14CBABE1AF27A2F009F140E /* AClass+tchAClassExt.m in Sources */,
				A14E13361AE5609400A1CB95 /* ClassesData.xcdatamodeld in Sources */,
				A176754B1B1BF6410093F7A0 /* tchAttHeaderDataSource.m in Sources */,
				A17675571B1BF6410093F7A0 /* tchStudentsTableDS.m in Sources */,
				A14E132E1AE554AD00A1CB95 /* tchMainMenuVC.m in Sources */,
				A1BDCC3E1AE71F10000B0328 /* StudentSummary.m in Sources */,
				A1BDCC411AE71F10000B0328 /* StudentPicture.m in Sources */,
				A176758C1B1BF6BF0093F7A0 /* tchStudentsTableDataSource.m in Sources */,
				A1BDCC3B1AE71F10000B0328 /* Student.m in Sources */,
				A17675501B1BF6410093F7A0 /* tchGradeInputView.m in Sources */,
				A176754E1B1BF6410093F7A0 /* tchEditGrade1VC.m in Sources */,
				A17675511B1BF6410093F7A0 /* tchGradesColumnsDS.m in Sources */,
				A17675471B1BF6410093F7A0 /* tchAttInputV.m in Sources */,
				A1BDCC471AE71F11000B0328 /* ClassDay.m in Sources */,
				A1A876DF1B0B83DE001C4D52 /* tchStoreCoordinator.m in Sources */,
				A17675801B1BF6BF0093F7A0 /* tchDropMenuView.m in Sources */,
				A14E130E1AE5470700A1CB95 /* DetailViewController.m in Sources */,
				A14E130B1AE5470700A1CB95 /* MasterViewController.m in Sources */,
				A176758B1B1BF6BF0093F7A0 /* tchAStudentCell.m in Sources */,
				A1573C7B1B0E42FA00B3AB50 /* tchFormViewController.m in Sources */,
				A1A876DE1B0B83DE001C4D52 /* tchDatePickerField.m in Sources */,
				A17675541B1BF6410093F7A0 /* tchGradesVC.m in Sources */,
				A1573C811B0EA95700B3AB50 /* Evaluation.m in Sources */,
				A14E13051AE5470700A1CB95 /* AppDelegate.m in Sources */,
				A1BDCC351AE71F0B000B0328 /* AttendanceRecord.m in Sources */,
				A17675481B1BF6410093F7A0 /* tchAttendanceColumnsDS.m in Sources */,
				A17675861B1BF6BF0093F7A0 /* tchColumnCollectionDataSource.m in Sources */,
				A1BDCC171AE7161D000B0328 /* tchImportConfVC.m in Sources */,
				A1BDCC441AE71F11000B0328 /* AClass.m in Sources */,
				A1BDCC1A1AE716BF000B0328 /* tchClassImporter.m in Sources */,
				A17675521B1BF6410093F7A0 /* tchGradesHeaderDataSource.m in Sources */,
				A17675591B1BF6410093F7A0 /* tchClassTabBarVC.m in Sources */,
				A17675451B1BF6410093F7A0 /* tchAttendanceColumnVC.m in Sources */,
				A1028AB21AF94A6800315DE5 /* AttendanceRecord+tchAttExt.m in Sources */,
				A17675851B1BF6BF0093F7A0 /* tchListViewController.m in Sources */,
				A176758A1B1BF6BF0093F7A0 /* tchInputView.m in Sources */,
				A17675531B1BF6410093F7A0 /* tchGradesMenu.m in Sources */,
				A15D3C8A1AE961C7004A6DF1 /* tchOneClassTVC.m in Sources */,
				A1D1A58F1B0A2E0E009245EB /* UIColor+appColorPresets.m in Sources */,
				A1B713831AFAD13600A8B094 /* tchCollectionIndexed.m in Sources */,
				A17675891B1BF6BF0093F7A0 /* tchInputCollectionDelegate.m in Sources */,
				A14E13021AE5470700A1CB95 /* main.m in Sources */,
				A17675461B1BF6410093F7A0 /* tchEditDayVC.m in Sources */,
				A17675841B1BF6BF0093F7A0 /* tchHeaderView.m in Sources */,
				A1C7A40A1B0F9EF3006837D0 /* tchSimpleCollectionViewCell.m in Sources */,
				A17675441B1BF6410093F7A0 /* tchAttDayCVC.m in Sources */,
				A176754A1B1BF6410093F7A0 /* tchAttendanceVC.m in Sources */,
				A176758D1B1BF6BF0093F7A0 /* tchStudentsTableDelegate.m in Sources */,
				A17675811B1BF6BF0093F7A0 /* tchColumnCollectionDelegate.m in Sources */,
				A176754C1B1BF6410093F7A0 /* tchEvalColumnCell.m in Sources */,
				A17675561B1BF6410093F7A0 /* tchStudentsHeader.m in Sources */,
				A1BDCC141AE6AA08000B0328 /* tchImport2VC.m in Sources */,
				A106AF931AE80449001323E5 /* tchClassTableDS.m in Sources */,
				A1BDCC381AE71F10000B0328 /* GradeRecord.m in Sources */,
				A17675881B1BF6BF0093F7A0 /* tchInputCollection.m in Sources */,
				A14E133D1AE5A4F000A1CB95 /* tchImport1VC.m in Sources */,
				A17675581B1BF6410093F7A0 /* tchStudentsVC.m in Sources */,
				A17675491B1BF6410093F7A0 /* tchAttendanceMenu.m in Sources */,
				A176758E1B1BF6BF0093F7A0 /* tchStudentsTableView.m in Sources */,
				A17675821B1BF6BF0093F7A0 /* tchHeaderColumnCollDataSource.m in Sources */,
			);
			runOnlyForDeploymentPostprocessing = 0;
		};
		A14E13171AE5470700A1CB95 /* Sources */ = {
			isa = PBXSourcesBuildPhase;
			buildActionMask = 2147483647;
			files = (
				A14E13221AE5470700A1CB95 /* Teechers_AppTests.m in Sources */,
			);
			runOnlyForDeploymentPostprocessing = 0;
		};
/* End PBXSourcesBuildPhase section */

/* Begin PBXTargetDependency section */
		A14E131D1AE5470700A1CB95 /* PBXTargetDependency */ = {
			isa = PBXTargetDependency;
			target = A14E12FB1AE5470700A1CB95 /* Teechers App */;
			targetProxy = A14E131C1AE5470700A1CB95 /* PBXContainerItemProxy */;
		};
/* End PBXTargetDependency section */

/* Begin PBXVariantGroup section */
		A14E130F1AE5470700A1CB95 /* Main.storyboard */ = {
			isa = PBXVariantGroup;
			children = (
				A14E13101AE5470700A1CB95 /* Base */,
			);
			name = Main.storyboard;
			sourceTree = "<group>";
		};
		A14E13141AE5470700A1CB95 /* LaunchScreen.xib */ = {
			isa = PBXVariantGroup;
			children = (
				A14E13151AE5470700A1CB95 /* Base */,
			);
			name = LaunchScreen.xib;
			sourceTree = "<group>";
		};
/* End PBXVariantGroup section */

/* Begin XCBuildConfiguration section */
		A14E13231AE5470700A1CB95 /* Debug */ = {
			isa = XCBuildConfiguration;
			buildSettings = {
				ALWAYS_SEARCH_USER_PATHS = NO;
				CLANG_CXX_LANGUAGE_STANDARD = "gnu++0x";
				CLANG_CXX_LIBRARY = "libc++";
				CLANG_ENABLE_MODULES = YES;
				CLANG_ENABLE_OBJC_ARC = YES;
				CLANG_WARN_BOOL_CONVERSION = YES;
				CLANG_WARN_CONSTANT_CONVERSION = YES;
				CLANG_WARN_DIRECT_OBJC_ISA_USAGE = YES_ERROR;
				CLANG_WARN_EMPTY_BODY = YES;
				CLANG_WARN_ENUM_CONVERSION = YES;
				CLANG_WARN_INT_CONVERSION = YES;
				CLANG_WARN_OBJC_ROOT_CLASS = YES_ERROR;
				CLANG_WARN_UNREACHABLE_CODE = YES;
				CLANG_WARN__DUPLICATE_METHOD_MATCH = YES;
				"CODE_SIGN_IDENTITY[sdk=iphoneos*]" = "iPhone Developer";
				COPY_PHASE_STRIP = NO;
				DEBUG_INFORMATION_FORMAT = "dwarf-with-dsym";
				ENABLE_STRICT_OBJC_MSGSEND = YES;
				GCC_C_LANGUAGE_STANDARD = gnu99;
				GCC_DYNAMIC_NO_PIC = NO;
				GCC_NO_COMMON_BLOCKS = YES;
				GCC_OPTIMIZATION_LEVEL = 0;
				GCC_PREPROCESSOR_DEFINITIONS = (
					"DEBUG=1",
					"$(inherited)",
				);
				GCC_SYMBOLS_PRIVATE_EXTERN = NO;
				GCC_WARN_64_TO_32_BIT_CONVERSION = YES;
				GCC_WARN_ABOUT_RETURN_TYPE = YES_ERROR;
				GCC_WARN_UNDECLARED_SELECTOR = YES;
				GCC_WARN_UNINITIALIZED_AUTOS = YES_AGGRESSIVE;
				GCC_WARN_UNUSED_FUNCTION = YES;
				GCC_WARN_UNUSED_VARIABLE = YES;
				IPHONEOS_DEPLOYMENT_TARGET = 8.3;
				MTL_ENABLE_DEBUG_INFO = YES;
				ONLY_ACTIVE_ARCH = YES;
				SDKROOT = iphoneos;
			};
			name = Debug;
		};
		A14E13241AE5470700A1CB95 /* Release */ = {
			isa = XCBuildConfiguration;
			buildSettings = {
				ALWAYS_SEARCH_USER_PATHS = NO;
				CLANG_CXX_LANGUAGE_STANDARD = "gnu++0x";
				CLANG_CXX_LIBRARY = "libc++";
				CLANG_ENABLE_MODULES = YES;
				CLANG_ENABLE_OBJC_ARC = YES;
				CLANG_WARN_BOOL_CONVERSION = YES;
				CLANG_WARN_CONSTANT_CONVERSION = YES;
				CLANG_WARN_DIRECT_OBJC_ISA_USAGE = YES_ERROR;
				CLANG_WARN_EMPTY_BODY = YES;
				CLANG_WARN_ENUM_CONVERSION = YES;
				CLANG_WARN_INT_CONVERSION = YES;
				CLANG_WARN_OBJC_ROOT_CLASS = YES_ERROR;
				CLANG_WARN_UNREACHABLE_CODE = YES;
				CLANG_WARN__DUPLICATE_METHOD_MATCH = YES;
				"CODE_SIGN_IDENTITY[sdk=iphoneos*]" = "iPhone Developer";
				COPY_PHASE_STRIP = NO;
				DEBUG_INFORMATION_FORMAT = "dwarf-with-dsym";
				ENABLE_NS_ASSERTIONS = NO;
				ENABLE_STRICT_OBJC_MSGSEND = YES;
				GCC_C_LANGUAGE_STANDARD = gnu99;
				GCC_NO_COMMON_BLOCKS = YES;
				GCC_WARN_64_TO_32_BIT_CONVERSION = YES;
				GCC_WARN_ABOUT_RETURN_TYPE = YES_ERROR;
				GCC_WARN_UNDECLARED_SELECTOR = YES;
				GCC_WARN_UNINITIALIZED_AUTOS = YES_AGGRESSIVE;
				GCC_WARN_UNUSED_FUNCTION = YES;
				GCC_WARN_UNUSED_VARIABLE = YES;
				IPHONEOS_DEPLOYMENT_TARGET = 8.3;
				MTL_ENABLE_DEBUG_INFO = NO;
				SDKROOT = iphoneos;
				VALIDATE_PRODUCT = YES;
			};
			name = Release;
		};
		A14E13261AE5470700A1CB95 /* Debug */ = {
			isa = XCBuildConfiguration;
			buildSettings = {
				ASSETCATALOG_COMPILER_APPICON_NAME = AppIcon;
				INFOPLIST_FILE = "Teechers App/Info.plist";
				LD_RUNPATH_SEARCH_PATHS = "$(inherited) @executable_path/Frameworks";
				PRODUCT_NAME = "$(TARGET_NAME)";
			};
			name = Debug;
		};
		A14E13271AE5470700A1CB95 /* Release */ = {
			isa = XCBuildConfiguration;
			buildSettings = {
				ASSETCATALOG_COMPILER_APPICON_NAME = AppIcon;
				INFOPLIST_FILE = "Teechers App/Info.plist";
				LD_RUNPATH_SEARCH_PATHS = "$(inherited) @executable_path/Frameworks";
				PRODUCT_NAME = "$(TARGET_NAME)";
			};
			name = Release;
		};
		A14E13291AE5470700A1CB95 /* Debug */ = {
			isa = XCBuildConfiguration;
			buildSettings = {
				BUNDLE_LOADER = "$(TEST_HOST)";
				FRAMEWORK_SEARCH_PATHS = (
					"$(SDKROOT)/Developer/Library/Frameworks",
					"$(inherited)",
				);
				GCC_PREPROCESSOR_DEFINITIONS = (
					"DEBUG=1",
					"$(inherited)",
				);
				INFOPLIST_FILE = "Teechers AppTests/Info.plist";
				LD_RUNPATH_SEARCH_PATHS = "$(inherited) @executable_path/Frameworks @loader_path/Frameworks";
				PRODUCT_NAME = "$(TARGET_NAME)";
				TEST_HOST = "$(BUILT_PRODUCTS_DIR)/Teechers App.app/Teechers App";
			};
			name = Debug;
		};
		A14E132A1AE5470700A1CB95 /* Release */ = {
			isa = XCBuildConfiguration;
			buildSettings = {
				BUNDLE_LOADER = "$(TEST_HOST)";
				FRAMEWORK_SEARCH_PATHS = (
					"$(SDKROOT)/Developer/Library/Frameworks",
					"$(inherited)",
				);
				INFOPLIST_FILE = "Teechers AppTests/Info.plist";
				LD_RUNPATH_SEARCH_PATHS = "$(inherited) @executable_path/Frameworks @loader_path/Frameworks";
				PRODUCT_NAME = "$(TARGET_NAME)";
				TEST_HOST = "$(BUILT_PRODUCTS_DIR)/Teechers App.app/Teechers App";
			};
			name = Release;
		};
/* End XCBuildConfiguration section */

/* Begin XCConfigurationList section */
		A14E12F71AE5470700A1CB95 /* Build configuration list for PBXProject "Teechers App" */ = {
			isa = XCConfigurationList;
			buildConfigurations = (
				A14E13231AE5470700A1CB95 /* Debug */,
				A14E13241AE5470700A1CB95 /* Release */,
			);
			defaultConfigurationIsVisible = 0;
			defaultConfigurationName = Release;
		};
		A14E13251AE5470700A1CB95 /* Build configuration list for PBXNativeTarget "Teechers App" */ = {
			isa = XCConfigurationList;
			buildConfigurations = (
				A14E13261AE5470700A1CB95 /* Debug */,
				A14E13271AE5470700A1CB95 /* Release */,
			);
			defaultConfigurationIsVisible = 0;
			defaultConfigurationName = Release;
		};
		A14E13281AE5470700A1CB95 /* Build configuration list for PBXNativeTarget "Teechers AppTests" */ = {
			isa = XCConfigurationList;
			buildConfigurations = (
				A14E13291AE5470700A1CB95 /* Debug */,
				A14E132A1AE5470700A1CB95 /* Release */,
			);
			defaultConfigurationIsVisible = 0;
			defaultConfigurationName = Release;
		};
/* End XCConfigurationList section */

/* Begin XCVersionGroup section */
		A14E13341AE5609400A1CB95 /* ClassesData.xcdatamodeld */ = {
			isa = XCVersionGroup;
			children = (
				A14E13351AE5609400A1CB95 /* ClassesData.xcdatamodel */,
			);
			currentVersion = A14E13351AE5609400A1CB95 /* ClassesData.xcdatamodel */;
			name = ClassesData.xcdatamodeld;
			path = Data/ClassesData.xcdatamodeld;
			sourceTree = "<group>";
			versionGroupType = wrapper.xcdatamodel;
		};
/* End XCVersionGroup section */
	};
	rootObject = A14E12F41AE5470600A1CB95 /* Project object */;
}
